// !$*UTF8*$!
{
	archiveVersion = 1;
	classes = {
	};
	objectVersion = 77;
	objects = {

/* Begin PBXBuildFile section */
		ACF12E072F21CEDF0055C792 /* AppDelegate.swift in Sources */ = {isa = PBXBuildFile; fileRef = ACF12E062F21CEDF0055C792 /* AppDelegate.swift */; };
		ACF12E092F21CEDF0055C792 /* SceneDelegate.swift in Sources */ = {isa = PBXBuildFile; fileRef = ACF12E082F21CEDF0055C792 /* SceneDelegate.swift */; };
		ACF12E0C2F21CEDF0055C792 /* LaunchScreen.storyboard in Resources */ = {isa = PBXBuildFile; fileRef = ACF12E0A2F21CEDF0055C792 /* LaunchScreen.storyboard */; };
		ACF12E0F2F21CEDF0055C792 /* Main.storyboard in Resources */ = {isa = PBXBuildFile; fileRef = ACF12E0D2F21CEDF0055C792 /* Main.storyboard */; };
		ACF12E182F21CEDF0055C792 /* AppDelegate.swift in Sources */ = {isa = PBXBuildFile; fileRef = ACF12E172F21CEDF0055C792 /* AppDelegate.swift */; };
		ACF12E1B2F21CEDF0055C792 /* Main.storyboard in Resources */ = {isa = PBXBuildFile; fileRef = ACF12E192F21CEDF0055C792 /* Main.storyboard */; };
		ACF12E232F21CEDF0055C792 /* Chat with Webpage Extension.appex in Embed Foundation Extensions */ = {isa = PBXBuildFile; fileRef = ACF12E222F21CEDF0055C792 /* Chat with Webpage Extension.appex */; settings = {ATTRIBUTES = (RemoveHeadersOnCopy, ); }; };
		ACF12E2D2F21CEDF0055C792 /* Chat with Webpage Extension.appex in Embed Foundation Extensions */ = {isa = PBXBuildFile; fileRef = ACF12E2C2F21CEDF0055C792 /* Chat with Webpage Extension.appex */; settings = {ATTRIBUTES = (RemoveHeadersOnCopy, ); }; };
		ACF12E332F21CEDF0055C792 /* Main.html in Resources */ = {isa = PBXBuildFile; fileRef = ACF12DF62F21CEDD0055C792 /* Main.html */; };
		ACF12E342F21CEDF0055C792 /* Main.html in Resources */ = {isa = PBXBuildFile; fileRef = ACF12DF62F21CEDD0055C792 /* Main.html */; };
		ACF12E352F21CEDF0055C792 /* Icon.png in Resources */ = {isa = PBXBuildFile; fileRef = ACF12DF82F21CEDD0055C792 /* Icon.png */; };
		ACF12E362F21CEDF0055C792 /* Icon.png in Resources */ = {isa = PBXBuildFile; fileRef = ACF12DF82F21CEDD0055C792 /* Icon.png */; };
		ACF12E372F21CEDF0055C792 /* Style.css in Resources */ = {isa = PBXBuildFile; fileRef = ACF12DF92F21CEDD0055C792 /* Style.css */; };
		ACF12E382F21CEDF0055C792 /* Style.css in Resources */ = {isa = PBXBuildFile; fileRef = ACF12DF92F21CEDD0055C792 /* Style.css */; };
		ACF12E392F21CEDF0055C792 /* Script.js in Resources */ = {isa = PBXBuildFile; fileRef = ACF12DFA2F21CEDD0055C792 /* Script.js */; };
		ACF12E3A2F21CEDF0055C792 /* Script.js in Resources */ = {isa = PBXBuildFile; fileRef = ACF12DFA2F21CEDD0055C792 /* Script.js */; };
		ACF12E3B2F21CEDF0055C792 /* ViewController.swift in Sources */ = {isa = PBXBuildFile; fileRef = ACF12DFB2F21CEDD0055C792 /* ViewController.swift */; };
		ACF12E3C2F21CEDF0055C792 /* ViewController.swift in Sources */ = {isa = PBXBuildFile; fileRef = ACF12DFB2F21CEDD0055C792 /* ViewController.swift */; };
		ACF12E3D2F21CEDF0055C792 /* Assets.xcassets in Resources */ = {isa = PBXBuildFile; fileRef = ACF12DFC2F21CEDF0055C792 /* Assets.xcassets */; };
		ACF12E3E2F21CEDF0055C792 /* Assets.xcassets in Resources */ = {isa = PBXBuildFile; fileRef = ACF12DFC2F21CEDF0055C792 /* Assets.xcassets */; };
		ACF12E3F2F21CEDF0055C792 /* SafariWebExtensionHandler.swift in Sources */ = {isa = PBXBuildFile; fileRef = ACF12DFE2F21CEDF0055C792 /* SafariWebExtensionHandler.swift */; };
		ACF12E402F21CEDF0055C792 /* SafariWebExtensionHandler.swift in Sources */ = {isa = PBXBuildFile; fileRef = ACF12DFE2F21CEDF0055C792 /* SafariWebExtensionHandler.swift */; };
		ACF12E5D2F21CEDF0055C792 /* offscreen.html in Resources */ = {isa = PBXBuildFile; fileRef = ACF12E522F21CEDF0055C792 /* offscreen.html */; };
		ACF12E5E2F21CEDF0055C792 /* dist in Resources */ = {isa = PBXBuildFile; fileRef = ACF12E532F21CEDF0055C792 /* dist */; };
		ACF12E5F2F21CEDF0055C792 /* popup.html in Resources */ = {isa = PBXBuildFile; fileRef = ACF12E542F21CEDF0055C792 /* popup.html */; };
		ACF12E602F21CEDF0055C792 /* node_modules in Resources */ = {isa = PBXBuildFile; fileRef = ACF12E552F21CEDF0055C792 /* node_modules */; };
		ACF12E612F21CEDF0055C792 /* package.json in Resources */ = {isa = PBXBuildFile; fileRef = ACF12E562F21CEDF0055C792 /* package.json */; };
		ACF12E622F21CEDF0055C792 /* icons in Resources */ = {isa = PBXBuildFile; fileRef = ACF12E582F21CEDF0055C792 /* icons */; };
		ACF12E632F21CEDF0055C792 /* manifest.json in Resources */ = {isa = PBXBuildFile; fileRef = ACF12E592F21CEDF0055C792 /* manifest.json */; };
		ACF12E642F21CEDF0055C792 /* tsconfig.json in Resources */ = {isa = PBXBuildFile; fileRef = ACF12E5A2F21CEDF0055C792 /* tsconfig.json */; };
		ACF12E652F21CEDF0055C792 /* popup.css in Resources */ = {isa = PBXBuildFile; fileRef = ACF12E5B2F21CEDF0055C792 /* popup.css */; };
		ACF12E662F21CEDF0055C792 /* src in Resources */ = {isa = PBXBuildFile; fileRef = ACF12E5C2F21CEDF0055C792 /* src */; };
		ACF12E672F21CEDF0055C792 /* offscreen.html in Resources */ = {isa = PBXBuildFile; fileRef = ACF12E522F21CEDF0055C792 /* offscreen.html */; };
		ACF12E682F21CEDF0055C792 /* dist in Resources */ = {isa = PBXBuildFile; fileRef = ACF12E532F21CEDF0055C792 /* dist */; };
		ACF12E692F21CEDF0055C792 /* popup.html in Resources */ = {isa = PBXBuildFile; fileRef = ACF12E542F21CEDF0055C792 /* popup.html */; };
		ACF12E6A2F21CEDF0055C792 /* node_modules in Resources */ = {isa = PBXBuildFile; fileRef = ACF12E552F21CEDF0055C792 /* node_modules */; };
		ACF12E6B2F21CEDF0055C792 /* package.json in Resources */ = {isa = PBXBuildFile; fileRef = ACF12E562F21CEDF0055C792 /* package.json */; };
		ACF12E6C2F21CEDF0055C792 /* icons in Resources */ = {isa = PBXBuildFile; fileRef = ACF12E582F21CEDF0055C792 /* icons */; };
		ACF12E6D2F21CEDF0055C792 /* manifest.json in Resources */ = {isa = PBXBuildFile; fileRef = ACF12E592F21CEDF0055C792 /* manifest.json */; };
		ACF12E6E2F21CEDF0055C792 /* tsconfig.json in Resources */ = {isa = PBXBuildFile; fileRef = ACF12E5A2F21CEDF0055C792 /* tsconfig.json */; };
		ACF12E6F2F21CEDF0055C792 /* popup.css in Resources */ = {isa = PBXBuildFile; fileRef = ACF12E5B2F21CEDF0055C792 /* popup.css */; };
		ACF12E702F21CEDF0055C792 /* src in Resources */ = {isa = PBXBuildFile; fileRef = ACF12E5C2F21CEDF0055C792 /* src */; };
/* End PBXBuildFile section */

/* Begin PBXContainerItemProxy section */
		ACF12E242F21CEDF0055C792 /* PBXContainerItemProxy */ = {
			isa = PBXContainerItemProxy;
			containerPortal = ACF12DF02F21CEDD0055C792 /* Project object */;
			proxyType = 1;
			remoteGlobalIDString = ACF12E212F21CEDF0055C792;
			remoteInfo = "Chat with Webpage Extension (iOS)";
		};
		ACF12E2E2F21CEDF0055C792 /* PBXContainerItemProxy */ = {
			isa = PBXContainerItemProxy;
			containerPortal = ACF12DF02F21CEDD0055C792 /* Project object */;
			proxyType = 1;
			remoteGlobalIDString = ACF12E2B2F21CEDF0055C792;
			remoteInfo = "Chat with Webpage Extension (macOS)";
		};
/* End PBXContainerItemProxy section */

/* Begin PBXCopyFilesBuildPhase section */
		ACF12E462F21CEDF0055C792 /* Embed Foundation Extensions */ = {
			isa = PBXCopyFilesBuildPhase;
			buildActionMask = 2147483647;
			dstPath = "";
			dstSubfolderSpec = 13;
			files = (
				ACF12E232F21CEDF0055C792 /* Chat with Webpage Extension.appex in Embed Foundation Extensions */,
			);
			name = "Embed Foundation Extensions";
			runOnlyForDeploymentPostprocessing = 0;
		};
		ACF12E4D2F21CEDF0055C792 /* Embed Foundation Extensions */ = {
			isa = PBXCopyFilesBuildPhase;
			buildActionMask = 2147483647;
			dstPath = "";
			dstSubfolderSpec = 13;
			files = (
				ACF12E2D2F21CEDF0055C792 /* Chat with Webpage Extension.appex in Embed Foundation Extensions */,
			);
			name = "Embed Foundation Extensions";
			runOnlyForDeploymentPostprocessing = 0;
		};
/* End PBXCopyFilesBuildPhase section */

/* Begin PBXFileReference section */
		ACF12DF72F21CEDD0055C792 /* Base */ = {isa = PBXFileReference; lastKnownFileType = text.html; name = Base; path = Base.lproj/Main.html; sourceTree = "<group>"; };
		ACF12DF82F21CEDD0055C792 /* Icon.png */ = {isa = PBXFileReference; lastKnownFileType = image.png; path = Icon.png; sourceTree = "<group>"; };
		ACF12DF92F21CEDD0055C792 /* Style.css */ = {isa = PBXFileReference; lastKnownFileType = text.css; path = Style.css; sourceTree = "<group>"; };
		ACF12DFA2F21CEDD0055C792 /* Script.js */ = {isa = PBXFileReference; lastKnownFileType = sourcecode.javascript; path = Script.js; sourceTree = "<group>"; };
		ACF12DFB2F21CEDD0055C792 /* ViewController.swift */ = {isa = PBXFileReference; lastKnownFileType = sourcecode.swift; path = ViewController.swift; sourceTree = "<group>"; };
		ACF12DFC2F21CEDF0055C792 /* Assets.xcassets */ = {isa = PBXFileReference; lastKnownFileType = folder.assetcatalog; path = Assets.xcassets; sourceTree = "<group>"; };
		ACF12DFE2F21CEDF0055C792 /* SafariWebExtensionHandler.swift */ = {isa = PBXFileReference; lastKnownFileType = sourcecode.swift; path = SafariWebExtensionHandler.swift; sourceTree = "<group>"; };
		ACF12E032F21CEDF0055C792 /* Chat with Webpage.app */ = {isa = PBXFileReference; explicitFileType = wrapper.application; includeInIndex = 0; path = "Chat with Webpage.app"; sourceTree = BUILT_PRODUCTS_DIR; };
		ACF12E062F21CEDF0055C792 /* AppDelegate.swift */ = {isa = PBXFileReference; lastKnownFileType = sourcecode.swift; path = AppDelegate.swift; sourceTree = "<group>"; };
		ACF12E082F21CEDF0055C792 /* SceneDelegate.swift */ = {isa = PBXFileReference; lastKnownFileType = sourcecode.swift; path = SceneDelegate.swift; sourceTree = "<group>"; };
		ACF12E0B2F21CEDF0055C792 /* Base */ = {isa = PBXFileReference; lastKnownFileType = file.storyboard; name = Base; path = Base.lproj/LaunchScreen.storyboard; sourceTree = "<group>"; };
		ACF12E0E2F21CEDF0055C792 /* Base */ = {isa = PBXFileReference; lastKnownFileType = file.storyboard; name = Base; path = Base.lproj/Main.storyboard; sourceTree = "<group>"; };
		ACF12E102F21CEDF0055C792 /* Info.plist */ = {isa = PBXFileReference; lastKnownFileType = text.plist.xml; path = Info.plist; sourceTree = "<group>"; };
		ACF12E152F21CEDF0055C792 /* Chat with Webpage.app */ = {isa = PBXFileReference; explicitFileType = wrapper.application; includeInIndex = 0; path = "Chat with Webpage.app"; sourceTree = BUILT_PRODUCTS_DIR; };
		ACF12E172F21CEDF0055C792 /* AppDelegate.swift */ = {isa = PBXFileReference; lastKnownFileType = sourcecode.swift; path = AppDelegate.swift; sourceTree = "<group>"; };
		ACF12E1A2F21CEDF0055C792 /* Base */ = {isa = PBXFileReference; lastKnownFileType = file.storyboard; name = Base; path = Base.lproj/Main.storyboard; sourceTree = "<group>"; };
		ACF12E1C2F21CEDF0055C792 /* Info.plist */ = {isa = PBXFileReference; lastKnownFileType = text.plist.xml; path = Info.plist; sourceTree = "<group>"; };
		ACF12E1D2F21CEDF0055C792 /* Chat with Webpage.entitlements */ = {isa = PBXFileReference; lastKnownFileType = text.plist.entitlements; path = "Chat with Webpage.entitlements"; sourceTree = "<group>"; };
		ACF12E222F21CEDF0055C792 /* Chat with Webpage Extension.appex */ = {isa = PBXFileReference; explicitFileType = "wrapper.app-extension"; includeInIndex = 0; path = "Chat with Webpage Extension.appex"; sourceTree = BUILT_PRODUCTS_DIR; };
		ACF12E272F21CEDF0055C792 /* Info.plist */ = {isa = PBXFileReference; lastKnownFileType = text.plist.xml; path = Info.plist; sourceTree = "<group>"; };
		ACF12E2C2F21CEDF0055C792 /* Chat with Webpage Extension.appex */ = {isa = PBXFileReference; explicitFileType = "wrapper.app-extension"; includeInIndex = 0; path = "Chat with Webpage Extension.appex"; sourceTree = BUILT_PRODUCTS_DIR; };
		ACF12E312F21CEDF0055C792 /* Info.plist */ = {isa = PBXFileReference; lastKnownFileType = text.plist.xml; path = Info.plist; sourceTree = "<group>"; };
		ACF12E322F21CEDF0055C792 /* Chat with Webpage.entitlements */ = {isa = PBXFileReference; lastKnownFileType = text.plist.entitlements; path = "Chat with Webpage.entitlements"; sourceTree = "<group>"; };
		ACF12E522F21CEDF0055C792 /* offscreen.html */ = {isa = PBXFileReference; lastKnownFileType = text.html; name = offscreen.html; path = ../../../chrome/offscreen.html; sourceTree = "<group>"; };
		ACF12E532F21CEDF0055C792 /* dist */ = {isa = PBXFileReference; lastKnownFileType = folder; name = dist; path = ../../../chrome/dist; sourceTree = "<group>"; };
		ACF12E542F21CEDF0055C792 /* popup.html */ = {isa = PBXFileReference; lastKnownFileType = text.html; name = popup.html; path = ../../../chrome/popup.html; sourceTree = "<group>"; };
		ACF12E552F21CEDF0055C792 /* node_modules */ = {isa = PBXFileReference; lastKnownFileType = folder; name = node_modules; path = ../../../chrome/node_modules; sourceTree = "<group>"; };
		ACF12E562F21CEDF0055C792 /* package.json */ = {isa = PBXFileReference; lastKnownFileType = text.json; name = package.json; path = ../../../chrome/package.json; sourceTree = "<group>"; };
		ACF12E572F21CEDF0055C792 /* tsup.config.ts */ = {isa = PBXFileReference; lastKnownFileType = sourcecode.typescript; name = tsup.config.ts; path = ../../../chrome/tsup.config.ts; sourceTree = "<group>"; };
		ACF12E582F21CEDF0055C792 /* icons */ = {isa = PBXFileReference; lastKnownFileType = folder; name = icons; path = ../../../chrome/icons; sourceTree = "<group>"; };
		ACF12E592F21CEDF0055C792 /* manifest.json */ = {isa = PBXFileReference; lastKnownFileType = text.json; name = manifest.json; path = ../../../chrome/manifest.json; sourceTree = "<group>"; };
		ACF12E5A2F21CEDF0055C792 /* tsconfig.json */ = {isa = PBXFileReference; lastKnownFileType = text.json; name = tsconfig.json; path = ../../../chrome/tsconfig.json; sourceTree = "<group>"; };
		ACF12E5B2F21CEDF0055C792 /* popup.css */ = {isa = PBXFileReference; lastKnownFileType = text.css; name = popup.css; path = ../../../chrome/popup.css; sourceTree = "<group>"; };
		ACF12E5C2F21CEDF0055C792 /* src */ = {isa = PBXFileReference; lastKnownFileType = folder; name = src; path = ../../../chrome/src; sourceTree = "<group>"; };
/* End PBXFileReference section */

/* Begin PBXFrameworksBuildPhase section */
		ACF12E002F21CEDF0055C792 /* Frameworks */ = {
			isa = PBXFrameworksBuildPhase;
			buildActionMask = 2147483647;
			files = (
			);
			runOnlyForDeploymentPostprocessing = 0;
		};
		ACF12E122F21CEDF0055C792 /* Frameworks */ = {
			isa = PBXFrameworksBuildPhase;
			buildActionMask = 2147483647;
			files = (
			);
			runOnlyForDeploymentPostprocessing = 0;
		};
		ACF12E1F2F21CEDF0055C792 /* Frameworks */ = {
			isa = PBXFrameworksBuildPhase;
			buildActionMask = 2147483647;
			files = (
			);
			runOnlyForDeploymentPostprocessing = 0;
		};
		ACF12E292F21CEDF0055C792 /* Frameworks */ = {
			isa = PBXFrameworksBuildPhase;
			buildActionMask = 2147483647;
			files = (
			);
			runOnlyForDeploymentPostprocessing = 0;
		};
/* End PBXFrameworksBuildPhase section */

/* Begin PBXGroup section */
		ACF12DEF2F21CEDD0055C792 = {
			isa = PBXGroup;
			children = (
				ACF12DF42F21CEDD0055C792 /* Shared (App) */,
				ACF12DFD2F21CEDF0055C792 /* Shared (Extension) */,
				ACF12E052F21CEDF0055C792 /* iOS (App) */,
				ACF12E162F21CEDF0055C792 /* macOS (App) */,
				ACF12E262F21CEDF0055C792 /* iOS (Extension) */,
				ACF12E302F21CEDF0055C792 /* macOS (Extension) */,
				ACF12E042F21CEDF0055C792 /* Products */,
			);
			sourceTree = "<group>";
		};
		ACF12DF42F21CEDD0055C792 /* Shared (App) */ = {
			isa = PBXGroup;
			children = (
				ACF12DFB2F21CEDD0055C792 /* ViewController.swift */,
				ACF12DFC2F21CEDF0055C792 /* Assets.xcassets */,
				ACF12DF52F21CEDD0055C792 /* Resources */,
			);
			path = "Shared (App)";
			sourceTree = "<group>";
		};
		ACF12DF52F21CEDD0055C792 /* Resources */ = {
			isa = PBXGroup;
			children = (
				ACF12DF62F21CEDD0055C792 /* Main.html */,
				ACF12DF82F21CEDD0055C792 /* Icon.png */,
				ACF12DF92F21CEDD0055C792 /* Style.css */,
				ACF12DFA2F21CEDD0055C792 /* Script.js */,
			);
			path = Resources;
			sourceTree = "<group>";
		};
		ACF12DFD2F21CEDF0055C792 /* Shared (Extension) */ = {
			isa = PBXGroup;
			children = (
				ACF12E512F21CEDF0055C792 /* Resources */,
				ACF12DFE2F21CEDF0055C792 /* SafariWebExtensionHandler.swift */,
			);
			path = "Shared (Extension)";
			sourceTree = "<group>";
		};
		ACF12E042F21CEDF0055C792 /* Products */ = {
			isa = PBXGroup;
			children = (
				ACF12E032F21CEDF0055C792 /* Chat with Webpage.app */,
				ACF12E152F21CEDF0055C792 /* Chat with Webpage.app */,
				ACF12E222F21CEDF0055C792 /* Chat with Webpage Extension.appex */,
				ACF12E2C2F21CEDF0055C792 /* Chat with Webpage Extension.appex */,
			);
			name = Products;
			sourceTree = "<group>";
		};
		ACF12E052F21CEDF0055C792 /* iOS (App) */ = {
			isa = PBXGroup;
			children = (
				ACF12E062F21CEDF0055C792 /* AppDelegate.swift */,
				ACF12E082F21CEDF0055C792 /* SceneDelegate.swift */,
				ACF12E0A2F21CEDF0055C792 /* LaunchScreen.storyboard */,
				ACF12E0D2F21CEDF0055C792 /* Main.storyboard */,
				ACF12E102F21CEDF0055C792 /* Info.plist */,
			);
			path = "iOS (App)";
			sourceTree = "<group>";
		};
		ACF12E162F21CEDF0055C792 /* macOS (App) */ = {
			isa = PBXGroup;
			children = (
				ACF12E172F21CEDF0055C792 /* AppDelegate.swift */,
				ACF12E192F21CEDF0055C792 /* Main.storyboard */,
				ACF12E1C2F21CEDF0055C792 /* Info.plist */,
				ACF12E1D2F21CEDF0055C792 /* Chat with Webpage.entitlements */,
			);
			path = "macOS (App)";
			sourceTree = "<group>";
		};
		ACF12E262F21CEDF0055C792 /* iOS (Extension) */ = {
			isa = PBXGroup;
			children = (
				ACF12E272F21CEDF0055C792 /* Info.plist */,
			);
			path = "iOS (Extension)";
			sourceTree = "<group>";
		};
		ACF12E302F21CEDF0055C792 /* macOS (Extension) */ = {
			isa = PBXGroup;
			children = (
				ACF12E312F21CEDF0055C792 /* Info.plist */,
				ACF12E322F21CEDF0055C792 /* Chat with Webpage.entitlements */,
			);
			path = "macOS (Extension)";
			sourceTree = "<group>";
		};
		ACF12E512F21CEDF0055C792 /* Resources */ = {
			isa = PBXGroup;
			children = (
				ACF12E522F21CEDF0055C792 /* offscreen.html */,
				ACF12E532F21CEDF0055C792 /* dist */,
				ACF12E542F21CEDF0055C792 /* popup.html */,
				ACF12E552F21CEDF0055C792 /* node_modules */,
				ACF12E562F21CEDF0055C792 /* package.json */,
				ACF12E572F21CEDF0055C792 /* tsup.config.ts */,
				ACF12E582F21CEDF0055C792 /* icons */,
				ACF12E592F21CEDF0055C792 /* manifest.json */,
				ACF12E5A2F21CEDF0055C792 /* tsconfig.json */,
				ACF12E5B2F21CEDF0055C792 /* popup.css */,
				ACF12E5C2F21CEDF0055C792 /* src */,
			);
			name = Resources;
			path = "Shared (Extension)";
			sourceTree = SOURCE_ROOT;
		};
/* End PBXGroup section */

/* Begin PBXNativeTarget section */
		ACF12E022F21CEDF0055C792 /* Chat with Webpage (iOS) */ = {
			isa = PBXNativeTarget;
			buildConfigurationList = ACF12E472F21CEDF0055C792 /* Build configuration list for PBXNativeTarget "Chat with Webpage (iOS)" */;
			buildPhases = (
				ACF12DFF2F21CEDF0055C792 /* Sources */,
				ACF12E002F21CEDF0055C792 /* Frameworks */,
				ACF12E012F21CEDF0055C792 /* Resources */,
				ACF12E462F21CEDF0055C792 /* Embed Foundation Extensions */,
			);
			buildRules = (
			);
			dependencies = (
				ACF12E252F21CEDF0055C792 /* PBXTargetDependency */,
			);
			name = "Chat with Webpage (iOS)";
			packageProductDependencies = (
			);
			productName = "Chat with Webpage (iOS)";
			productReference = ACF12E032F21CEDF0055C792 /* Chat with Webpage.app */;
			productType = "com.apple.product-type.application";
		};
		ACF12E142F21CEDF0055C792 /* Chat with Webpage (macOS) */ = {
			isa = PBXNativeTarget;
			buildConfigurationList = ACF12E4E2F21CEDF0055C792 /* Build configuration list for PBXNativeTarget "Chat with Webpage (macOS)" */;
			buildPhases = (
				ACF12E112F21CEDF0055C792 /* Sources */,
				ACF12E122F21CEDF0055C792 /* Frameworks */,
				ACF12E132F21CEDF0055C792 /* Resources */,
				ACF12E4D2F21CEDF0055C792 /* Embed Foundation Extensions */,
			);
			buildRules = (
			);
			dependencies = (
				ACF12E2F2F21CEDF0055C792 /* PBXTargetDependency */,
			);
			name = "Chat with Webpage (macOS)";
			packageProductDependencies = (
			);
			productName = "Chat with Webpage (macOS)";
			productReference = ACF12E152F21CEDF0055C792 /* Chat with Webpage.app */;
			productType = "com.apple.product-type.application";
		};
		ACF12E212F21CEDF0055C792 /* Chat with Webpage Extension (iOS) */ = {
			isa = PBXNativeTarget;
			buildConfigurationList = ACF12E432F21CEDF0055C792 /* Build configuration list for PBXNativeTarget "Chat with Webpage Extension (iOS)" */;
			buildPhases = (
				ACF12E1E2F21CEDF0055C792 /* Sources */,
				ACF12E1F2F21CEDF0055C792 /* Frameworks */,
				ACF12E202F21CEDF0055C792 /* Resources */,
			);
			buildRules = (
			);
			dependencies = (
			);
			name = "Chat with Webpage Extension (iOS)";
			packageProductDependencies = (
			);
			productName = "Chat with Webpage Extension (iOS)";
			productReference = ACF12E222F21CEDF0055C792 /* Chat with Webpage Extension.appex */;
			productType = "com.apple.product-type.app-extension";
		};
		ACF12E2B2F21CEDF0055C792 /* Chat with Webpage Extension (macOS) */ = {
			isa = PBXNativeTarget;
			buildConfigurationList = ACF12E4A2F21CEDF0055C792 /* Build configuration list for PBXNativeTarget "Chat with Webpage Extension (macOS)" */;
			buildPhases = (
				ACF12E282F21CEDF0055C792 /* Sources */,
				ACF12E292F21CEDF0055C792 /* Frameworks */,
				ACF12E2A2F21CEDF0055C792 /* Resources */,
			);
			buildRules = (
			);
			dependencies = (
			);
			name = "Chat with Webpage Extension (macOS)";
			packageProductDependencies = (
			);
			productName = "Chat with Webpage Extension (macOS)";
			productReference = ACF12E2C2F21CEDF0055C792 /* Chat with Webpage Extension.appex */;
			productType = "com.apple.product-type.app-extension";
		};
/* End PBXNativeTarget section */

/* Begin PBXProject section */
		ACF12DF02F21CEDD0055C792 /* Project object */ = {
			isa = PBXProject;
			attributes = {
				BuildIndependentTargetsInParallel = 1;
				LastSwiftUpdateCheck = 1610;
				LastUpgradeCheck = 1610;
				TargetAttributes = {
					ACF12E022F21CEDF0055C792 = {
						CreatedOnToolsVersion = 16.1;
					};
					ACF12E142F21CEDF0055C792 = {
						CreatedOnToolsVersion = 16.1;
					};
					ACF12E212F21CEDF0055C792 = {
						CreatedOnToolsVersion = 16.1;
					};
					ACF12E2B2F21CEDF0055C792 = {
						CreatedOnToolsVersion = 16.1;
					};
				};
			};
			buildConfigurationList = ACF12DF32F21CEDD0055C792 /* Build configuration list for PBXProject "Chat with Webpage" */;
			developmentRegion = en;
			hasScannedForEncodings = 0;
			knownRegions = (
				en,
				Base,
			);
			mainGroup = ACF12DEF2F21CEDD0055C792;
			minimizedProjectReferenceProxies = 1;
			preferredProjectObjectVersion = 77;
			productRefGroup = ACF12E042F21CEDF0055C792 /* Products */;
			projectDirPath = "";
			projectRoot = "";
			targets = (
				ACF12E022F21CEDF0055C792 /* Chat with Webpage (iOS) */,
				ACF12E142F21CEDF0055C792 /* Chat with Webpage (macOS) */,
				ACF12E212F21CEDF0055C792 /* Chat with Webpage Extension (iOS) */,
				ACF12E2B2F21CEDF0055C792 /* Chat with Webpage Extension (macOS) */,
			);
		};
/* End PBXProject section */

/* Begin PBXResourcesBuildPhase section */
		ACF12E012F21CEDF0055C792 /* Resources */ = {
			isa = PBXResourcesBuildPhase;
			buildActionMask = 2147483647;
			files = (
				ACF12E352F21CEDF0055C792 /* Icon.png in Resources */,
				ACF12E0C2F21CEDF0055C792 /* LaunchScreen.storyboard in Resources */,
				ACF12E332F21CEDF0055C792 /* Main.html in Resources */,
				ACF12E392F21CEDF0055C792 /* Script.js in Resources */,
				ACF12E3D2F21CEDF0055C792 /* Assets.xcassets in Resources */,
				ACF12E0F2F21CEDF0055C792 /* Main.storyboard in Resources */,
				ACF12E372F21CEDF0055C792 /* Style.css in Resources */,
			);
			runOnlyForDeploymentPostprocessing = 0;
		};
		ACF12E132F21CEDF0055C792 /* Resources */ = {
			isa = PBXResourcesBuildPhase;
			buildActionMask = 2147483647;
			files = (
				ACF12E362F21CEDF0055C792 /* Icon.png in Resources */,
				ACF12E382F21CEDF0055C792 /* Style.css in Resources */,
				ACF12E1B2F21CEDF0055C792 /* Main.storyboard in Resources */,
				ACF12E3A2F21CEDF0055C792 /* Script.js in Resources */,
				ACF12E3E2F21CEDF0055C792 /* Assets.xcassets in Resources */,
				ACF12E342F21CEDF0055C792 /* Main.html in Resources */,
			);
			runOnlyForDeploymentPostprocessing = 0;
		};
		ACF12E202F21CEDF0055C792 /* Resources */ = {
			isa = PBXResourcesBuildPhase;
			buildActionMask = 2147483647;
			files = (
				ACF12E682F21CEDF0055C792 /* dist in Resources */,
				ACF12E6D2F21CEDF0055C792 /* manifest.json in Resources */,
				ACF12E6E2F21CEDF0055C792 /* tsconfig.json in Resources */,
				ACF12E692F21CEDF0055C792 /* popup.html in Resources */,
				ACF12E6A2F21CEDF0055C792 /* node_modules in Resources */,
				ACF12E6F2F21CEDF0055C792 /* popup.css in Resources */,
				ACF12E6C2F21CEDF0055C792 /* icons in Resources */,
				ACF12E672F21CEDF0055C792 /* offscreen.html in Resources */,
				ACF12E6B2F21CEDF0055C792 /* package.json in Resources */,
				ACF12E702F21CEDF0055C792 /* src in Resources */,
			);
			runOnlyForDeploymentPostprocessing = 0;
		};
		ACF12E2A2F21CEDF0055C792 /* Resources */ = {
			isa = PBXResourcesBuildPhase;
			buildActionMask = 2147483647;
			files = (
				ACF12E5E2F21CEDF0055C792 /* dist in Resources */,
				ACF12E632F21CEDF0055C792 /* manifest.json in Resources */,
				ACF12E642F21CEDF0055C792 /* tsconfig.json in Resources */,
				ACF12E5F2F21CEDF0055C792 /* popup.html in Resources */,
				ACF12E602F21CEDF0055C792 /* node_modules in Resources */,
				ACF12E652F21CEDF0055C792 /* popup.css in Resources */,
				ACF12E622F21CEDF0055C792 /* icons in Resources */,
				ACF12E5D2F21CEDF0055C792 /* offscreen.html in Resources */,
				ACF12E612F21CEDF0055C792 /* package.json in Resources */,
				ACF12E662F21CEDF0055C792 /* src in Resources */,
			);
			runOnlyForDeploymentPostprocessing = 0;
		};
/* End PBXResourcesBuildPhase section */

/* Begin PBXSourcesBuildPhase section */
		ACF12DFF2F21CEDF0055C792 /* Sources */ = {
			isa = PBXSourcesBuildPhase;
			buildActionMask = 2147483647;
			files = (
				ACF12E3B2F21CEDF0055C792 /* ViewController.swift in Sources */,
				ACF12E072F21CEDF0055C792 /* AppDelegate.swift in Sources */,
				ACF12E092F21CEDF0055C792 /* SceneDelegate.swift in Sources */,
			);
			runOnlyForDeploymentPostprocessing = 0;
		};
		ACF12E112F21CEDF0055C792 /* Sources */ = {
			isa = PBXSourcesBuildPhase;
			buildActionMask = 2147483647;
			files = (
				ACF12E3C2F21CEDF0055C792 /* ViewController.swift in Sources */,
				ACF12E182F21CEDF0055C792 /* AppDelegate.swift in Sources */,
			);
			runOnlyForDeploymentPostprocessing = 0;
		};
		ACF12E1E2F21CEDF0055C792 /* Sources */ = {
			isa = PBXSourcesBuildPhase;
			buildActionMask = 2147483647;
			files = (
				ACF12E3F2F21CEDF0055C792 /* SafariWebExtensionHandler.swift in Sources */,
			);
			runOnlyForDeploymentPostprocessing = 0;
		};
		ACF12E282F21CEDF0055C792 /* Sources */ = {
			isa = PBXSourcesBuildPhase;
			buildActionMask = 2147483647;
			files = (
				ACF12E402F21CEDF0055C792 /* SafariWebExtensionHandler.swift in Sources */,
			);
			runOnlyForDeploymentPostprocessing = 0;
		};
/* End PBXSourcesBuildPhase section */

/* Begin PBXTargetDependency section */
		ACF12E252F21CEDF0055C792 /* PBXTargetDependency */ = {
			isa = PBXTargetDependency;
			target = ACF12E212F21CEDF0055C792 /* Chat with Webpage Extension (iOS) */;
			targetProxy = ACF12E242F21CEDF0055C792 /* PBXContainerItemProxy */;
		};
		ACF12E2F2F21CEDF0055C792 /* PBXTargetDependency */ = {
			isa = PBXTargetDependency;
			target = ACF12E2B2F21CEDF0055C792 /* Chat with Webpage Extension (macOS) */;
			targetProxy = ACF12E2E2F21CEDF0055C792 /* PBXContainerItemProxy */;
		};
/* End PBXTargetDependency section */

/* Begin PBXVariantGroup section */
		ACF12DF62F21CEDD0055C792 /* Main.html */ = {
			isa = PBXVariantGroup;
			children = (
				ACF12DF72F21CEDD0055C792 /* Base */,
			);
			name = Main.html;
			sourceTree = "<group>";
		};
		ACF12E0A2F21CEDF0055C792 /* LaunchScreen.storyboard */ = {
			isa = PBXVariantGroup;
			children = (
				ACF12E0B2F21CEDF0055C792 /* Base */,
			);
			name = LaunchScreen.storyboard;
			sourceTree = "<group>";
		};
		ACF12E0D2F21CEDF0055C792 /* Main.storyboard */ = {
			isa = PBXVariantGroup;
			children = (
				ACF12E0E2F21CEDF0055C792 /* Base */,
			);
			name = Main.storyboard;
			sourceTree = "<group>";
		};
		ACF12E192F21CEDF0055C792 /* Main.storyboard */ = {
			isa = PBXVariantGroup;
			children = (
				ACF12E1A2F21CEDF0055C792 /* Base */,
			);
			name = Main.storyboard;
			sourceTree = "<group>";
		};
/* End PBXVariantGroup section */

/* Begin XCBuildConfiguration section */
		ACF12E412F21CEDF0055C792 /* Debug */ = {
			isa = XCBuildConfiguration;
			buildSettings = {
				ALWAYS_SEARCH_USER_PATHS = NO;
				ASSETCATALOG_COMPILER_GENERATE_SWIFT_ASSET_SYMBOL_EXTENSIONS = YES;
				CLANG_ANALYZER_NONNULL = YES;
				CLANG_ANALYZER_NUMBER_OBJECT_CONVERSION = YES_AGGRESSIVE;
				CLANG_CXX_LANGUAGE_STANDARD = "gnu++20";
				CLANG_ENABLE_MODULES = YES;
				CLANG_ENABLE_OBJC_ARC = YES;
				CLANG_ENABLE_OBJC_WEAK = YES;
				CLANG_WARN_BLOCK_CAPTURE_AUTORELEASING = YES;
				CLANG_WARN_BOOL_CONVERSION = YES;
				CLANG_WARN_COMMA = YES;
				CLANG_WARN_CONSTANT_CONVERSION = YES;
				CLANG_WARN_DEPRECATED_OBJC_IMPLEMENTATIONS = YES;
				CLANG_WARN_DIRECT_OBJC_ISA_USAGE = YES_ERROR;
				CLANG_WARN_DOCUMENTATION_COMMENTS = YES;
				CLANG_WARN_EMPTY_BODY = YES;
				CLANG_WARN_ENUM_CONVERSION = YES;
				CLANG_WARN_INFINITE_RECURSION = YES;
				CLANG_WARN_INT_CONVERSION = YES;
				CLANG_WARN_NON_LITERAL_NULL_CONVERSION = YES;
				CLANG_WARN_OBJC_IMPLICIT_RETAIN_SELF = YES;
				CLANG_WARN_OBJC_LITERAL_CONVERSION = YES;
				CLANG_WARN_OBJC_ROOT_CLASS = YES_ERROR;
				CLANG_WARN_QUOTED_INCLUDE_IN_FRAMEWORK_HEADER = YES;
				CLANG_WARN_RANGE_LOOP_ANALYSIS = YES;
				CLANG_WARN_STRICT_PROTOTYPES = YES;
				CLANG_WARN_SUSPICIOUS_MOVE = YES;
				CLANG_WARN_UNGUARDED_AVAILABILITY = YES_AGGRESSIVE;
				CLANG_WARN_UNREACHABLE_CODE = YES;
				CLANG_WARN__DUPLICATE_METHOD_MATCH = YES;
				COPY_PHASE_STRIP = NO;
				DEBUG_INFORMATION_FORMAT = dwarf;
				ENABLE_STRICT_OBJC_MSGSEND = YES;
				ENABLE_TESTABILITY = YES;
				ENABLE_USER_SCRIPT_SANDBOXING = YES;
				GCC_C_LANGUAGE_STANDARD = gnu17;
				GCC_DYNAMIC_NO_PIC = NO;
				GCC_NO_COMMON_BLOCKS = YES;
				GCC_OPTIMIZATION_LEVEL = 0;
				GCC_PREPROCESSOR_DEFINITIONS = (
					"DEBUG=1",
					"$(inherited)",
				);
				GCC_WARN_64_TO_32_BIT_CONVERSION = YES;
				GCC_WARN_ABOUT_RETURN_TYPE = YES_ERROR;
				GCC_WARN_UNDECLARED_SELECTOR = YES;
				GCC_WARN_UNINITIALIZED_AUTOS = YES_AGGRESSIVE;
				GCC_WARN_UNUSED_FUNCTION = YES;
				GCC_WARN_UNUSED_VARIABLE = YES;
				LOCALIZATION_PREFERS_STRING_CATALOGS = YES;
				MTL_ENABLE_DEBUG_INFO = INCLUDE_SOURCE;
				MTL_FAST_MATH = YES;
				ONLY_ACTIVE_ARCH = YES;
				SWIFT_ACTIVE_COMPILATION_CONDITIONS = "DEBUG $(inherited)";
				SWIFT_OPTIMIZATION_LEVEL = "-Onone";
			};
			name = Debug;
		};
		ACF12E422F21CEDF0055C792 /* Release */ = {
			isa = XCBuildConfiguration;
			buildSettings = {
				ALWAYS_SEARCH_USER_PATHS = NO;
				ASSETCATALOG_COMPILER_GENERATE_SWIFT_ASSET_SYMBOL_EXTENSIONS = YES;
				CLANG_ANALYZER_NONNULL = YES;
				CLANG_ANALYZER_NUMBER_OBJECT_CONVERSION = YES_AGGRESSIVE;
				CLANG_CXX_LANGUAGE_STANDARD = "gnu++20";
				CLANG_ENABLE_MODULES = YES;
				CLANG_ENABLE_OBJC_ARC = YES;
				CLANG_ENABLE_OBJC_WEAK = YES;
				CLANG_WARN_BLOCK_CAPTURE_AUTORELEASING = YES;
				CLANG_WARN_BOOL_CONVERSION = YES;
				CLANG_WARN_COMMA = YES;
				CLANG_WARN_CONSTANT_CONVERSION = YES;
				CLANG_WARN_DEPRECATED_OBJC_IMPLEMENTATIONS = YES;
				CLANG_WARN_DIRECT_OBJC_ISA_USAGE = YES_ERROR;
				CLANG_WARN_DOCUMENTATION_COMMENTS = YES;
				CLANG_WARN_EMPTY_BODY = YES;
				CLANG_WARN_ENUM_CONVERSION = YES;
				CLANG_WARN_INFINITE_RECURSION = YES;
				CLANG_WARN_INT_CONVERSION = YES;
				CLANG_WARN_NON_LITERAL_NULL_CONVERSION = YES;
				CLANG_WARN_OBJC_IMPLICIT_RETAIN_SELF = YES;
				CLANG_WARN_OBJC_LITERAL_CONVERSION = YES;
				CLANG_WARN_OBJC_ROOT_CLASS = YES_ERROR;
				CLANG_WARN_QUOTED_INCLUDE_IN_FRAMEWORK_HEADER = YES;
				CLANG_WARN_RANGE_LOOP_ANALYSIS = YES;
				CLANG_WARN_STRICT_PROTOTYPES = YES;
				CLANG_WARN_SUSPICIOUS_MOVE = YES;
				CLANG_WARN_UNGUARDED_AVAILABILITY = YES_AGGRESSIVE;
				CLANG_WARN_UNREACHABLE_CODE = YES;
				CLANG_WARN__DUPLICATE_METHOD_MATCH = YES;
				COPY_PHASE_STRIP = NO;
				DEBUG_INFORMATION_FORMAT = "dwarf-with-dsym";
				ENABLE_NS_ASSERTIONS = NO;
				ENABLE_STRICT_OBJC_MSGSEND = YES;
				ENABLE_USER_SCRIPT_SANDBOXING = YES;
				GCC_C_LANGUAGE_STANDARD = gnu17;
				GCC_NO_COMMON_BLOCKS = YES;
				GCC_WARN_64_TO_32_BIT_CONVERSION = YES;
				GCC_WARN_ABOUT_RETURN_TYPE = YES_ERROR;
				GCC_WARN_UNDECLARED_SELECTOR = YES;
				GCC_WARN_UNINITIALIZED_AUTOS = YES_AGGRESSIVE;
				GCC_WARN_UNUSED_FUNCTION = YES;
				GCC_WARN_UNUSED_VARIABLE = YES;
				LOCALIZATION_PREFERS_STRING_CATALOGS = YES;
				MTL_ENABLE_DEBUG_INFO = NO;
				MTL_FAST_MATH = YES;
				SWIFT_COMPILATION_MODE = wholemodule;
			};
			name = Release;
		};
		ACF12E442F21CEDF0055C792 /* Debug */ = {
			isa = XCBuildConfiguration;
			buildSettings = {
				CODE_SIGN_STYLE = Automatic;
				CURRENT_PROJECT_VERSION = 1;
				GENERATE_INFOPLIST_FILE = YES;
				INFOPLIST_FILE = "iOS (Extension)/Info.plist";
				INFOPLIST_KEY_CFBundleDisplayName = "Chat with Webpage Extension";
				INFOPLIST_KEY_NSHumanReadableCopyright = "";
				IPHONEOS_DEPLOYMENT_TARGET = 15.0;
				LD_RUNPATH_SEARCH_PATHS = (
					"$(inherited)",
					"@executable_path/Frameworks",
					"@executable_path/../../Frameworks",
				);
				MARKETING_VERSION = 1.0;
				OTHER_LDFLAGS = (
					"-framework",
					SafariServices,
				);
				PRODUCT_BUNDLE_IDENTIFIER = "com.elizaos.Chat-with-Webpage.Extension";
				PRODUCT_NAME = "Chat with Webpage Extension";
				SDKROOT = iphoneos;
				SKIP_INSTALL = YES;
				SWIFT_EMIT_LOC_STRINGS = YES;
				SWIFT_VERSION = 5.0;
				TARGETED_DEVICE_FAMILY = "1,2";
			};
			name = Debug;
		};
		ACF12E452F21CEDF0055C792 /* Release */ = {
			isa = XCBuildConfiguration;
			buildSettings = {
				CODE_SIGN_STYLE = Automatic;
				CURRENT_PROJECT_VERSION = 1;
				GENERATE_INFOPLIST_FILE = YES;
				INFOPLIST_FILE = "iOS (Extension)/Info.plist";
				INFOPLIST_KEY_CFBundleDisplayName = "Chat with Webpage Extension";
				INFOPLIST_KEY_NSHumanReadableCopyright = "";
				IPHONEOS_DEPLOYMENT_TARGET = 15.0;
				LD_RUNPATH_SEARCH_PATHS = (
					"$(inherited)",
					"@executable_path/Frameworks",
					"@executable_path/../../Frameworks",
				);
				MARKETING_VERSION = 1.0;
				OTHER_LDFLAGS = (
					"-framework",
					SafariServices,
				);
				PRODUCT_BUNDLE_IDENTIFIER = "com.elizaos.Chat-with-Webpage.Extension";
				PRODUCT_NAME = "Chat with Webpage Extension";
				SDKROOT = iphoneos;
				SKIP_INSTALL = YES;
				SWIFT_EMIT_LOC_STRINGS = YES;
				SWIFT_VERSION = 5.0;
				TARGETED_DEVICE_FAMILY = "1,2";
				VALIDATE_PRODUCT = YES;
			};
			name = Release;
		};
		ACF12E482F21CEDF0055C792 /* Debug */ = {
			isa = XCBuildConfiguration;
			buildSettings = {
				ASSETCATALOG_COMPILER_APPICON_NAME = AppIcon;
				ASSETCATALOG_COMPILER_GLOBAL_ACCENT_COLOR_NAME = AccentColor;
				CODE_SIGN_STYLE = Automatic;
				CURRENT_PROJECT_VERSION = 1;
				GENERATE_INFOPLIST_FILE = YES;
				INFOPLIST_FILE = "iOS (App)/Info.plist";
				INFOPLIST_KEY_CFBundleDisplayName = "Chat with Webpage";
				INFOPLIST_KEY_UIApplicationSupportsIndirectInputEvents = YES;
				INFOPLIST_KEY_UILaunchStoryboardName = LaunchScreen;
				INFOPLIST_KEY_UIMainStoryboardFile = Main;
				INFOPLIST_KEY_UISupportedInterfaceOrientations = "UIInterfaceOrientationPortrait UIInterfaceOrientationLandscapeLeft UIInterfaceOrientationLandscapeRight";
				INFOPLIST_KEY_UISupportedInterfaceOrientations_iPad = "UIInterfaceOrientationPortrait UIInterfaceOrientationPortraitUpsideDown UIInterfaceOrientationLandscapeLeft UIInterfaceOrientationLandscapeRight";
				IPHONEOS_DEPLOYMENT_TARGET = 15.0;
				LD_RUNPATH_SEARCH_PATHS = (
					"$(inherited)",
					"@executable_path/Frameworks",
				);
				MARKETING_VERSION = 1.0;
				OTHER_LDFLAGS = (
					"-framework",
					SafariServices,
					"-framework",
					WebKit,
				);
				PRODUCT_BUNDLE_IDENTIFIER = "com.elizaos.Chat-with-Webpage";
				PRODUCT_NAME = "Chat with Webpage";
				SDKROOT = iphoneos;
				SWIFT_EMIT_LOC_STRINGS = YES;
				SWIFT_VERSION = 5.0;
				TARGETED_DEVICE_FAMILY = "1,2";
			};
			name = Debug;
		};
		ACF12E492F21CEDF0055C792 /* Release */ = {
			isa = XCBuildConfiguration;
			buildSettings = {
				ASSETCATALOG_COMPILER_APPICON_NAME = AppIcon;
				ASSETCATALOG_COMPILER_GLOBAL_ACCENT_COLOR_NAME = AccentColor;
				CODE_SIGN_STYLE = Automatic;
				CURRENT_PROJECT_VERSION = 1;
				GENERATE_INFOPLIST_FILE = YES;
				INFOPLIST_FILE = "iOS (App)/Info.plist";
				INFOPLIST_KEY_CFBundleDisplayName = "Chat with Webpage";
				INFOPLIST_KEY_UIApplicationSupportsIndirectInputEvents = YES;
				INFOPLIST_KEY_UILaunchStoryboardName = LaunchScreen;
				INFOPLIST_KEY_UIMainStoryboardFile = Main;
				INFOPLIST_KEY_UISupportedInterfaceOrientations = "UIInterfaceOrientationPortrait UIInterfaceOrientationLandscapeLeft UIInterfaceOrientationLandscapeRight";
				INFOPLIST_KEY_UISupportedInterfaceOrientations_iPad = "UIInterfaceOrientationPortrait UIInterfaceOrientationPortraitUpsideDown UIInterfaceOrientationLandscapeLeft UIInterfaceOrientationLandscapeRight";
				IPHONEOS_DEPLOYMENT_TARGET = 15.0;
				LD_RUNPATH_SEARCH_PATHS = (
					"$(inherited)",
					"@executable_path/Frameworks",
				);
				MARKETING_VERSION = 1.0;
				OTHER_LDFLAGS = (
					"-framework",
					SafariServices,
					"-framework",
					WebKit,
				);
				PRODUCT_BUNDLE_IDENTIFIER = "com.elizaos.Chat-with-Webpage";
				PRODUCT_NAME = "Chat with Webpage";
				SDKROOT = iphoneos;
				SWIFT_EMIT_LOC_STRINGS = YES;
				SWIFT_VERSION = 5.0;
				TARGETED_DEVICE_FAMILY = "1,2";
				VALIDATE_PRODUCT = YES;
			};
			name = Release;
		};
		ACF12E4B2F21CEDF0055C792 /* Debug */ = {
			isa = XCBuildConfiguration;
			buildSettings = {
				CODE_SIGN_ENTITLEMENTS = "macOS (Extension)/Chat with Webpage.entitlements";
				CODE_SIGN_STYLE = Automatic;
				CURRENT_PROJECT_VERSION = 1;
				ENABLE_HARDENED_RUNTIME = YES;
				GENERATE_INFOPLIST_FILE = YES;
				INFOPLIST_FILE = "macOS (Extension)/Info.plist";
				INFOPLIST_KEY_CFBundleDisplayName = "Chat with Webpage Extension";
				INFOPLIST_KEY_NSHumanReadableCopyright = "";
				LD_RUNPATH_SEARCH_PATHS = (
					"$(inherited)",
					"@executable_path/../Frameworks",
					"@executable_path/../../../../Frameworks",
				);
				MACOSX_DEPLOYMENT_TARGET = 10.14;
				MARKETING_VERSION = 1.0;
				OTHER_LDFLAGS = (
					"-framework",
					SafariServices,
				);
				PRODUCT_BUNDLE_IDENTIFIER = "com.elizaos.Chat-with-Webpage.Extension";
				PRODUCT_NAME = "Chat with Webpage Extension";
				SDKROOT = macosx;
				SKIP_INSTALL = YES;
				SWIFT_EMIT_LOC_STRINGS = YES;
				SWIFT_VERSION = 5.0;
			};
			name = Debug;
		};
		ACF12E4C2F21CEDF0055C792 /* Release */ = {
			isa = XCBuildConfiguration;
			buildSettings = {
				CODE_SIGN_ENTITLEMENTS = "macOS (Extension)/Chat with Webpage.entitlements";
				CODE_SIGN_STYLE = Automatic;
				CURRENT_PROJECT_VERSION = 1;
				ENABLE_HARDENED_RUNTIME = YES;
				GENERATE_INFOPLIST_FILE = YES;
				INFOPLIST_FILE = "macOS (Extension)/Info.plist";
				INFOPLIST_KEY_CFBundleDisplayName = "Chat with Webpage Extension";
				INFOPLIST_KEY_NSHumanReadableCopyright = "";
				LD_RUNPATH_SEARCH_PATHS = (
					"$(inherited)",
					"@executable_path/../Frameworks",
					"@executable_path/../../../../Frameworks",
				);
				MACOSX_DEPLOYMENT_TARGET = 10.14;
				MARKETING_VERSION = 1.0;
				OTHER_LDFLAGS = (
					"-framework",
					SafariServices,
				);
				PRODUCT_BUNDLE_IDENTIFIER = "com.elizaos.Chat-with-Webpage.Extension";
				PRODUCT_NAME = "Chat with Webpage Extension";
				SDKROOT = macosx;
				SKIP_INSTALL = YES;
				SWIFT_EMIT_LOC_STRINGS = YES;
				SWIFT_VERSION = 5.0;
			};
			name = Release;
		};
		ACF12E4F2F21CEDF0055C792 /* Debug */ = {
			isa = XCBuildConfiguration;
			buildSettings = {
				ASSETCATALOG_COMPILER_APPICON_NAME = AppIcon;
				ASSETCATALOG_COMPILER_GLOBAL_ACCENT_COLOR_NAME = AccentColor;
				CODE_SIGN_ENTITLEMENTS = "macOS (App)/Chat with Webpage.entitlements";
				CODE_SIGN_STYLE = Automatic;
				CURRENT_PROJECT_VERSION = 1;
				ENABLE_HARDENED_RUNTIME = YES;
				GENERATE_INFOPLIST_FILE = YES;
				INFOPLIST_FILE = "macOS (App)/Info.plist";
				INFOPLIST_KEY_CFBundleDisplayName = "Chat with Webpage";
				INFOPLIST_KEY_NSMainStoryboardFile = Main;
				INFOPLIST_KEY_NSPrincipalClass = NSApplication;
				LD_RUNPATH_SEARCH_PATHS = (
					"$(inherited)",
					"@executable_path/../Frameworks",
				);
				MACOSX_DEPLOYMENT_TARGET = 10.14;
				MARKETING_VERSION = 1.0;
				OTHER_LDFLAGS = (
					"-framework",
					SafariServices,
					"-framework",
					WebKit,
				);
				PRODUCT_BUNDLE_IDENTIFIER = "com.elizaos.Chat-with-Webpage";
				PRODUCT_NAME = "Chat with Webpage";
				SDKROOT = macosx;
				SWIFT_EMIT_LOC_STRINGS = YES;
				SWIFT_VERSION = 5.0;
			};
			name = Debug;
		};
		ACF12E502F21CEDF0055C792 /* Release */ = {
			isa = XCBuildConfiguration;
			buildSettings = {
				ASSETCATALOG_COMPILER_APPICON_NAME = AppIcon;
				ASSETCATALOG_COMPILER_GLOBAL_ACCENT_COLOR_NAME = AccentColor;
				CODE_SIGN_ENTITLEMENTS = "macOS (App)/Chat with Webpage.entitlements";
				CODE_SIGN_STYLE = Automatic;
				CURRENT_PROJECT_VERSION = 1;
				ENABLE_HARDENED_RUNTIME = YES;
				GENERATE_INFOPLIST_FILE = YES;
				INFOPLIST_FILE = "macOS (App)/Info.plist";
				INFOPLIST_KEY_CFBundleDisplayName = "Chat with Webpage";
				INFOPLIST_KEY_NSMainStoryboardFile = Main;
				INFOPLIST_KEY_NSPrincipalClass = NSApplication;
				LD_RUNPATH_SEARCH_PATHS = (
					"$(inherited)",
					"@executable_path/../Frameworks",
				);
				MACOSX_DEPLOYMENT_TARGET = 10.14;
				MARKETING_VERSION = 1.0;
				OTHER_LDFLAGS = (
					"-framework",
					SafariServices,
					"-framework",
					WebKit,
				);
				PRODUCT_BUNDLE_IDENTIFIER = "com.elizaos.Chat-with-Webpage";
				PRODUCT_NAME = "Chat with Webpage";
				SDKROOT = macosx;
				SWIFT_EMIT_LOC_STRINGS = YES;
				SWIFT_VERSION = 5.0;
			};
			name = Release;
		};
/* End XCBuildConfiguration section */

/* Begin XCConfigurationList section */
		ACF12DF32F21CEDD0055C792 /* Build configuration list for PBXProject "Chat with Webpage" */ = {
			isa = XCConfigurationList;
			buildConfigurations = (
				ACF12E412F21CEDF0055C792 /* Debug */,
				ACF12E422F21CEDF0055C792 /* Release */,
			);
			defaultConfigurationIsVisible = 0;
			defaultConfigurationName = Release;
		};
		ACF12E432F21CEDF0055C792 /* Build configuration list for PBXNativeTarget "Chat with Webpage Extension (iOS)" */ = {
			isa = XCConfigurationList;
			buildConfigurations = (
				ACF12E442F21CEDF0055C792 /* Debug */,
				ACF12E452F21CEDF0055C792 /* Release */,
			);
			defaultConfigurationIsVisible = 0;
			defaultConfigurationName = Release;
		};
		ACF12E472F21CEDF0055C792 /* Build configuration list for PBXNativeTarget "Chat with Webpage (iOS)" */ = {
			isa = XCConfigurationList;
			buildConfigurations = (
				ACF12E482F21CEDF0055C792 /* Debug */,
				ACF12E492F21CEDF0055C792 /* Release */,
			);
			defaultConfigurationIsVisible = 0;
			defaultConfigurationName = Release;
		};
		ACF12E4A2F21CEDF0055C792 /* Build configuration list for PBXNativeTarget "Chat with Webpage Extension (macOS)" */ = {
			isa = XCConfigurationList;
			buildConfigurations = (
				ACF12E4B2F21CEDF0055C792 /* Debug */,
				ACF12E4C2F21CEDF0055C792 /* Release */,
			);
			defaultConfigurationIsVisible = 0;
			defaultConfigurationName = Release;
		};
		ACF12E4E2F21CEDF0055C792 /* Build configuration list for PBXNativeTarget "Chat with Webpage (macOS)" */ = {
			isa = XCConfigurationList;
			buildConfigurations = (
				ACF12E4F2F21CEDF0055C792 /* Debug */,
				ACF12E502F21CEDF0055C792 /* Release */,
			);
			defaultConfigurationIsVisible = 0;
			defaultConfigurationName = Release;
		};
/* End XCConfigurationList section */
	};
	rootObject = ACF12DF02F21CEDD0055C792 /* Project object */;
}
