// !$*UTF8*$!
{
	archiveVersion = 1;
	classes = {
	};
	objectVersion = 77;
	objects = {

/* Begin PBXBuildFile section */
		ACE97EC72FAFF6A8009D7C3E /* AppDelegate.swift in Sources */ = {isa = PBXBuildFile; fileRef = ACE97EC62FAFF6A8009D7C3E /* AppDelegate.swift */; };
		ACE97EC92FAFF6A8009D7C3E /* SceneDelegate.swift in Sources */ = {isa = PBXBuildFile; fileRef = ACE97EC82FAFF6A8009D7C3E /* SceneDelegate.swift */; };
		ACE97ECC2FAFF6A8009D7C3E /* LaunchScreen.storyboard in Resources */ = {isa = PBXBuildFile; fileRef = ACE97ECA2FAFF6A8009D7C3E /* LaunchScreen.storyboard */; };
		ACE97ECF2FAFF6A8009D7C3E /* Main.storyboard in Resources */ = {isa = PBXBuildFile; fileRef = ACE97ECD2FAFF6A8009D7C3E /* Main.storyboard */; };
		ACE97ED82FAFF6A9009D7C3E /* AppDelegate.swift in Sources */ = {isa = PBXBuildFile; fileRef = ACE97ED72FAFF6A9009D7C3E /* AppDelegate.swift */; };
		ACE97EDB2FAFF6A9009D7C3E /* Main.storyboard in Resources */ = {isa = PBXBuildFile; fileRef = ACE97ED92FAFF6A9009D7C3E /* Main.storyboard */; };
		ACE97EE22FAFF6A9009D7C3E /* Chat with Webpage Extension.appex in Embed Foundation Extensions */ = {isa = PBXBuildFile; fileRef = ACE97EE12FAFF6A9009D7C3E /* Chat with Webpage Extension.appex */; settings = {ATTRIBUTES = (RemoveHeadersOnCopy, ); }; };
		ACE97EEC2FAFF6A9009D7C3E /* Chat with Webpage Extension.appex in Embed Foundation Extensions */ = {isa = PBXBuildFile; fileRef = ACE97EEB2FAFF6A9009D7C3E /* Chat with Webpage Extension.appex */; settings = {ATTRIBUTES = (RemoveHeadersOnCopy, ); }; };
		ACE97EF12FAFF6A9009D7C3E /* Main.html in Resources */ = {isa = PBXBuildFile; fileRef = ACE97EB62FAFF69D009D7C3E /* Main.html */; };
		ACE97EF22FAFF6A9009D7C3E /* Main.html in Resources */ = {isa = PBXBuildFile; fileRef = ACE97EB62FAFF69D009D7C3E /* Main.html */; };
		ACE97EF32FAFF6A9009D7C3E /* Icon.png in Resources */ = {isa = PBXBuildFile; fileRef = ACE97EB82FAFF69D009D7C3E /* Icon.png */; };
		ACE97EF42FAFF6A9009D7C3E /* Icon.png in Resources */ = {isa = PBXBuildFile; fileRef = ACE97EB82FAFF69D009D7C3E /* Icon.png */; };
		ACE97EF52FAFF6A9009D7C3E /* Style.css in Resources */ = {isa = PBXBuildFile; fileRef = ACE97EB92FAFF69D009D7C3E /* Style.css */; };
		ACE97EF62FAFF6A9009D7C3E /* Style.css in Resources */ = {isa = PBXBuildFile; fileRef = ACE97EB92FAFF69D009D7C3E /* Style.css */; };
		ACE97EF72FAFF6A9009D7C3E /* Script.js in Resources */ = {isa = PBXBuildFile; fileRef = ACE97EBA2FAFF69D009D7C3E /* Script.js */; };
		ACE97EF82FAFF6A9009D7C3E /* Script.js in Resources */ = {isa = PBXBuildFile; fileRef = ACE97EBA2FAFF69D009D7C3E /* Script.js */; };
		ACE97EF92FAFF6A9009D7C3E /* ViewController.swift in Sources */ = {isa = PBXBuildFile; fileRef = ACE97EBB2FAFF69D009D7C3E /* ViewController.swift */; };
		ACE97EFA2FAFF6A9009D7C3E /* ViewController.swift in Sources */ = {isa = PBXBuildFile; fileRef = ACE97EBB2FAFF69D009D7C3E /* ViewController.swift */; };
		ACE97EFB2FAFF6A9009D7C3E /* Assets.xcassets in Resources */ = {isa = PBXBuildFile; fileRef = ACE97EBC2FAFF6A8009D7C3E /* Assets.xcassets */; };
		ACE97EFC2FAFF6A9009D7C3E /* Assets.xcassets in Resources */ = {isa = PBXBuildFile; fileRef = ACE97EBC2FAFF6A8009D7C3E /* Assets.xcassets */; };
		ACE97EFD2FAFF6A9009D7C3E /* SafariWebExtensionHandler.swift in Sources */ = {isa = PBXBuildFile; fileRef = ACE97EBE2FAFF6A8009D7C3E /* SafariWebExtensionHandler.swift */; };
		ACE97EFE2FAFF6A9009D7C3E /* SafariWebExtensionHandler.swift in Sources */ = {isa = PBXBuildFile; fileRef = ACE97EBE2FAFF6A8009D7C3E /* SafariWebExtensionHandler.swift */; };
		ACE97F152FAFF6AA009D7C3E /* dist in Resources */ = {isa = PBXBuildFile; fileRef = ACE97F102FAFF6AA009D7C3E /* dist */; };
		ACE97F162FAFF6AA009D7C3E /* popup.html in Resources */ = {isa = PBXBuildFile; fileRef = ACE97F112FAFF6AA009D7C3E /* popup.html */; };
		ACE97F172FAFF6AA009D7C3E /* icons in Resources */ = {isa = PBXBuildFile; fileRef = ACE97F122FAFF6AA009D7C3E /* icons */; };
		ACE97F182FAFF6AA009D7C3E /* manifest.json in Resources */ = {isa = PBXBuildFile; fileRef = ACE97F132FAFF6AA009D7C3E /* manifest.json */; };
		ACE97F192FAFF6AA009D7C3E /* popup.css in Resources */ = {isa = PBXBuildFile; fileRef = ACE97F142FAFF6AA009D7C3E /* popup.css */; };
		ACE97F1A2FAFF6AA009D7C3E /* dist in Resources */ = {isa = PBXBuildFile; fileRef = ACE97F102FAFF6AA009D7C3E /* dist */; };
		ACE97F1B2FAFF6AA009D7C3E /* popup.html in Resources */ = {isa = PBXBuildFile; fileRef = ACE97F112FAFF6AA009D7C3E /* popup.html */; };
		ACE97F1C2FAFF6AA009D7C3E /* icons in Resources */ = {isa = PBXBuildFile; fileRef = ACE97F122FAFF6AA009D7C3E /* icons */; };
		ACE97F1D2FAFF6AA009D7C3E /* manifest.json in Resources */ = {isa = PBXBuildFile; fileRef = ACE97F132FAFF6AA009D7C3E /* manifest.json */; };
		ACE97F1E2FAFF6AA009D7C3E /* popup.css in Resources */ = {isa = PBXBuildFile; fileRef = ACE97F142FAFF6AA009D7C3E /* popup.css */; };
/* End PBXBuildFile section */

/* Begin PBXContainerItemProxy section */
		ACE97EE32FAFF6A9009D7C3E /* PBXContainerItemProxy */ = {
			isa = PBXContainerItemProxy;
			containerPortal = ACE97EB02FAFF69C009D7C3E /* Project object */;
			proxyType = 1;
			remoteGlobalIDString = ACE97EE02FAFF6A9009D7C3E;
			remoteInfo = "Chat with Webpage Extension (iOS)";
		};
		ACE97EED2FAFF6A9009D7C3E /* PBXContainerItemProxy */ = {
			isa = PBXContainerItemProxy;
			containerPortal = ACE97EB02FAFF69C009D7C3E /* Project object */;
			proxyType = 1;
			remoteGlobalIDString = ACE97EEA2FAFF6A9009D7C3E;
			remoteInfo = "Chat with Webpage Extension (macOS)";
		};
/* End PBXContainerItemProxy section */

/* Begin PBXCopyFilesBuildPhase section */
		ACE97F042FAFF6A9009D7C3E /* Embed Foundation Extensions */ = {
			isa = PBXCopyFilesBuildPhase;
			buildActionMask = 2147483647;
			dstPath = "";
			dstSubfolderSpec = 13;
			files = (
				ACE97EE22FAFF6A9009D7C3E /* Chat with Webpage Extension.appex in Embed Foundation Extensions */,
			);
			name = "Embed Foundation Extensions";
			runOnlyForDeploymentPostprocessing = 0;
		};
		ACE97F0B2FAFF6A9009D7C3E /* Embed Foundation Extensions */ = {
			isa = PBXCopyFilesBuildPhase;
			buildActionMask = 2147483647;
			dstPath = "";
			dstSubfolderSpec = 13;
			files = (
				ACE97EEC2FAFF6A9009D7C3E /* Chat with Webpage Extension.appex in Embed Foundation Extensions */,
			);
			name = "Embed Foundation Extensions";
			runOnlyForDeploymentPostprocessing = 0;
		};
/* End PBXCopyFilesBuildPhase section */

/* Begin PBXFileReference section */
		ACE97EB72FAFF69D009D7C3E /* Base */ = {isa = PBXFileReference; lastKnownFileType = text.html; name = Base; path = Base.lproj/Main.html; sourceTree = "<group>"; };
		ACE97EB82FAFF69D009D7C3E /* Icon.png */ = {isa = PBXFileReference; lastKnownFileType = image.png; path = Icon.png; sourceTree = "<group>"; };
		ACE97EB92FAFF69D009D7C3E /* Style.css */ = {isa = PBXFileReference; lastKnownFileType = text.css; path = Style.css; sourceTree = "<group>"; };
		ACE97EBA2FAFF69D009D7C3E /* Script.js */ = {isa = PBXFileReference; lastKnownFileType = sourcecode.javascript; path = Script.js; sourceTree = "<group>"; };
		ACE97EBB2FAFF69D009D7C3E /* ViewController.swift */ = {isa = PBXFileReference; lastKnownFileType = sourcecode.swift; path = ViewController.swift; sourceTree = "<group>"; };
		ACE97EBC2FAFF6A8009D7C3E /* Assets.xcassets */ = {isa = PBXFileReference; lastKnownFileType = folder.assetcatalog; path = Assets.xcassets; sourceTree = "<group>"; };
		ACE97EBE2FAFF6A8009D7C3E /* SafariWebExtensionHandler.swift */ = {isa = PBXFileReference; lastKnownFileType = sourcecode.swift; path = SafariWebExtensionHandler.swift; sourceTree = "<group>"; };
		ACE97EC32FAFF6A8009D7C3E /* Chat with Webpage.app */ = {isa = PBXFileReference; explicitFileType = wrapper.application; includeInIndex = 0; path = "Chat with Webpage.app"; sourceTree = BUILT_PRODUCTS_DIR; };
		ACE97EC62FAFF6A8009D7C3E /* AppDelegate.swift */ = {isa = PBXFileReference; lastKnownFileType = sourcecode.swift; path = AppDelegate.swift; sourceTree = "<group>"; };
		ACE97EC82FAFF6A8009D7C3E /* SceneDelegate.swift */ = {isa = PBXFileReference; lastKnownFileType = sourcecode.swift; path = SceneDelegate.swift; sourceTree = "<group>"; };
		ACE97ECB2FAFF6A8009D7C3E /* Base */ = {isa = PBXFileReference; lastKnownFileType = file.storyboard; name = Base; path = Base.lproj/LaunchScreen.storyboard; sourceTree = "<group>"; };
		ACE97ECE2FAFF6A8009D7C3E /* Base */ = {isa = PBXFileReference; lastKnownFileType = file.storyboard; name = Base; path = Base.lproj/Main.storyboard; sourceTree = "<group>"; };
		ACE97ED02FAFF6A8009D7C3E /* Info.plist */ = {isa = PBXFileReference; lastKnownFileType = text.plist.xml; path = Info.plist; sourceTree = "<group>"; };
		ACE97ED52FAFF6A9009D7C3E /* Chat with Webpage.app */ = {isa = PBXFileReference; explicitFileType = wrapper.application; includeInIndex = 0; path = "Chat with Webpage.app"; sourceTree = BUILT_PRODUCTS_DIR; };
		ACE97ED72FAFF6A9009D7C3E /* AppDelegate.swift */ = {isa = PBXFileReference; lastKnownFileType = sourcecode.swift; path = AppDelegate.swift; sourceTree = "<group>"; };
		ACE97EDA2FAFF6A9009D7C3E /* Base */ = {isa = PBXFileReference; lastKnownFileType = file.storyboard; name = Base; path = Base.lproj/Main.storyboard; sourceTree = "<group>"; };
		ACE97EDC2FAFF6A9009D7C3E /* Info.plist */ = {isa = PBXFileReference; lastKnownFileType = text.plist.xml; path = Info.plist; sourceTree = "<group>"; };
		ACE97EE12FAFF6A9009D7C3E /* Chat with Webpage Extension.appex */ = {isa = PBXFileReference; explicitFileType = "wrapper.app-extension"; includeInIndex = 0; path = "Chat with Webpage Extension.appex"; sourceTree = BUILT_PRODUCTS_DIR; };
		ACE97EE62FAFF6A9009D7C3E /* Info.plist */ = {isa = PBXFileReference; lastKnownFileType = text.plist.xml; path = Info.plist; sourceTree = "<group>"; };
		ACE97EEB2FAFF6A9009D7C3E /* Chat with Webpage Extension.appex */ = {isa = PBXFileReference; explicitFileType = "wrapper.app-extension"; includeInIndex = 0; path = "Chat with Webpage Extension.appex"; sourceTree = BUILT_PRODUCTS_DIR; };
		ACE97EF02FAFF6A9009D7C3E /* Info.plist */ = {isa = PBXFileReference; lastKnownFileType = text.plist.xml; path = Info.plist; sourceTree = "<group>"; };
		ACE97F102FAFF6AA009D7C3E /* dist */ = {isa = PBXFileReference; lastKnownFileType = folder; name = dist; path = ../../.generated/extension/dist; sourceTree = "<group>"; };
		ACE97F112FAFF6AA009D7C3E /* popup.html */ = {isa = PBXFileReference; lastKnownFileType = text.html; name = popup.html; path = ../../.generated/extension/popup.html; sourceTree = "<group>"; };
		ACE97F122FAFF6AA009D7C3E /* icons */ = {isa = PBXFileReference; lastKnownFileType = folder; name = icons; path = ../../.generated/extension/icons; sourceTree = "<group>"; };
		ACE97F132FAFF6AA009D7C3E /* manifest.json */ = {isa = PBXFileReference; lastKnownFileType = text.json; name = manifest.json; path = ../../.generated/extension/manifest.json; sourceTree = "<group>"; };
		ACE97F142FAFF6AA009D7C3E /* popup.css */ = {isa = PBXFileReference; lastKnownFileType = text.css; name = popup.css; path = ../../.generated/extension/popup.css; sourceTree = "<group>"; };
/* End PBXFileReference section */

/* Begin PBXFrameworksBuildPhase section */
		ACE97EC02FAFF6A8009D7C3E /* Frameworks */ = {
			isa = PBXFrameworksBuildPhase;
			buildActionMask = 2147483647;
			files = (
			);
			runOnlyForDeploymentPostprocessing = 0;
		};
		ACE97ED22FAFF6A9009D7C3E /* Frameworks */ = {
			isa = PBXFrameworksBuildPhase;
			buildActionMask = 2147483647;
			files = (
			);
			runOnlyForDeploymentPostprocessing = 0;
		};
		ACE97EDE2FAFF6A9009D7C3E /* Frameworks */ = {
			isa = PBXFrameworksBuildPhase;
			buildActionMask = 2147483647;
			files = (
			);
			runOnlyForDeploymentPostprocessing = 0;
		};
		ACE97EE82FAFF6A9009D7C3E /* Frameworks */ = {
			isa = PBXFrameworksBuildPhase;
			buildActionMask = 2147483647;
			files = (
			);
			runOnlyForDeploymentPostprocessing = 0;
		};
/* End PBXFrameworksBuildPhase section */

/* Begin PBXGroup section */
		ACE97EAF2FAFF69C009D7C3E = {
			isa = PBXGroup;
			children = (
				ACE97EB42FAFF69D009D7C3E /* Shared (App) */,
				ACE97EBD2FAFF6A8009D7C3E /* Shared (Extension) */,
				ACE97EC52FAFF6A8009D7C3E /* iOS (App) */,
				ACE97ED62FAFF6A9009D7C3E /* macOS (App) */,
				ACE97EE52FAFF6A9009D7C3E /* iOS (Extension) */,
				ACE97EEF2FAFF6A9009D7C3E /* macOS (Extension) */,
				ACE97EC42FAFF6A8009D7C3E /* Products */,
			);
			sourceTree = "<group>";
		};
		ACE97EB42FAFF69D009D7C3E /* Shared (App) */ = {
			isa = PBXGroup;
			children = (
				ACE97EBB2FAFF69D009D7C3E /* ViewController.swift */,
				ACE97EBC2FAFF6A8009D7C3E /* Assets.xcassets */,
				ACE97EB52FAFF69D009D7C3E /* Resources */,
			);
			path = "Shared (App)";
			sourceTree = "<group>";
		};
		ACE97EB52FAFF69D009D7C3E /* Resources */ = {
			isa = PBXGroup;
			children = (
				ACE97EB62FAFF69D009D7C3E /* Main.html */,
				ACE97EB82FAFF69D009D7C3E /* Icon.png */,
				ACE97EB92FAFF69D009D7C3E /* Style.css */,
				ACE97EBA2FAFF69D009D7C3E /* Script.js */,
			);
			path = Resources;
			sourceTree = "<group>";
		};
		ACE97EBD2FAFF6A8009D7C3E /* Shared (Extension) */ = {
			isa = PBXGroup;
			children = (
				ACE97F0F2FAFF6AA009D7C3E /* Resources */,
				ACE97EBE2FAFF6A8009D7C3E /* SafariWebExtensionHandler.swift */,
			);
			path = "Shared (Extension)";
			sourceTree = "<group>";
		};
		ACE97EC42FAFF6A8009D7C3E /* Products */ = {
			isa = PBXGroup;
			children = (
				ACE97EC32FAFF6A8009D7C3E /* Chat with Webpage.app */,
				ACE97ED52FAFF6A9009D7C3E /* Chat with Webpage.app */,
				ACE97EE12FAFF6A9009D7C3E /* Chat with Webpage Extension.appex */,
				ACE97EEB2FAFF6A9009D7C3E /* Chat with Webpage Extension.appex */,
			);
			name = Products;
			sourceTree = "<group>";
		};
		ACE97EC52FAFF6A8009D7C3E /* iOS (App) */ = {
			isa = PBXGroup;
			children = (
				ACE97EC62FAFF6A8009D7C3E /* AppDelegate.swift */,
				ACE97EC82FAFF6A8009D7C3E /* SceneDelegate.swift */,
				ACE97ECA2FAFF6A8009D7C3E /* LaunchScreen.storyboard */,
				ACE97ECD2FAFF6A8009D7C3E /* Main.storyboard */,
				ACE97ED02FAFF6A8009D7C3E /* Info.plist */,
			);
			path = "iOS (App)";
			sourceTree = "<group>";
		};
		ACE97ED62FAFF6A9009D7C3E /* macOS (App) */ = {
			isa = PBXGroup;
			children = (
				ACE97ED72FAFF6A9009D7C3E /* AppDelegate.swift */,
				ACE97ED92FAFF6A9009D7C3E /* Main.storyboard */,
				ACE97EDC2FAFF6A9009D7C3E /* Info.plist */,
			);
			path = "macOS (App)";
			sourceTree = "<group>";
		};
		ACE97EE52FAFF6A9009D7C3E /* iOS (Extension) */ = {
			isa = PBXGroup;
			children = (
				ACE97EE62FAFF6A9009D7C3E /* Info.plist */,
			);
			path = "iOS (Extension)";
			sourceTree = "<group>";
		};
		ACE97EEF2FAFF6A9009D7C3E /* macOS (Extension) */ = {
			isa = PBXGroup;
			children = (
				ACE97EF02FAFF6A9009D7C3E /* Info.plist */,
			);
			path = "macOS (Extension)";
			sourceTree = "<group>";
		};
		ACE97F0F2FAFF6AA009D7C3E /* Resources */ = {
			isa = PBXGroup;
			children = (
				ACE97F102FAFF6AA009D7C3E /* dist */,
				ACE97F112FAFF6AA009D7C3E /* popup.html */,
				ACE97F122FAFF6AA009D7C3E /* icons */,
				ACE97F132FAFF6AA009D7C3E /* manifest.json */,
				ACE97F142FAFF6AA009D7C3E /* popup.css */,
			);
			name = Resources;
			path = "Shared (Extension)";
			sourceTree = SOURCE_ROOT;
		};
/* End PBXGroup section */

/* Begin PBXNativeTarget section */
		ACE97EC22FAFF6A8009D7C3E /* Chat with Webpage (iOS) */ = {
			isa = PBXNativeTarget;
			buildConfigurationList = ACE97F052FAFF6A9009D7C3E /* Build configuration list for PBXNativeTarget "Chat with Webpage (iOS)" */;
			buildPhases = (
				ACE97EBF2FAFF6A8009D7C3E /* Sources */,
				ACE97EC02FAFF6A8009D7C3E /* Frameworks */,
				ACE97EC12FAFF6A8009D7C3E /* Resources */,
				ACE97F042FAFF6A9009D7C3E /* Embed Foundation Extensions */,
			);
			buildRules = (
			);
			dependencies = (
				ACE97EE42FAFF6A9009D7C3E /* PBXTargetDependency */,
			);
			name = "Chat with Webpage (iOS)";
			packageProductDependencies = (
			);
			productName = "Chat with Webpage (iOS)";
			productReference = ACE97EC32FAFF6A8009D7C3E /* Chat with Webpage.app */;
			productType = "com.apple.product-type.application";
		};
		ACE97ED42FAFF6A9009D7C3E /* Chat with Webpage (macOS) */ = {
			isa = PBXNativeTarget;
			buildConfigurationList = ACE97F0C2FAFF6A9009D7C3E /* Build configuration list for PBXNativeTarget "Chat with Webpage (macOS)" */;
			buildPhases = (
				ACE97ED12FAFF6A9009D7C3E /* Sources */,
				ACE97ED22FAFF6A9009D7C3E /* Frameworks */,
				ACE97ED32FAFF6A9009D7C3E /* Resources */,
				ACE97F0B2FAFF6A9009D7C3E /* Embed Foundation Extensions */,
			);
			buildRules = (
			);
			dependencies = (
				ACE97EEE2FAFF6A9009D7C3E /* PBXTargetDependency */,
			);
			name = "Chat with Webpage (macOS)";
			packageProductDependencies = (
			);
			productName = "Chat with Webpage (macOS)";
			productReference = ACE97ED52FAFF6A9009D7C3E /* Chat with Webpage.app */;
			productType = "com.apple.product-type.application";
		};
		ACE97EE02FAFF6A9009D7C3E /* Chat with Webpage Extension (iOS) */ = {
			isa = PBXNativeTarget;
			buildConfigurationList = ACE97F012FAFF6A9009D7C3E /* Build configuration list for PBXNativeTarget "Chat with Webpage Extension (iOS)" */;
			buildPhases = (
				ACE97EDD2FAFF6A9009D7C3E /* Sources */,
				ACE97EDE2FAFF6A9009D7C3E /* Frameworks */,
				ACE97EDF2FAFF6A9009D7C3E /* Resources */,
			);
			buildRules = (
			);
			dependencies = (
			);
			name = "Chat with Webpage Extension (iOS)";
			packageProductDependencies = (
			);
			productName = "Chat with Webpage Extension (iOS)";
			productReference = ACE97EE12FAFF6A9009D7C3E /* Chat with Webpage Extension.appex */;
			productType = "com.apple.product-type.app-extension";
		};
		ACE97EEA2FAFF6A9009D7C3E /* Chat with Webpage Extension (macOS) */ = {
			isa = PBXNativeTarget;
			buildConfigurationList = ACE97F082FAFF6A9009D7C3E /* Build configuration list for PBXNativeTarget "Chat with Webpage Extension (macOS)" */;
			buildPhases = (
				ACE97EE72FAFF6A9009D7C3E /* Sources */,
				ACE97EE82FAFF6A9009D7C3E /* Frameworks */,
				ACE97EE92FAFF6A9009D7C3E /* Resources */,
			);
			buildRules = (
			);
			dependencies = (
			);
			name = "Chat with Webpage Extension (macOS)";
			packageProductDependencies = (
			);
			productName = "Chat with Webpage Extension (macOS)";
			productReference = ACE97EEB2FAFF6A9009D7C3E /* Chat with Webpage Extension.appex */;
			productType = "com.apple.product-type.app-extension";
		};
/* End PBXNativeTarget section */

/* Begin PBXProject section */
		ACE97EB02FAFF69C009D7C3E /* Project object */ = {
			isa = PBXProject;
			attributes = {
				BuildIndependentTargetsInParallel = 1;
				LastSwiftUpdateCheck = 2640;
				LastUpgradeCheck = 2640;
				TargetAttributes = {
					ACE97EC22FAFF6A8009D7C3E = {
						CreatedOnToolsVersion = 26.4.1;
					};
					ACE97ED42FAFF6A9009D7C3E = {
						CreatedOnToolsVersion = 26.4.1;
					};
					ACE97EE02FAFF6A9009D7C3E = {
						CreatedOnToolsVersion = 26.4.1;
					};
					ACE97EEA2FAFF6A9009D7C3E = {
						CreatedOnToolsVersion = 26.4.1;
					};
				};
			};
			buildConfigurationList = ACE97EB32FAFF69C009D7C3E /* Build configuration list for PBXProject "Chat with Webpage" */;
			developmentRegion = en;
			hasScannedForEncodings = 0;
			knownRegions = (
				en,
				Base,
			);
			mainGroup = ACE97EAF2FAFF69C009D7C3E;
			minimizedProjectReferenceProxies = 1;
			preferredProjectObjectVersion = 77;
			productRefGroup = ACE97EC42FAFF6A8009D7C3E /* Products */;
			projectDirPath = "";
			projectRoot = "";
			targets = (
				ACE97EC22FAFF6A8009D7C3E /* Chat with Webpage (iOS) */,
				ACE97ED42FAFF6A9009D7C3E /* Chat with Webpage (macOS) */,
				ACE97EE02FAFF6A9009D7C3E /* Chat with Webpage Extension (iOS) */,
				ACE97EEA2FAFF6A9009D7C3E /* Chat with Webpage Extension (macOS) */,
			);
		};
/* End PBXProject section */

/* Begin PBXResourcesBuildPhase section */
		ACE97EC12FAFF6A8009D7C3E /* Resources */ = {
			isa = PBXResourcesBuildPhase;
			buildActionMask = 2147483647;
			files = (
				ACE97EF32FAFF6A9009D7C3E /* Icon.png in Resources */,
				ACE97ECC2FAFF6A8009D7C3E /* LaunchScreen.storyboard in Resources */,
				ACE97EF12FAFF6A9009D7C3E /* Main.html in Resources */,
				ACE97EF72FAFF6A9009D7C3E /* Script.js in Resources */,
				ACE97EFB2FAFF6A9009D7C3E /* Assets.xcassets in Resources */,
				ACE97ECF2FAFF6A8009D7C3E /* Main.storyboard in Resources */,
				ACE97EF52FAFF6A9009D7C3E /* Style.css in Resources */,
			);
			runOnlyForDeploymentPostprocessing = 0;
		};
		ACE97ED32FAFF6A9009D7C3E /* Resources */ = {
			isa = PBXResourcesBuildPhase;
			buildActionMask = 2147483647;
			files = (
				ACE97EF42FAFF6A9009D7C3E /* Icon.png in Resources */,
				ACE97EF62FAFF6A9009D7C3E /* Style.css in Resources */,
				ACE97EDB2FAFF6A9009D7C3E /* Main.storyboard in Resources */,
				ACE97EF82FAFF6A9009D7C3E /* Script.js in Resources */,
				ACE97EFC2FAFF6A9009D7C3E /* Assets.xcassets in Resources */,
				ACE97EF22FAFF6A9009D7C3E /* Main.html in Resources */,
			);
			runOnlyForDeploymentPostprocessing = 0;
		};
		ACE97EDF2FAFF6A9009D7C3E /* Resources */ = {
			isa = PBXResourcesBuildPhase;
			buildActionMask = 2147483647;
			files = (
				ACE97F1E2FAFF6AA009D7C3E /* popup.css in Resources */,
				ACE97F1D2FAFF6AA009D7C3E /* manifest.json in Resources */,
				ACE97F1C2FAFF6AA009D7C3E /* icons in Resources */,
				ACE97F1A2FAFF6AA009D7C3E /* dist in Resources */,
				ACE97F1B2FAFF6AA009D7C3E /* popup.html in Resources */,
			);
			runOnlyForDeploymentPostprocessing = 0;
		};
		ACE97EE92FAFF6A9009D7C3E /* Resources */ = {
			isa = PBXResourcesBuildPhase;
			buildActionMask = 2147483647;
			files = (
				ACE97F192FAFF6AA009D7C3E /* popup.css in Resources */,
				ACE97F182FAFF6AA009D7C3E /* manifest.json in Resources */,
				ACE97F172FAFF6AA009D7C3E /* icons in Resources */,
				ACE97F152FAFF6AA009D7C3E /* dist in Resources */,
				ACE97F162FAFF6AA009D7C3E /* popup.html in Resources */,
			);
			runOnlyForDeploymentPostprocessing = 0;
		};
/* End PBXResourcesBuildPhase section */

/* Begin PBXSourcesBuildPhase section */
		ACE97EBF2FAFF6A8009D7C3E /* Sources */ = {
			isa = PBXSourcesBuildPhase;
			buildActionMask = 2147483647;
			files = (
				ACE97EF92FAFF6A9009D7C3E /* ViewController.swift in Sources */,
				ACE97EC72FAFF6A8009D7C3E /* AppDelegate.swift in Sources */,
				ACE97EC92FAFF6A8009D7C3E /* SceneDelegate.swift in Sources */,
			);
			runOnlyForDeploymentPostprocessing = 0;
		};
		ACE97ED12FAFF6A9009D7C3E /* Sources */ = {
			isa = PBXSourcesBuildPhase;
			buildActionMask = 2147483647;
			files = (
				ACE97EFA2FAFF6A9009D7C3E /* ViewController.swift in Sources */,
				ACE97ED82FAFF6A9009D7C3E /* AppDelegate.swift in Sources */,
			);
			runOnlyForDeploymentPostprocessing = 0;
		};
		ACE97EDD2FAFF6A9009D7C3E /* Sources */ = {
			isa = PBXSourcesBuildPhase;
			buildActionMask = 2147483647;
			files = (
				ACE97EFD2FAFF6A9009D7C3E /* SafariWebExtensionHandler.swift in Sources */,
			);
			runOnlyForDeploymentPostprocessing = 0;
		};
		ACE97EE72FAFF6A9009D7C3E /* Sources */ = {
			isa = PBXSourcesBuildPhase;
			buildActionMask = 2147483647;
			files = (
				ACE97EFE2FAFF6A9009D7C3E /* SafariWebExtensionHandler.swift in Sources */,
			);
			runOnlyForDeploymentPostprocessing = 0;
		};
/* End PBXSourcesBuildPhase section */

/* Begin PBXTargetDependency section */
		ACE97EE42FAFF6A9009D7C3E /* PBXTargetDependency */ = {
			isa = PBXTargetDependency;
			target = ACE97EE02FAFF6A9009D7C3E /* Chat with Webpage Extension (iOS) */;
			targetProxy = ACE97EE32FAFF6A9009D7C3E /* PBXContainerItemProxy */;
		};
		ACE97EEE2FAFF6A9009D7C3E /* PBXTargetDependency */ = {
			isa = PBXTargetDependency;
			target = ACE97EEA2FAFF6A9009D7C3E /* Chat with Webpage Extension (macOS) */;
			targetProxy = ACE97EED2FAFF6A9009D7C3E /* PBXContainerItemProxy */;
		};
/* End PBXTargetDependency section */

/* Begin PBXVariantGroup section */
		ACE97EB62FAFF69D009D7C3E /* Main.html */ = {
			isa = PBXVariantGroup;
			children = (
				ACE97EB72FAFF69D009D7C3E /* Base */,
			);
			name = Main.html;
			sourceTree = "<group>";
		};
		ACE97ECA2FAFF6A8009D7C3E /* LaunchScreen.storyboard */ = {
			isa = PBXVariantGroup;
			children = (
				ACE97ECB2FAFF6A8009D7C3E /* Base */,
			);
			name = LaunchScreen.storyboard;
			sourceTree = "<group>";
		};
		ACE97ECD2FAFF6A8009D7C3E /* Main.storyboard */ = {
			isa = PBXVariantGroup;
			children = (
				ACE97ECE2FAFF6A8009D7C3E /* Base */,
			);
			name = Main.storyboard;
			sourceTree = "<group>";
		};
		ACE97ED92FAFF6A9009D7C3E /* Main.storyboard */ = {
			isa = PBXVariantGroup;
			children = (
				ACE97EDA2FAFF6A9009D7C3E /* Base */,
			);
			name = Main.storyboard;
			sourceTree = "<group>";
		};
/* End PBXVariantGroup section */

/* Begin XCBuildConfiguration section */
		ACE97EFF2FAFF6A9009D7C3E /* Debug */ = {
			isa = XCBuildConfiguration;
			buildSettings = {
				ALWAYS_SEARCH_USER_PATHS = NO;
				ASSETCATALOG_COMPILER_GENERATE_SWIFT_ASSET_SYMBOL_EXTENSIONS = YES;
				CLANG_ANALYZER_NONNULL = YES;
				CLANG_ANALYZER_NUMBER_OBJECT_CONVERSION = YES_AGGRESSIVE;
				CLANG_CXX_LANGUAGE_STANDARD = "gnu++20";
				CLANG_ENABLE_MODULES = YES;
				CLANG_ENABLE_OBJC_ARC = YES;
				CLANG_ENABLE_OBJC_WEAK = YES;
				CLANG_WARN_BLOCK_CAPTURE_AUTORELEASING = YES;
				CLANG_WARN_BOOL_CONVERSION = YES;
				CLANG_WARN_COMMA = YES;
				CLANG_WARN_CONSTANT_CONVERSION = YES;
				CLANG_WARN_DEPRECATED_OBJC_IMPLEMENTATIONS = YES;
				CLANG_WARN_DIRECT_OBJC_ISA_USAGE = YES_ERROR;
				CLANG_WARN_DOCUMENTATION_COMMENTS = YES;
				CLANG_WARN_EMPTY_BODY = YES;
				CLANG_WARN_ENUM_CONVERSION = YES;
				CLANG_WARN_INFINITE_RECURSION = YES;
				CLANG_WARN_INT_CONVERSION = YES;
				CLANG_WARN_NON_LITERAL_NULL_CONVERSION = YES;
				CLANG_WARN_OBJC_IMPLICIT_RETAIN_SELF = YES;
				CLANG_WARN_OBJC_LITERAL_CONVERSION = YES;
				CLANG_WARN_OBJC_ROOT_CLASS = YES_ERROR;
				CLANG_WARN_QUOTED_INCLUDE_IN_FRAMEWORK_HEADER = YES;
				CLANG_WARN_RANGE_LOOP_ANALYSIS = YES;
				CLANG_WARN_STRICT_PROTOTYPES = YES;
				CLANG_WARN_SUSPICIOUS_MOVE = YES;
				CLANG_WARN_UNGUARDED_AVAILABILITY = YES_AGGRESSIVE;
				CLANG_WARN_UNREACHABLE_CODE = YES;
				CLANG_WARN__DUPLICATE_METHOD_MATCH = YES;
				COPY_PHASE_STRIP = NO;
				DEBUG_INFORMATION_FORMAT = dwarf;
				ENABLE_STRICT_OBJC_MSGSEND = YES;
				ENABLE_TESTABILITY = YES;
				ENABLE_USER_SCRIPT_SANDBOXING = YES;
				GCC_C_LANGUAGE_STANDARD = gnu17;
				GCC_DYNAMIC_NO_PIC = NO;
				GCC_NO_COMMON_BLOCKS = YES;
				GCC_OPTIMIZATION_LEVEL = 0;
				GCC_PREPROCESSOR_DEFINITIONS = (
					"DEBUG=1",
					"$(inherited)",
				);
				GCC_WARN_64_TO_32_BIT_CONVERSION = YES;
				GCC_WARN_ABOUT_RETURN_TYPE = YES_ERROR;
				GCC_WARN_UNDECLARED_SELECTOR = YES;
				GCC_WARN_UNINITIALIZED_AUTOS = YES_AGGRESSIVE;
				GCC_WARN_UNUSED_FUNCTION = YES;
				GCC_WARN_UNUSED_VARIABLE = YES;
				LOCALIZATION_PREFERS_STRING_CATALOGS = YES;
				MTL_ENABLE_DEBUG_INFO = INCLUDE_SOURCE;
				MTL_FAST_MATH = YES;
				ONLY_ACTIVE_ARCH = YES;
				SWIFT_ACTIVE_COMPILATION_CONDITIONS = "DEBUG $(inherited)";
				SWIFT_OPTIMIZATION_LEVEL = "-Onone";
			};
			name = Debug;
		};
		ACE97F002FAFF6A9009D7C3E /* Release */ = {
			isa = XCBuildConfiguration;
			buildSettings = {
				ALWAYS_SEARCH_USER_PATHS = NO;
				ASSETCATALOG_COMPILER_GENERATE_SWIFT_ASSET_SYMBOL_EXTENSIONS = YES;
				CLANG_ANALYZER_NONNULL = YES;
				CLANG_ANALYZER_NUMBER_OBJECT_CONVERSION = YES_AGGRESSIVE;
				CLANG_CXX_LANGUAGE_STANDARD = "gnu++20";
				CLANG_ENABLE_MODULES = YES;
				CLANG_ENABLE_OBJC_ARC = YES;
				CLANG_ENABLE_OBJC_WEAK = YES;
				CLANG_WARN_BLOCK_CAPTURE_AUTORELEASING = YES;
				CLANG_WARN_BOOL_CONVERSION = YES;
				CLANG_WARN_COMMA = YES;
				CLANG_WARN_CONSTANT_CONVERSION = YES;
				CLANG_WARN_DEPRECATED_OBJC_IMPLEMENTATIONS = YES;
				CLANG_WARN_DIRECT_OBJC_ISA_USAGE = YES_ERROR;
				CLANG_WARN_DOCUMENTATION_COMMENTS = YES;
				CLANG_WARN_EMPTY_BODY = YES;
				CLANG_WARN_ENUM_CONVERSION = YES;
				CLANG_WARN_INFINITE_RECURSION = YES;
				CLANG_WARN_INT_CONVERSION = YES;
				CLANG_WARN_NON_LITERAL_NULL_CONVERSION = YES;
				CLANG_WARN_OBJC_IMPLICIT_RETAIN_SELF = YES;
				CLANG_WARN_OBJC_LITERAL_CONVERSION = YES;
				CLANG_WARN_OBJC_ROOT_CLASS = YES_ERROR;
				CLANG_WARN_QUOTED_INCLUDE_IN_FRAMEWORK_HEADER = YES;
				CLANG_WARN_RANGE_LOOP_ANALYSIS = YES;
				CLANG_WARN_STRICT_PROTOTYPES = YES;
				CLANG_WARN_SUSPICIOUS_MOVE = YES;
				CLANG_WARN_UNGUARDED_AVAILABILITY = YES_AGGRESSIVE;
				CLANG_WARN_UNREACHABLE_CODE = YES;
				CLANG_WARN__DUPLICATE_METHOD_MATCH = YES;
				COPY_PHASE_STRIP = NO;
				DEBUG_INFORMATION_FORMAT = "dwarf-with-dsym";
				ENABLE_NS_ASSERTIONS = NO;
				ENABLE_STRICT_OBJC_MSGSEND = YES;
				ENABLE_USER_SCRIPT_SANDBOXING = YES;
				GCC_C_LANGUAGE_STANDARD = gnu17;
				GCC_NO_COMMON_BLOCKS = YES;
				GCC_WARN_64_TO_32_BIT_CONVERSION = YES;
				GCC_WARN_ABOUT_RETURN_TYPE = YES_ERROR;
				GCC_WARN_UNDECLARED_SELECTOR = YES;
				GCC_WARN_UNINITIALIZED_AUTOS = YES_AGGRESSIVE;
				GCC_WARN_UNUSED_FUNCTION = YES;
				GCC_WARN_UNUSED_VARIABLE = YES;
				LOCALIZATION_PREFERS_STRING_CATALOGS = YES;
				MTL_ENABLE_DEBUG_INFO = NO;
				MTL_FAST_MATH = YES;
				SWIFT_COMPILATION_MODE = wholemodule;
			};
			name = Release;
		};
		ACE97F022FAFF6A9009D7C3E /* Debug */ = {
			isa = XCBuildConfiguration;
			buildSettings = {
				CODE_SIGN_STYLE = Automatic;
				CURRENT_PROJECT_VERSION = 1;
				GENERATE_INFOPLIST_FILE = YES;
				INFOPLIST_FILE = "iOS (Extension)/Info.plist";
				INFOPLIST_KEY_CFBundleDisplayName = "Chat with Webpage Extension";
				INFOPLIST_KEY_NSHumanReadableCopyright = "";
				IPHONEOS_DEPLOYMENT_TARGET = 15.0;
				LD_RUNPATH_SEARCH_PATHS = (
					"$(inherited)",
					"@executable_path/Frameworks",
					"@executable_path/../../Frameworks",
				);
				MARKETING_VERSION = 1.0;
				OTHER_LDFLAGS = (
					"-framework",
					SafariServices,
				);
				PRODUCT_BUNDLE_IDENTIFIER = com.elizaos.chatwithwebpage.Extension;
				PRODUCT_NAME = "Chat with Webpage Extension";
				SDKROOT = iphoneos;
				SKIP_INSTALL = YES;
				STRING_CATALOG_GENERATE_SYMBOLS = YES;
				SWIFT_APPROACHABLE_CONCURRENCY = YES;
				SWIFT_EMIT_LOC_STRINGS = YES;
				SWIFT_UPCOMING_FEATURE_MEMBER_IMPORT_VISIBILITY = YES;
				SWIFT_VERSION = 5.0;
				TARGETED_DEVICE_FAMILY = "1,2";
			};
			name = Debug;
		};
		ACE97F032FAFF6A9009D7C3E /* Release */ = {
			isa = XCBuildConfiguration;
			buildSettings = {
				CODE_SIGN_STYLE = Automatic;
				CURRENT_PROJECT_VERSION = 1;
				GENERATE_INFOPLIST_FILE = YES;
				INFOPLIST_FILE = "iOS (Extension)/Info.plist";
				INFOPLIST_KEY_CFBundleDisplayName = "Chat with Webpage Extension";
				INFOPLIST_KEY_NSHumanReadableCopyright = "";
				IPHONEOS_DEPLOYMENT_TARGET = 15.0;
				LD_RUNPATH_SEARCH_PATHS = (
					"$(inherited)",
					"@executable_path/Frameworks",
					"@executable_path/../../Frameworks",
				);
				MARKETING_VERSION = 1.0;
				OTHER_LDFLAGS = (
					"-framework",
					SafariServices,
				);
				PRODUCT_BUNDLE_IDENTIFIER = com.elizaos.chatwithwebpage.Extension;
				PRODUCT_NAME = "Chat with Webpage Extension";
				SDKROOT = iphoneos;
				SKIP_INSTALL = YES;
				STRING_CATALOG_GENERATE_SYMBOLS = YES;
				SWIFT_APPROACHABLE_CONCURRENCY = YES;
				SWIFT_EMIT_LOC_STRINGS = YES;
				SWIFT_UPCOMING_FEATURE_MEMBER_IMPORT_VISIBILITY = YES;
				SWIFT_VERSION = 5.0;
				TARGETED_DEVICE_FAMILY = "1,2";
				VALIDATE_PRODUCT = YES;
			};
			name = Release;
		};
		ACE97F062FAFF6A9009D7C3E /* Debug */ = {
			isa = XCBuildConfiguration;
			buildSettings = {
				ASSETCATALOG_COMPILER_APPICON_NAME = AppIcon;
				ASSETCATALOG_COMPILER_GLOBAL_ACCENT_COLOR_NAME = AccentColor;
				CODE_SIGN_STYLE = Automatic;
				CURRENT_PROJECT_VERSION = 1;
				GENERATE_INFOPLIST_FILE = YES;
				INFOPLIST_FILE = "iOS (App)/Info.plist";
				INFOPLIST_KEY_CFBundleDisplayName = "Chat with Webpage";
				INFOPLIST_KEY_UIApplicationSupportsIndirectInputEvents = YES;
				INFOPLIST_KEY_UILaunchStoryboardName = LaunchScreen;
				INFOPLIST_KEY_UIMainStoryboardFile = Main;
				INFOPLIST_KEY_UISupportedInterfaceOrientations = "UIInterfaceOrientationPortrait UIInterfaceOrientationLandscapeLeft UIInterfaceOrientationLandscapeRight";
				INFOPLIST_KEY_UISupportedInterfaceOrientations_iPad = "UIInterfaceOrientationPortrait UIInterfaceOrientationPortraitUpsideDown UIInterfaceOrientationLandscapeLeft UIInterfaceOrientationLandscapeRight";
				IPHONEOS_DEPLOYMENT_TARGET = 15.0;
				LD_RUNPATH_SEARCH_PATHS = (
					"$(inherited)",
					"@executable_path/Frameworks",
				);
				MARKETING_VERSION = 1.0;
				OTHER_LDFLAGS = (
					"-framework",
					SafariServices,
					"-framework",
					WebKit,
				);
				PRODUCT_BUNDLE_IDENTIFIER = com.elizaos.chatwithwebpage;
				PRODUCT_NAME = "Chat with Webpage";
				SDKROOT = iphoneos;
				STRING_CATALOG_GENERATE_SYMBOLS = YES;
				SWIFT_APPROACHABLE_CONCURRENCY = YES;
				SWIFT_DEFAULT_ACTOR_ISOLATION = MainActor;
				SWIFT_EMIT_LOC_STRINGS = YES;
				SWIFT_UPCOMING_FEATURE_MEMBER_IMPORT_VISIBILITY = YES;
				SWIFT_VERSION = 5.0;
				TARGETED_DEVICE_FAMILY = "1,2";
			};
			name = Debug;
		};
		ACE97F072FAFF6A9009D7C3E /* Release */ = {
			isa = XCBuildConfiguration;
			buildSettings = {
				ASSETCATALOG_COMPILER_APPICON_NAME = AppIcon;
				ASSETCATALOG_COMPILER_GLOBAL_ACCENT_COLOR_NAME = AccentColor;
				CODE_SIGN_STYLE = Automatic;
				CURRENT_PROJECT_VERSION = 1;
				GENERATE_INFOPLIST_FILE = YES;
				INFOPLIST_FILE = "iOS (App)/Info.plist";
				INFOPLIST_KEY_CFBundleDisplayName = "Chat with Webpage";
				INFOPLIST_KEY_UIApplicationSupportsIndirectInputEvents = YES;
				INFOPLIST_KEY_UILaunchStoryboardName = LaunchScreen;
				INFOPLIST_KEY_UIMainStoryboardFile = Main;
				INFOPLIST_KEY_UISupportedInterfaceOrientations = "UIInterfaceOrientationPortrait UIInterfaceOrientationLandscapeLeft UIInterfaceOrientationLandscapeRight";
				INFOPLIST_KEY_UISupportedInterfaceOrientations_iPad = "UIInterfaceOrientationPortrait UIInterfaceOrientationPortraitUpsideDown UIInterfaceOrientationLandscapeLeft UIInterfaceOrientationLandscapeRight";
				IPHONEOS_DEPLOYMENT_TARGET = 15.0;
				LD_RUNPATH_SEARCH_PATHS = (
					"$(inherited)",
					"@executable_path/Frameworks",
				);
				MARKETING_VERSION = 1.0;
				OTHER_LDFLAGS = (
					"-framework",
					SafariServices,
					"-framework",
					WebKit,
				);
				PRODUCT_BUNDLE_IDENTIFIER = com.elizaos.chatwithwebpage;
				PRODUCT_NAME = "Chat with Webpage";
				SDKROOT = iphoneos;
				STRING_CATALOG_GENERATE_SYMBOLS = YES;
				SWIFT_APPROACHABLE_CONCURRENCY = YES;
				SWIFT_DEFAULT_ACTOR_ISOLATION = MainActor;
				SWIFT_EMIT_LOC_STRINGS = YES;
				SWIFT_UPCOMING_FEATURE_MEMBER_IMPORT_VISIBILITY = YES;
				SWIFT_VERSION = 5.0;
				TARGETED_DEVICE_FAMILY = "1,2";
				VALIDATE_PRODUCT = YES;
			};
			name = Release;
		};
		ACE97F092FAFF6A9009D7C3E /* Debug */ = {
			isa = XCBuildConfiguration;
			buildSettings = {
				CODE_SIGN_STYLE = Automatic;
				CURRENT_PROJECT_VERSION = 1;
				ENABLE_APP_SANDBOX = YES;
				ENABLE_HARDENED_RUNTIME = YES;
				ENABLE_USER_SELECTED_FILES = readonly;
				GENERATE_INFOPLIST_FILE = YES;
				INFOPLIST_FILE = "macOS (Extension)/Info.plist";
				INFOPLIST_KEY_CFBundleDisplayName = "Chat with Webpage Extension";
				INFOPLIST_KEY_NSHumanReadableCopyright = "";
				LD_RUNPATH_SEARCH_PATHS = (
					"$(inherited)",
					"@executable_path/../Frameworks",
					"@executable_path/../../../../Frameworks",
				);
				MACOSX_DEPLOYMENT_TARGET = 10.14;
				MARKETING_VERSION = 1.0;
				OTHER_LDFLAGS = (
					"-framework",
					SafariServices,
				);
				PRODUCT_BUNDLE_IDENTIFIER = com.elizaos.chatwithwebpage.Extension;
				PRODUCT_NAME = "Chat with Webpage Extension";
				SDKROOT = macosx;
				SKIP_INSTALL = YES;
				STRING_CATALOG_GENERATE_SYMBOLS = YES;
				SWIFT_APPROACHABLE_CONCURRENCY = YES;
				SWIFT_EMIT_LOC_STRINGS = YES;
				SWIFT_UPCOMING_FEATURE_MEMBER_IMPORT_VISIBILITY = YES;
				SWIFT_VERSION = 5.0;
			};
			name = Debug;
		};
		ACE97F0A2FAFF6A9009D7C3E /* Release */ = {
			isa = XCBuildConfiguration;
			buildSettings = {
				CODE_SIGN_STYLE = Automatic;
				CURRENT_PROJECT_VERSION = 1;
				ENABLE_APP_SANDBOX = YES;
				ENABLE_HARDENED_RUNTIME = YES;
				ENABLE_USER_SELECTED_FILES = readonly;
				GENERATE_INFOPLIST_FILE = YES;
				INFOPLIST_FILE = "macOS (Extension)/Info.plist";
				INFOPLIST_KEY_CFBundleDisplayName = "Chat with Webpage Extension";
				INFOPLIST_KEY_NSHumanReadableCopyright = "";
				LD_RUNPATH_SEARCH_PATHS = (
					"$(inherited)",
					"@executable_path/../Frameworks",
					"@executable_path/../../../../Frameworks",
				);
				MACOSX_DEPLOYMENT_TARGET = 10.14;
				MARKETING_VERSION = 1.0;
				OTHER_LDFLAGS = (
					"-framework",
					SafariServices,
				);
				PRODUCT_BUNDLE_IDENTIFIER = com.elizaos.chatwithwebpage.Extension;
				PRODUCT_NAME = "Chat with Webpage Extension";
				SDKROOT = macosx;
				SKIP_INSTALL = YES;
				STRING_CATALOG_GENERATE_SYMBOLS = YES;
				SWIFT_APPROACHABLE_CONCURRENCY = YES;
				SWIFT_EMIT_LOC_STRINGS = YES;
				SWIFT_UPCOMING_FEATURE_MEMBER_IMPORT_VISIBILITY = YES;
				SWIFT_VERSION = 5.0;
			};
			name = Release;
		};
		ACE97F0D2FAFF6A9009D7C3E /* Debug */ = {
			isa = XCBuildConfiguration;
			buildSettings = {
				ASSETCATALOG_COMPILER_APPICON_NAME = AppIcon;
				ASSETCATALOG_COMPILER_GLOBAL_ACCENT_COLOR_NAME = AccentColor;
				CODE_SIGN_STYLE = Automatic;
				CURRENT_PROJECT_VERSION = 1;
				ENABLE_APP_SANDBOX = YES;
				ENABLE_HARDENED_RUNTIME = YES;
				ENABLE_OUTGOING_NETWORK_CONNECTIONS = YES;
				ENABLE_USER_SELECTED_FILES = readonly;
				GENERATE_INFOPLIST_FILE = YES;
				INFOPLIST_FILE = "macOS (App)/Info.plist";
				INFOPLIST_KEY_CFBundleDisplayName = "Chat with Webpage";
				INFOPLIST_KEY_NSMainStoryboardFile = Main;
				INFOPLIST_KEY_NSPrincipalClass = NSApplication;
				LD_RUNPATH_SEARCH_PATHS = (
					"$(inherited)",
					"@executable_path/../Frameworks",
				);
				MACOSX_DEPLOYMENT_TARGET = 10.14;
				MARKETING_VERSION = 1.0;
				OTHER_LDFLAGS = (
					"-framework",
					SafariServices,
					"-framework",
					WebKit,
				);
				PRODUCT_BUNDLE_IDENTIFIER = com.elizaos.chatwithwebpage;
				PRODUCT_NAME = "Chat with Webpage";
				REGISTER_APP_GROUPS = YES;
				SDKROOT = macosx;
				STRING_CATALOG_GENERATE_SYMBOLS = YES;
				SWIFT_APPROACHABLE_CONCURRENCY = YES;
				SWIFT_DEFAULT_ACTOR_ISOLATION = MainActor;
				SWIFT_EMIT_LOC_STRINGS = YES;
				SWIFT_UPCOMING_FEATURE_MEMBER_IMPORT_VISIBILITY = YES;
				SWIFT_VERSION = 5.0;
			};
			name = Debug;
		};
		ACE97F0E2FAFF6A9009D7C3E /* Release */ = {
			isa = XCBuildConfiguration;
			buildSettings = {
				ASSETCATALOG_COMPILER_APPICON_NAME = AppIcon;
				ASSETCATALOG_COMPILER_GLOBAL_ACCENT_COLOR_NAME = AccentColor;
				CODE_SIGN_STYLE = Automatic;
				CURRENT_PROJECT_VERSION = 1;
				ENABLE_APP_SANDBOX = YES;
				ENABLE_HARDENED_RUNTIME = YES;
				ENABLE_OUTGOING_NETWORK_CONNECTIONS = YES;
				ENABLE_USER_SELECTED_FILES = readonly;
				GENERATE_INFOPLIST_FILE = YES;
				INFOPLIST_FILE = "macOS (App)/Info.plist";
				INFOPLIST_KEY_CFBundleDisplayName = "Chat with Webpage";
				INFOPLIST_KEY_NSMainStoryboardFile = Main;
				INFOPLIST_KEY_NSPrincipalClass = NSApplication;
				LD_RUNPATH_SEARCH_PATHS = (
					"$(inherited)",
					"@executable_path/../Frameworks",
				);
				MACOSX_DEPLOYMENT_TARGET = 10.14;
				MARKETING_VERSION = 1.0;
				OTHER_LDFLAGS = (
					"-framework",
					SafariServices,
					"-framework",
					WebKit,
				);
				PRODUCT_BUNDLE_IDENTIFIER = com.elizaos.chatwithwebpage;
				PRODUCT_NAME = "Chat with Webpage";
				REGISTER_APP_GROUPS = YES;
				SDKROOT = macosx;
				STRING_CATALOG_GENERATE_SYMBOLS = YES;
				SWIFT_APPROACHABLE_CONCURRENCY = YES;
				SWIFT_DEFAULT_ACTOR_ISOLATION = MainActor;
				SWIFT_EMIT_LOC_STRINGS = YES;
				SWIFT_UPCOMING_FEATURE_MEMBER_IMPORT_VISIBILITY = YES;
				SWIFT_VERSION = 5.0;
			};
			name = Release;
		};
/* End XCBuildConfiguration section */

/* Begin XCConfigurationList section */
		ACE97EB32FAFF69C009D7C3E /* Build configuration list for PBXProject "Chat with Webpage" */ = {
			isa = XCConfigurationList;
			buildConfigurations = (
				ACE97EFF2FAFF6A9009D7C3E /* Debug */,
				ACE97F002FAFF6A9009D7C3E /* Release */,
			);
			defaultConfigurationIsVisible = 0;
			defaultConfigurationName = Release;
		};
		ACE97F012FAFF6A9009D7C3E /* Build configuration list for PBXNativeTarget "Chat with Webpage Extension (iOS)" */ = {
			isa = XCConfigurationList;
			buildConfigurations = (
				ACE97F022FAFF6A9009D7C3E /* Debug */,
				ACE97F032FAFF6A9009D7C3E /* Release */,
			);
			defaultConfigurationIsVisible = 0;
			defaultConfigurationName = Release;
		};
		ACE97F052FAFF6A9009D7C3E /* Build configuration list for PBXNativeTarget "Chat with Webpage (iOS)" */ = {
			isa = XCConfigurationList;
			buildConfigurations = (
				ACE97F062FAFF6A9009D7C3E /* Debug */,
				ACE97F072FAFF6A9009D7C3E /* Release */,
			);
			defaultConfigurationIsVisible = 0;
			defaultConfigurationName = Release;
		};
		ACE97F082FAFF6A9009D7C3E /* Build configuration list for PBXNativeTarget "Chat with Webpage Extension (macOS)" */ = {
			isa = XCConfigurationList;
			buildConfigurations = (
				ACE97F092FAFF6A9009D7C3E /* Debug */,
				ACE97F0A2FAFF6A9009D7C3E /* Release */,
			);
			defaultConfigurationIsVisible = 0;
			defaultConfigurationName = Release;
		};
		ACE97F0C2FAFF6A9009D7C3E /* Build configuration list for PBXNativeTarget "Chat with Webpage (macOS)" */ = {
			isa = XCConfigurationList;
			buildConfigurations = (
				ACE97F0D2FAFF6A9009D7C3E /* Debug */,
				ACE97F0E2FAFF6A9009D7C3E /* Release */,
			);
			defaultConfigurationIsVisible = 0;
			defaultConfigurationName = Release;
		};
/* End XCConfigurationList section */
	};
	rootObject = ACE97EB02FAFF69C009D7C3E /* Project object */;
}
