// !$*UTF8*$!
{
	archiveVersion = 1;
	classes = {
	};
	objectVersion = 77;
	objects = {

/* Begin PBXBuildFile section */
		ACFA31FE2FB17AC8005FA408 /* AppDelegate.swift in Sources */ = {isa = PBXBuildFile; fileRef = ACFA31FD2FB17AC8005FA408 /* AppDelegate.swift */; };
		ACFA32002FB17AC8005FA408 /* SceneDelegate.swift in Sources */ = {isa = PBXBuildFile; fileRef = ACFA31FF2FB17AC8005FA408 /* SceneDelegate.swift */; };
		ACFA32032FB17AC8005FA408 /* LaunchScreen.storyboard in Resources */ = {isa = PBXBuildFile; fileRef = ACFA32012FB17AC8005FA408 /* LaunchScreen.storyboard */; };
		ACFA32062FB17AC8005FA408 /* Main.storyboard in Resources */ = {isa = PBXBuildFile; fileRef = ACFA32042FB17AC8005FA408 /* Main.storyboard */; };
		ACFA320F2FB17AC9005FA408 /* AppDelegate.swift in Sources */ = {isa = PBXBuildFile; fileRef = ACFA320E2FB17AC9005FA408 /* AppDelegate.swift */; };
		ACFA32122FB17AC9005FA408 /* Main.storyboard in Resources */ = {isa = PBXBuildFile; fileRef = ACFA32102FB17AC9005FA408 /* Main.storyboard */; };
		ACFA32192FB17ACA005FA408 /* Chat with Webpage Extension.appex in Embed Foundation Extensions */ = {isa = PBXBuildFile; fileRef = ACFA32182FB17ACA005FA408 /* Chat with Webpage Extension.appex */; settings = {ATTRIBUTES = (RemoveHeadersOnCopy, ); }; };
		ACFA32232FB17ACA005FA408 /* Chat with Webpage Extension.appex in Embed Foundation Extensions */ = {isa = PBXBuildFile; fileRef = ACFA32222FB17ACA005FA408 /* Chat with Webpage Extension.appex */; settings = {ATTRIBUTES = (RemoveHeadersOnCopy, ); }; };
		ACFA32282FB17ACA005FA408 /* Main.html in Resources */ = {isa = PBXBuildFile; fileRef = ACFA31ED2FB17AB2005FA408 /* Main.html */; };
		ACFA32292FB17ACA005FA408 /* Main.html in Resources */ = {isa = PBXBuildFile; fileRef = ACFA31ED2FB17AB2005FA408 /* Main.html */; };
		ACFA322A2FB17ACA005FA408 /* Icon.png in Resources */ = {isa = PBXBuildFile; fileRef = ACFA31EF2FB17AB2005FA408 /* Icon.png */; };
		ACFA322B2FB17ACA005FA408 /* Icon.png in Resources */ = {isa = PBXBuildFile; fileRef = ACFA31EF2FB17AB2005FA408 /* Icon.png */; };
		ACFA322C2FB17ACA005FA408 /* Style.css in Resources */ = {isa = PBXBuildFile; fileRef = ACFA31F02FB17AB2005FA408 /* Style.css */; };
		ACFA322D2FB17ACA005FA408 /* Style.css in Resources */ = {isa = PBXBuildFile; fileRef = ACFA31F02FB17AB2005FA408 /* Style.css */; };
		ACFA322E2FB17ACA005FA408 /* Script.js in Resources */ = {isa = PBXBuildFile; fileRef = ACFA31F12FB17AB2005FA408 /* Script.js */; };
		ACFA322F2FB17ACA005FA408 /* Script.js in Resources */ = {isa = PBXBuildFile; fileRef = ACFA31F12FB17AB2005FA408 /* Script.js */; };
		ACFA32302FB17ACA005FA408 /* ViewController.swift in Sources */ = {isa = PBXBuildFile; fileRef = ACFA31F22FB17AB2005FA408 /* ViewController.swift */; };
		ACFA32312FB17ACA005FA408 /* ViewController.swift in Sources */ = {isa = PBXBuildFile; fileRef = ACFA31F22FB17AB2005FA408 /* ViewController.swift */; };
		ACFA32322FB17ACA005FA408 /* Assets.xcassets in Resources */ = {isa = PBXBuildFile; fileRef = ACFA31F32FB17AC8005FA408 /* Assets.xcassets */; };
		ACFA32332FB17ACA005FA408 /* Assets.xcassets in Resources */ = {isa = PBXBuildFile; fileRef = ACFA31F32FB17AC8005FA408 /* Assets.xcassets */; };
		ACFA32342FB17ACA005FA408 /* SafariWebExtensionHandler.swift in Sources */ = {isa = PBXBuildFile; fileRef = ACFA31F52FB17AC8005FA408 /* SafariWebExtensionHandler.swift */; };
		ACFA32352FB17ACA005FA408 /* SafariWebExtensionHandler.swift in Sources */ = {isa = PBXBuildFile; fileRef = ACFA31F52FB17AC8005FA408 /* SafariWebExtensionHandler.swift */; };
		ACFA324C2FB17ACC005FA408 /* dist in Resources */ = {isa = PBXBuildFile; fileRef = ACFA32472FB17ACC005FA408 /* dist */; };
		ACFA324D2FB17ACC005FA408 /* popup.html in Resources */ = {isa = PBXBuildFile; fileRef = ACFA32482FB17ACC005FA408 /* popup.html */; };
		ACFA324E2FB17ACC005FA408 /* icons in Resources */ = {isa = PBXBuildFile; fileRef = ACFA32492FB17ACC005FA408 /* icons */; };
		ACFA324F2FB17ACC005FA408 /* manifest.json in Resources */ = {isa = PBXBuildFile; fileRef = ACFA324A2FB17ACC005FA408 /* manifest.json */; };
		ACFA32502FB17ACC005FA408 /* popup.css in Resources */ = {isa = PBXBuildFile; fileRef = ACFA324B2FB17ACC005FA408 /* popup.css */; };
		ACFA32512FB17ACC005FA408 /* dist in Resources */ = {isa = PBXBuildFile; fileRef = ACFA32472FB17ACC005FA408 /* dist */; };
		ACFA32522FB17ACC005FA408 /* popup.html in Resources */ = {isa = PBXBuildFile; fileRef = ACFA32482FB17ACC005FA408 /* popup.html */; };
		ACFA32532FB17ACC005FA408 /* icons in Resources */ = {isa = PBXBuildFile; fileRef = ACFA32492FB17ACC005FA408 /* icons */; };
		ACFA32542FB17ACC005FA408 /* manifest.json in Resources */ = {isa = PBXBuildFile; fileRef = ACFA324A2FB17ACC005FA408 /* manifest.json */; };
		ACFA32552FB17ACC005FA408 /* popup.css in Resources */ = {isa = PBXBuildFile; fileRef = ACFA324B2FB17ACC005FA408 /* popup.css */; };
/* End PBXBuildFile section */

/* Begin PBXContainerItemProxy section */
		ACFA321A2FB17ACA005FA408 /* PBXContainerItemProxy */ = {
			isa = PBXContainerItemProxy;
			containerPortal = ACFA31E72FB17AB0005FA408 /* Project object */;
			proxyType = 1;
			remoteGlobalIDString = ACFA32172FB17ACA005FA408;
			remoteInfo = "Chat with Webpage Extension (iOS)";
		};
		ACFA32242FB17ACA005FA408 /* PBXContainerItemProxy */ = {
			isa = PBXContainerItemProxy;
			containerPortal = ACFA31E72FB17AB0005FA408 /* Project object */;
			proxyType = 1;
			remoteGlobalIDString = ACFA32212FB17ACA005FA408;
			remoteInfo = "Chat with Webpage Extension (macOS)";
		};
/* End PBXContainerItemProxy section */

/* Begin PBXCopyFilesBuildPhase section */
		ACFA323B2FB17ACA005FA408 /* Embed Foundation Extensions */ = {
			isa = PBXCopyFilesBuildPhase;
			buildActionMask = 2147483647;
			dstPath = "";
			dstSubfolderSpec = 13;
			files = (
				ACFA32192FB17ACA005FA408 /* Chat with Webpage Extension.appex in Embed Foundation Extensions */,
			);
			name = "Embed Foundation Extensions";
			runOnlyForDeploymentPostprocessing = 0;
		};
		ACFA32422FB17ACA005FA408 /* Embed Foundation Extensions */ = {
			isa = PBXCopyFilesBuildPhase;
			buildActionMask = 2147483647;
			dstPath = "";
			dstSubfolderSpec = 13;
			files = (
				ACFA32232FB17ACA005FA408 /* Chat with Webpage Extension.appex in Embed Foundation Extensions */,
			);
			name = "Embed Foundation Extensions";
			runOnlyForDeploymentPostprocessing = 0;
		};
/* End PBXCopyFilesBuildPhase section */

/* Begin PBXFileReference section */
		ACFA31EE2FB17AB2005FA408 /* Base */ = {isa = PBXFileReference; lastKnownFileType = text.html; name = Base; path = Base.lproj/Main.html; sourceTree = "<group>"; };
		ACFA31EF2FB17AB2005FA408 /* Icon.png */ = {isa = PBXFileReference; lastKnownFileType = image.png; path = Icon.png; sourceTree = "<group>"; };
		ACFA31F02FB17AB2005FA408 /* Style.css */ = {isa = PBXFileReference; lastKnownFileType = text.css; path = Style.css; sourceTree = "<group>"; };
		ACFA31F12FB17AB2005FA408 /* Script.js */ = {isa = PBXFileReference; lastKnownFileType = sourcecode.javascript; path = Script.js; sourceTree = "<group>"; };
		ACFA31F22FB17AB2005FA408 /* ViewController.swift */ = {isa = PBXFileReference; lastKnownFileType = sourcecode.swift; path = ViewController.swift; sourceTree = "<group>"; };
		ACFA31F32FB17AC8005FA408 /* Assets.xcassets */ = {isa = PBXFileReference; lastKnownFileType = folder.assetcatalog; path = Assets.xcassets; sourceTree = "<group>"; };
		ACFA31F52FB17AC8005FA408 /* SafariWebExtensionHandler.swift */ = {isa = PBXFileReference; lastKnownFileType = sourcecode.swift; path = SafariWebExtensionHandler.swift; sourceTree = "<group>"; };
		ACFA31FA2FB17AC8005FA408 /* Chat with Webpage.app */ = {isa = PBXFileReference; explicitFileType = wrapper.application; includeInIndex = 0; path = "Chat with Webpage.app"; sourceTree = BUILT_PRODUCTS_DIR; };
		ACFA31FD2FB17AC8005FA408 /* AppDelegate.swift */ = {isa = PBXFileReference; lastKnownFileType = sourcecode.swift; path = AppDelegate.swift; sourceTree = "<group>"; };
		ACFA31FF2FB17AC8005FA408 /* SceneDelegate.swift */ = {isa = PBXFileReference; lastKnownFileType = sourcecode.swift; path = SceneDelegate.swift; sourceTree = "<group>"; };
		ACFA32022FB17AC8005FA408 /* Base */ = {isa = PBXFileReference; lastKnownFileType = file.storyboard; name = Base; path = Base.lproj/LaunchScreen.storyboard; sourceTree = "<group>"; };
		ACFA32052FB17AC8005FA408 /* Base */ = {isa = PBXFileReference; lastKnownFileType = file.storyboard; name = Base; path = Base.lproj/Main.storyboard; sourceTree = "<group>"; };
		ACFA32072FB17AC8005FA408 /* Info.plist */ = {isa = PBXFileReference; lastKnownFileType = text.plist.xml; path = Info.plist; sourceTree = "<group>"; };
		ACFA320C2FB17AC9005FA408 /* Chat with Webpage.app */ = {isa = PBXFileReference; explicitFileType = wrapper.application; includeInIndex = 0; path = "Chat with Webpage.app"; sourceTree = BUILT_PRODUCTS_DIR; };
		ACFA320E2FB17AC9005FA408 /* AppDelegate.swift */ = {isa = PBXFileReference; lastKnownFileType = sourcecode.swift; path = AppDelegate.swift; sourceTree = "<group>"; };
		ACFA32112FB17AC9005FA408 /* Base */ = {isa = PBXFileReference; lastKnownFileType = file.storyboard; name = Base; path = Base.lproj/Main.storyboard; sourceTree = "<group>"; };
		ACFA32132FB17AC9005FA408 /* Info.plist */ = {isa = PBXFileReference; lastKnownFileType = text.plist.xml; path = Info.plist; sourceTree = "<group>"; };
		ACFA32182FB17ACA005FA408 /* Chat with Webpage Extension.appex */ = {isa = PBXFileReference; explicitFileType = "wrapper.app-extension"; includeInIndex = 0; path = "Chat with Webpage Extension.appex"; sourceTree = BUILT_PRODUCTS_DIR; };
		ACFA321D2FB17ACA005FA408 /* Info.plist */ = {isa = PBXFileReference; lastKnownFileType = text.plist.xml; path = Info.plist; sourceTree = "<group>"; };
		ACFA32222FB17ACA005FA408 /* Chat with Webpage Extension.appex */ = {isa = PBXFileReference; explicitFileType = "wrapper.app-extension"; includeInIndex = 0; path = "Chat with Webpage Extension.appex"; sourceTree = BUILT_PRODUCTS_DIR; };
		ACFA32272FB17ACA005FA408 /* Info.plist */ = {isa = PBXFileReference; lastKnownFileType = text.plist.xml; path = Info.plist; sourceTree = "<group>"; };
		ACFA32472FB17ACC005FA408 /* dist */ = {isa = PBXFileReference; lastKnownFileType = folder; name = dist; path = ../../.generated/extension/dist; sourceTree = "<group>"; };
		ACFA32482FB17ACC005FA408 /* popup.html */ = {isa = PBXFileReference; lastKnownFileType = text.html; name = popup.html; path = ../../.generated/extension/popup.html; sourceTree = "<group>"; };
		ACFA32492FB17ACC005FA408 /* icons */ = {isa = PBXFileReference; lastKnownFileType = folder; name = icons; path = ../../.generated/extension/icons; sourceTree = "<group>"; };
		ACFA324A2FB17ACC005FA408 /* manifest.json */ = {isa = PBXFileReference; lastKnownFileType = text.json; name = manifest.json; path = ../../.generated/extension/manifest.json; sourceTree = "<group>"; };
		ACFA324B2FB17ACC005FA408 /* popup.css */ = {isa = PBXFileReference; lastKnownFileType = text.css; name = popup.css; path = ../../.generated/extension/popup.css; sourceTree = "<group>"; };
/* End PBXFileReference section */

/* Begin PBXFrameworksBuildPhase section */
		ACFA31F72FB17AC8005FA408 /* Frameworks */ = {
			isa = PBXFrameworksBuildPhase;
			buildActionMask = 2147483647;
			files = (
			);
			runOnlyForDeploymentPostprocessing = 0;
		};
		ACFA32092FB17AC9005FA408 /* Frameworks */ = {
			isa = PBXFrameworksBuildPhase;
			buildActionMask = 2147483647;
			files = (
			);
			runOnlyForDeploymentPostprocessing = 0;
		};
		ACFA32152FB17ACA005FA408 /* Frameworks */ = {
			isa = PBXFrameworksBuildPhase;
			buildActionMask = 2147483647;
			files = (
			);
			runOnlyForDeploymentPostprocessing = 0;
		};
		ACFA321F2FB17ACA005FA408 /* Frameworks */ = {
			isa = PBXFrameworksBuildPhase;
			buildActionMask = 2147483647;
			files = (
			);
			runOnlyForDeploymentPostprocessing = 0;
		};
/* End PBXFrameworksBuildPhase section */

/* Begin PBXGroup section */
		ACFA31E62FB17AB0005FA408 = {
			isa = PBXGroup;
			children = (
				ACFA31EB2FB17AB2005FA408 /* Shared (App) */,
				ACFA31F42FB17AC8005FA408 /* Shared (Extension) */,
				ACFA31FC2FB17AC8005FA408 /* iOS (App) */,
				ACFA320D2FB17AC9005FA408 /* macOS (App) */,
				ACFA321C2FB17ACA005FA408 /* iOS (Extension) */,
				ACFA32262FB17ACA005FA408 /* macOS (Extension) */,
				ACFA31FB2FB17AC8005FA408 /* Products */,
			);
			sourceTree = "<group>";
		};
		ACFA31EB2FB17AB2005FA408 /* Shared (App) */ = {
			isa = PBXGroup;
			children = (
				ACFA31F22FB17AB2005FA408 /* ViewController.swift */,
				ACFA31F32FB17AC8005FA408 /* Assets.xcassets */,
				ACFA31EC2FB17AB2005FA408 /* Resources */,
			);
			path = "Shared (App)";
			sourceTree = "<group>";
		};
		ACFA31EC2FB17AB2005FA408 /* Resources */ = {
			isa = PBXGroup;
			children = (
				ACFA31ED2FB17AB2005FA408 /* Main.html */,
				ACFA31EF2FB17AB2005FA408 /* Icon.png */,
				ACFA31F02FB17AB2005FA408 /* Style.css */,
				ACFA31F12FB17AB2005FA408 /* Script.js */,
			);
			path = Resources;
			sourceTree = "<group>";
		};
		ACFA31F42FB17AC8005FA408 /* Shared (Extension) */ = {
			isa = PBXGroup;
			children = (
				ACFA32462FB17ACC005FA408 /* Resources */,
				ACFA31F52FB17AC8005FA408 /* SafariWebExtensionHandler.swift */,
			);
			path = "Shared (Extension)";
			sourceTree = "<group>";
		};
		ACFA31FB2FB17AC8005FA408 /* Products */ = {
			isa = PBXGroup;
			children = (
				ACFA31FA2FB17AC8005FA408 /* Chat with Webpage.app */,
				ACFA320C2FB17AC9005FA408 /* Chat with Webpage.app */,
				ACFA32182FB17ACA005FA408 /* Chat with Webpage Extension.appex */,
				ACFA32222FB17ACA005FA408 /* Chat with Webpage Extension.appex */,
			);
			name = Products;
			sourceTree = "<group>";
		};
		ACFA31FC2FB17AC8005FA408 /* iOS (App) */ = {
			isa = PBXGroup;
			children = (
				ACFA31FD2FB17AC8005FA408 /* AppDelegate.swift */,
				ACFA31FF2FB17AC8005FA408 /* SceneDelegate.swift */,
				ACFA32012FB17AC8005FA408 /* LaunchScreen.storyboard */,
				ACFA32042FB17AC8005FA408 /* Main.storyboard */,
				ACFA32072FB17AC8005FA408 /* Info.plist */,
			);
			path = "iOS (App)";
			sourceTree = "<group>";
		};
		ACFA320D2FB17AC9005FA408 /* macOS (App) */ = {
			isa = PBXGroup;
			children = (
				ACFA320E2FB17AC9005FA408 /* AppDelegate.swift */,
				ACFA32102FB17AC9005FA408 /* Main.storyboard */,
				ACFA32132FB17AC9005FA408 /* Info.plist */,
			);
			path = "macOS (App)";
			sourceTree = "<group>";
		};
		ACFA321C2FB17ACA005FA408 /* iOS (Extension) */ = {
			isa = PBXGroup;
			children = (
				ACFA321D2FB17ACA005FA408 /* Info.plist */,
			);
			path = "iOS (Extension)";
			sourceTree = "<group>";
		};
		ACFA32262FB17ACA005FA408 /* macOS (Extension) */ = {
			isa = PBXGroup;
			children = (
				ACFA32272FB17ACA005FA408 /* Info.plist */,
			);
			path = "macOS (Extension)";
			sourceTree = "<group>";
		};
		ACFA32462FB17ACC005FA408 /* Resources */ = {
			isa = PBXGroup;
			children = (
				ACFA32472FB17ACC005FA408 /* dist */,
				ACFA32482FB17ACC005FA408 /* popup.html */,
				ACFA32492FB17ACC005FA408 /* icons */,
				ACFA324A2FB17ACC005FA408 /* manifest.json */,
				ACFA324B2FB17ACC005FA408 /* popup.css */,
			);
			name = Resources;
			path = "Shared (Extension)";
			sourceTree = SOURCE_ROOT;
		};
/* End PBXGroup section */

/* Begin PBXNativeTarget section */
		ACFA31F92FB17AC8005FA408 /* Chat with Webpage (iOS) */ = {
			isa = PBXNativeTarget;
			buildConfigurationList = ACFA323C2FB17ACA005FA408 /* Build configuration list for PBXNativeTarget "Chat with Webpage (iOS)" */;
			buildPhases = (
				ACFA31F62FB17AC8005FA408 /* Sources */,
				ACFA31F72FB17AC8005FA408 /* Frameworks */,
				ACFA31F82FB17AC8005FA408 /* Resources */,
				ACFA323B2FB17ACA005FA408 /* Embed Foundation Extensions */,
			);
			buildRules = (
			);
			dependencies = (
				ACFA321B2FB17ACA005FA408 /* PBXTargetDependency */,
			);
			name = "Chat with Webpage (iOS)";
			packageProductDependencies = (
			);
			productName = "Chat with Webpage (iOS)";
			productReference = ACFA31FA2FB17AC8005FA408 /* Chat with Webpage.app */;
			productType = "com.apple.product-type.application";
		};
		ACFA320B2FB17AC9005FA408 /* Chat with Webpage (macOS) */ = {
			isa = PBXNativeTarget;
			buildConfigurationList = ACFA32432FB17ACA005FA408 /* Build configuration list for PBXNativeTarget "Chat with Webpage (macOS)" */;
			buildPhases = (
				ACFA32082FB17AC9005FA408 /* Sources */,
				ACFA32092FB17AC9005FA408 /* Frameworks */,
				ACFA320A2FB17AC9005FA408 /* Resources */,
				ACFA32422FB17ACA005FA408 /* Embed Foundation Extensions */,
			);
			buildRules = (
			);
			dependencies = (
				ACFA32252FB17ACA005FA408 /* PBXTargetDependency */,
			);
			name = "Chat with Webpage (macOS)";
			packageProductDependencies = (
			);
			productName = "Chat with Webpage (macOS)";
			productReference = ACFA320C2FB17AC9005FA408 /* Chat with Webpage.app */;
			productType = "com.apple.product-type.application";
		};
		ACFA32172FB17ACA005FA408 /* Chat with Webpage Extension (iOS) */ = {
			isa = PBXNativeTarget;
			buildConfigurationList = ACFA32382FB17ACA005FA408 /* Build configuration list for PBXNativeTarget "Chat with Webpage Extension (iOS)" */;
			buildPhases = (
				ACFA32142FB17ACA005FA408 /* Sources */,
				ACFA32152FB17ACA005FA408 /* Frameworks */,
				ACFA32162FB17ACA005FA408 /* Resources */,
			);
			buildRules = (
			);
			dependencies = (
			);
			name = "Chat with Webpage Extension (iOS)";
			packageProductDependencies = (
			);
			productName = "Chat with Webpage Extension (iOS)";
			productReference = ACFA32182FB17ACA005FA408 /* Chat with Webpage Extension.appex */;
			productType = "com.apple.product-type.app-extension";
		};
		ACFA32212FB17ACA005FA408 /* Chat with Webpage Extension (macOS) */ = {
			isa = PBXNativeTarget;
			buildConfigurationList = ACFA323F2FB17ACA005FA408 /* Build configuration list for PBXNativeTarget "Chat with Webpage Extension (macOS)" */;
			buildPhases = (
				ACFA321E2FB17ACA005FA408 /* Sources */,
				ACFA321F2FB17ACA005FA408 /* Frameworks */,
				ACFA32202FB17ACA005FA408 /* Resources */,
			);
			buildRules = (
			);
			dependencies = (
			);
			name = "Chat with Webpage Extension (macOS)";
			packageProductDependencies = (
			);
			productName = "Chat with Webpage Extension (macOS)";
			productReference = ACFA32222FB17ACA005FA408 /* Chat with Webpage Extension.appex */;
			productType = "com.apple.product-type.app-extension";
		};
/* End PBXNativeTarget section */

/* Begin PBXProject section */
		ACFA31E72FB17AB0005FA408 /* Project object */ = {
			isa = PBXProject;
			attributes = {
				BuildIndependentTargetsInParallel = 1;
				LastSwiftUpdateCheck = 2640;
				LastUpgradeCheck = 2640;
				TargetAttributes = {
					ACFA31F92FB17AC8005FA408 = {
						CreatedOnToolsVersion = 26.4.1;
					};
					ACFA320B2FB17AC9005FA408 = {
						CreatedOnToolsVersion = 26.4.1;
					};
					ACFA32172FB17ACA005FA408 = {
						CreatedOnToolsVersion = 26.4.1;
					};
					ACFA32212FB17ACA005FA408 = {
						CreatedOnToolsVersion = 26.4.1;
					};
				};
			};
			buildConfigurationList = ACFA31EA2FB17AB0005FA408 /* Build configuration list for PBXProject "Chat with Webpage" */;
			developmentRegion = en;
			hasScannedForEncodings = 0;
			knownRegions = (
				en,
				Base,
			);
			mainGroup = ACFA31E62FB17AB0005FA408;
			minimizedProjectReferenceProxies = 1;
			preferredProjectObjectVersion = 77;
			productRefGroup = ACFA31FB2FB17AC8005FA408 /* Products */;
			projectDirPath = "";
			projectRoot = "";
			targets = (
				ACFA31F92FB17AC8005FA408 /* Chat with Webpage (iOS) */,
				ACFA320B2FB17AC9005FA408 /* Chat with Webpage (macOS) */,
				ACFA32172FB17ACA005FA408 /* Chat with Webpage Extension (iOS) */,
				ACFA32212FB17ACA005FA408 /* Chat with Webpage Extension (macOS) */,
			);
		};
/* End PBXProject section */

/* Begin PBXResourcesBuildPhase section */
		ACFA31F82FB17AC8005FA408 /* Resources */ = {
			isa = PBXResourcesBuildPhase;
			buildActionMask = 2147483647;
			files = (
				ACFA322A2FB17ACA005FA408 /* Icon.png in Resources */,
				ACFA32032FB17AC8005FA408 /* LaunchScreen.storyboard in Resources */,
				ACFA32282FB17ACA005FA408 /* Main.html in Resources */,
				ACFA322E2FB17ACA005FA408 /* Script.js in Resources */,
				ACFA32322FB17ACA005FA408 /* Assets.xcassets in Resources */,
				ACFA32062FB17AC8005FA408 /* Main.storyboard in Resources */,
				ACFA322C2FB17ACA005FA408 /* Style.css in Resources */,
			);
			runOnlyForDeploymentPostprocessing = 0;
		};
		ACFA320A2FB17AC9005FA408 /* Resources */ = {
			isa = PBXResourcesBuildPhase;
			buildActionMask = 2147483647;
			files = (
				ACFA322B2FB17ACA005FA408 /* Icon.png in Resources */,
				ACFA322D2FB17ACA005FA408 /* Style.css in Resources */,
				ACFA32122FB17AC9005FA408 /* Main.storyboard in Resources */,
				ACFA322F2FB17ACA005FA408 /* Script.js in Resources */,
				ACFA32332FB17ACA005FA408 /* Assets.xcassets in Resources */,
				ACFA32292FB17ACA005FA408 /* Main.html in Resources */,
			);
			runOnlyForDeploymentPostprocessing = 0;
		};
		ACFA32162FB17ACA005FA408 /* Resources */ = {
			isa = PBXResourcesBuildPhase;
			buildActionMask = 2147483647;
			files = (
				ACFA32552FB17ACC005FA408 /* popup.css in Resources */,
				ACFA32542FB17ACC005FA408 /* manifest.json in Resources */,
				ACFA32532FB17ACC005FA408 /* icons in Resources */,
				ACFA32512FB17ACC005FA408 /* dist in Resources */,
				ACFA32522FB17ACC005FA408 /* popup.html in Resources */,
			);
			runOnlyForDeploymentPostprocessing = 0;
		};
		ACFA32202FB17ACA005FA408 /* Resources */ = {
			isa = PBXResourcesBuildPhase;
			buildActionMask = 2147483647;
			files = (
				ACFA32502FB17ACC005FA408 /* popup.css in Resources */,
				ACFA324F2FB17ACC005FA408 /* manifest.json in Resources */,
				ACFA324E2FB17ACC005FA408 /* icons in Resources */,
				ACFA324C2FB17ACC005FA408 /* dist in Resources */,
				ACFA324D2FB17ACC005FA408 /* popup.html in Resources */,
			);
			runOnlyForDeploymentPostprocessing = 0;
		};
/* End PBXResourcesBuildPhase section */

/* Begin PBXSourcesBuildPhase section */
		ACFA31F62FB17AC8005FA408 /* Sources */ = {
			isa = PBXSourcesBuildPhase;
			buildActionMask = 2147483647;
			files = (
				ACFA32302FB17ACA005FA408 /* ViewController.swift in Sources */,
				ACFA31FE2FB17AC8005FA408 /* AppDelegate.swift in Sources */,
				ACFA32002FB17AC8005FA408 /* SceneDelegate.swift in Sources */,
			);
			runOnlyForDeploymentPostprocessing = 0;
		};
		ACFA32082FB17AC9005FA408 /* Sources */ = {
			isa = PBXSourcesBuildPhase;
			buildActionMask = 2147483647;
			files = (
				ACFA32312FB17ACA005FA408 /* ViewController.swift in Sources */,
				ACFA320F2FB17AC9005FA408 /* AppDelegate.swift in Sources */,
			);
			runOnlyForDeploymentPostprocessing = 0;
		};
		ACFA32142FB17ACA005FA408 /* Sources */ = {
			isa = PBXSourcesBuildPhase;
			buildActionMask = 2147483647;
			files = (
				ACFA32342FB17ACA005FA408 /* SafariWebExtensionHandler.swift in Sources */,
			);
			runOnlyForDeploymentPostprocessing = 0;
		};
		ACFA321E2FB17ACA005FA408 /* Sources */ = {
			isa = PBXSourcesBuildPhase;
			buildActionMask = 2147483647;
			files = (
				ACFA32352FB17ACA005FA408 /* SafariWebExtensionHandler.swift in Sources */,
			);
			runOnlyForDeploymentPostprocessing = 0;
		};
/* End PBXSourcesBuildPhase section */

/* Begin PBXTargetDependency section */
		ACFA321B2FB17ACA005FA408 /* PBXTargetDependency */ = {
			isa = PBXTargetDependency;
			target = ACFA32172FB17ACA005FA408 /* Chat with Webpage Extension (iOS) */;
			targetProxy = ACFA321A2FB17ACA005FA408 /* PBXContainerItemProxy */;
		};
		ACFA32252FB17ACA005FA408 /* PBXTargetDependency */ = {
			isa = PBXTargetDependency;
			target = ACFA32212FB17ACA005FA408 /* Chat with Webpage Extension (macOS) */;
			targetProxy = ACFA32242FB17ACA005FA408 /* PBXContainerItemProxy */;
		};
/* End PBXTargetDependency section */

/* Begin PBXVariantGroup section */
		ACFA31ED2FB17AB2005FA408 /* Main.html */ = {
			isa = PBXVariantGroup;
			children = (
				ACFA31EE2FB17AB2005FA408 /* Base */,
			);
			name = Main.html;
			sourceTree = "<group>";
		};
		ACFA32012FB17AC8005FA408 /* LaunchScreen.storyboard */ = {
			isa = PBXVariantGroup;
			children = (
				ACFA32022FB17AC8005FA408 /* Base */,
			);
			name = LaunchScreen.storyboard;
			sourceTree = "<group>";
		};
		ACFA32042FB17AC8005FA408 /* Main.storyboard */ = {
			isa = PBXVariantGroup;
			children = (
				ACFA32052FB17AC8005FA408 /* Base */,
			);
			name = Main.storyboard;
			sourceTree = "<group>";
		};
		ACFA32102FB17AC9005FA408 /* Main.storyboard */ = {
			isa = PBXVariantGroup;
			children = (
				ACFA32112FB17AC9005FA408 /* Base */,
			);
			name = Main.storyboard;
			sourceTree = "<group>";
		};
/* End PBXVariantGroup section */

/* Begin XCBuildConfiguration section */
		ACFA32362FB17ACA005FA408 /* Debug */ = {
			isa = XCBuildConfiguration;
			buildSettings = {
				ALWAYS_SEARCH_USER_PATHS = NO;
				ASSETCATALOG_COMPILER_GENERATE_SWIFT_ASSET_SYMBOL_EXTENSIONS = YES;
				CLANG_ANALYZER_NONNULL = YES;
				CLANG_ANALYZER_NUMBER_OBJECT_CONVERSION = YES_AGGRESSIVE;
				CLANG_CXX_LANGUAGE_STANDARD = "gnu++20";
				CLANG_ENABLE_MODULES = YES;
				CLANG_ENABLE_OBJC_ARC = YES;
				CLANG_ENABLE_OBJC_WEAK = YES;
				CLANG_WARN_BLOCK_CAPTURE_AUTORELEASING = YES;
				CLANG_WARN_BOOL_CONVERSION = YES;
				CLANG_WARN_COMMA = YES;
				CLANG_WARN_CONSTANT_CONVERSION = YES;
				CLANG_WARN_DEPRECATED_OBJC_IMPLEMENTATIONS = YES;
				CLANG_WARN_DIRECT_OBJC_ISA_USAGE = YES_ERROR;
				CLANG_WARN_DOCUMENTATION_COMMENTS = YES;
				CLANG_WARN_EMPTY_BODY = YES;
				CLANG_WARN_ENUM_CONVERSION = YES;
				CLANG_WARN_INFINITE_RECURSION = YES;
				CLANG_WARN_INT_CONVERSION = YES;
				CLANG_WARN_NON_LITERAL_NULL_CONVERSION = YES;
				CLANG_WARN_OBJC_IMPLICIT_RETAIN_SELF = YES;
				CLANG_WARN_OBJC_LITERAL_CONVERSION = YES;
				CLANG_WARN_OBJC_ROOT_CLASS = YES_ERROR;
				CLANG_WARN_QUOTED_INCLUDE_IN_FRAMEWORK_HEADER = YES;
				CLANG_WARN_RANGE_LOOP_ANALYSIS = YES;
				CLANG_WARN_STRICT_PROTOTYPES = YES;
				CLANG_WARN_SUSPICIOUS_MOVE = YES;
				CLANG_WARN_UNGUARDED_AVAILABILITY = YES_AGGRESSIVE;
				CLANG_WARN_UNREACHABLE_CODE = YES;
				CLANG_WARN__DUPLICATE_METHOD_MATCH = YES;
				COPY_PHASE_STRIP = NO;
				DEBUG_INFORMATION_FORMAT = dwarf;
				ENABLE_STRICT_OBJC_MSGSEND = YES;
				ENABLE_TESTABILITY = YES;
				ENABLE_USER_SCRIPT_SANDBOXING = YES;
				GCC_C_LANGUAGE_STANDARD = gnu17;
				GCC_DYNAMIC_NO_PIC = NO;
				GCC_NO_COMMON_BLOCKS = YES;
				GCC_OPTIMIZATION_LEVEL = 0;
				GCC_PREPROCESSOR_DEFINITIONS = (
					"DEBUG=1",
					"$(inherited)",
				);
				GCC_WARN_64_TO_32_BIT_CONVERSION = YES;
				GCC_WARN_ABOUT_RETURN_TYPE = YES_ERROR;
				GCC_WARN_UNDECLARED_SELECTOR = YES;
				GCC_WARN_UNINITIALIZED_AUTOS = YES_AGGRESSIVE;
				GCC_WARN_UNUSED_FUNCTION = YES;
				GCC_WARN_UNUSED_VARIABLE = YES;
				LOCALIZATION_PREFERS_STRING_CATALOGS = YES;
				MTL_ENABLE_DEBUG_INFO = INCLUDE_SOURCE;
				MTL_FAST_MATH = YES;
				ONLY_ACTIVE_ARCH = YES;
				SWIFT_ACTIVE_COMPILATION_CONDITIONS = "DEBUG $(inherited)";
				SWIFT_OPTIMIZATION_LEVEL = "-Onone";
			};
			name = Debug;
		};
		ACFA32372FB17ACA005FA408 /* Release */ = {
			isa = XCBuildConfiguration;
			buildSettings = {
				ALWAYS_SEARCH_USER_PATHS = NO;
				ASSETCATALOG_COMPILER_GENERATE_SWIFT_ASSET_SYMBOL_EXTENSIONS = YES;
				CLANG_ANALYZER_NONNULL = YES;
				CLANG_ANALYZER_NUMBER_OBJECT_CONVERSION = YES_AGGRESSIVE;
				CLANG_CXX_LANGUAGE_STANDARD = "gnu++20";
				CLANG_ENABLE_MODULES = YES;
				CLANG_ENABLE_OBJC_ARC = YES;
				CLANG_ENABLE_OBJC_WEAK = YES;
				CLANG_WARN_BLOCK_CAPTURE_AUTORELEASING = YES;
				CLANG_WARN_BOOL_CONVERSION = YES;
				CLANG_WARN_COMMA = YES;
				CLANG_WARN_CONSTANT_CONVERSION = YES;
				CLANG_WARN_DEPRECATED_OBJC_IMPLEMENTATIONS = YES;
				CLANG_WARN_DIRECT_OBJC_ISA_USAGE = YES_ERROR;
				CLANG_WARN_DOCUMENTATION_COMMENTS = YES;
				CLANG_WARN_EMPTY_BODY = YES;
				CLANG_WARN_ENUM_CONVERSION = YES;
				CLANG_WARN_INFINITE_RECURSION = YES;
				CLANG_WARN_INT_CONVERSION = YES;
				CLANG_WARN_NON_LITERAL_NULL_CONVERSION = YES;
				CLANG_WARN_OBJC_IMPLICIT_RETAIN_SELF = YES;
				CLANG_WARN_OBJC_LITERAL_CONVERSION = YES;
				CLANG_WARN_OBJC_ROOT_CLASS = YES_ERROR;
				CLANG_WARN_QUOTED_INCLUDE_IN_FRAMEWORK_HEADER = YES;
				CLANG_WARN_RANGE_LOOP_ANALYSIS = YES;
				CLANG_WARN_STRICT_PROTOTYPES = YES;
				CLANG_WARN_SUSPICIOUS_MOVE = YES;
				CLANG_WARN_UNGUARDED_AVAILABILITY = YES_AGGRESSIVE;
				CLANG_WARN_UNREACHABLE_CODE = YES;
				CLANG_WARN__DUPLICATE_METHOD_MATCH = YES;
				COPY_PHASE_STRIP = NO;
				DEBUG_INFORMATION_FORMAT = "dwarf-with-dsym";
				ENABLE_NS_ASSERTIONS = NO;
				ENABLE_STRICT_OBJC_MSGSEND = YES;
				ENABLE_USER_SCRIPT_SANDBOXING = YES;
				GCC_C_LANGUAGE_STANDARD = gnu17;
				GCC_NO_COMMON_BLOCKS = YES;
				GCC_WARN_64_TO_32_BIT_CONVERSION = YES;
				GCC_WARN_ABOUT_RETURN_TYPE = YES_ERROR;
				GCC_WARN_UNDECLARED_SELECTOR = YES;
				GCC_WARN_UNINITIALIZED_AUTOS = YES_AGGRESSIVE;
				GCC_WARN_UNUSED_FUNCTION = YES;
				GCC_WARN_UNUSED_VARIABLE = YES;
				LOCALIZATION_PREFERS_STRING_CATALOGS = YES;
				MTL_ENABLE_DEBUG_INFO = NO;
				MTL_FAST_MATH = YES;
				SWIFT_COMPILATION_MODE = wholemodule;
			};
			name = Release;
		};
		ACFA32392FB17ACA005FA408 /* Debug */ = {
			isa = XCBuildConfiguration;
			buildSettings = {
				CODE_SIGN_STYLE = Automatic;
				CURRENT_PROJECT_VERSION = 1;
				GENERATE_INFOPLIST_FILE = YES;
				INFOPLIST_FILE = "iOS (Extension)/Info.plist";
				INFOPLIST_KEY_CFBundleDisplayName = "Chat with Webpage Extension";
				INFOPLIST_KEY_NSHumanReadableCopyright = "";
				IPHONEOS_DEPLOYMENT_TARGET = 15.0;
				LD_RUNPATH_SEARCH_PATHS = (
					"$(inherited)",
					"@executable_path/Frameworks",
					"@executable_path/../../Frameworks",
				);
				MARKETING_VERSION = 1.0;
				OTHER_LDFLAGS = (
					"-framework",
					SafariServices,
				);
				PRODUCT_BUNDLE_IDENTIFIER = com.elizaos.chatwithwebpage.Extension;
				PRODUCT_NAME = "Chat with Webpage Extension";
				SDKROOT = iphoneos;
				SKIP_INSTALL = YES;
				STRING_CATALOG_GENERATE_SYMBOLS = YES;
				SWIFT_APPROACHABLE_CONCURRENCY = YES;
				SWIFT_EMIT_LOC_STRINGS = YES;
				SWIFT_UPCOMING_FEATURE_MEMBER_IMPORT_VISIBILITY = YES;
				SWIFT_VERSION = 5.0;
				TARGETED_DEVICE_FAMILY = "1,2";
			};
			name = Debug;
		};
		ACFA323A2FB17ACA005FA408 /* Release */ = {
			isa = XCBuildConfiguration;
			buildSettings = {
				CODE_SIGN_STYLE = Automatic;
				CURRENT_PROJECT_VERSION = 1;
				GENERATE_INFOPLIST_FILE = YES;
				INFOPLIST_FILE = "iOS (Extension)/Info.plist";
				INFOPLIST_KEY_CFBundleDisplayName = "Chat with Webpage Extension";
				INFOPLIST_KEY_NSHumanReadableCopyright = "";
				IPHONEOS_DEPLOYMENT_TARGET = 15.0;
				LD_RUNPATH_SEARCH_PATHS = (
					"$(inherited)",
					"@executable_path/Frameworks",
					"@executable_path/../../Frameworks",
				);
				MARKETING_VERSION = 1.0;
				OTHER_LDFLAGS = (
					"-framework",
					SafariServices,
				);
				PRODUCT_BUNDLE_IDENTIFIER = com.elizaos.chatwithwebpage.Extension;
				PRODUCT_NAME = "Chat with Webpage Extension";
				SDKROOT = iphoneos;
				SKIP_INSTALL = YES;
				STRING_CATALOG_GENERATE_SYMBOLS = YES;
				SWIFT_APPROACHABLE_CONCURRENCY = YES;
				SWIFT_EMIT_LOC_STRINGS = YES;
				SWIFT_UPCOMING_FEATURE_MEMBER_IMPORT_VISIBILITY = YES;
				SWIFT_VERSION = 5.0;
				TARGETED_DEVICE_FAMILY = "1,2";
				VALIDATE_PRODUCT = YES;
			};
			name = Release;
		};
		ACFA323D2FB17ACA005FA408 /* Debug */ = {
			isa = XCBuildConfiguration;
			buildSettings = {
				ASSETCATALOG_COMPILER_APPICON_NAME = AppIcon;
				ASSETCATALOG_COMPILER_GLOBAL_ACCENT_COLOR_NAME = AccentColor;
				CODE_SIGN_STYLE = Automatic;
				CURRENT_PROJECT_VERSION = 1;
				GENERATE_INFOPLIST_FILE = YES;
				INFOPLIST_FILE = "iOS (App)/Info.plist";
				INFOPLIST_KEY_CFBundleDisplayName = "Chat with Webpage";
				INFOPLIST_KEY_UIApplicationSupportsIndirectInputEvents = YES;
				INFOPLIST_KEY_UILaunchStoryboardName = LaunchScreen;
				INFOPLIST_KEY_UIMainStoryboardFile = Main;
				INFOPLIST_KEY_UISupportedInterfaceOrientations = "UIInterfaceOrientationPortrait UIInterfaceOrientationLandscapeLeft UIInterfaceOrientationLandscapeRight";
				INFOPLIST_KEY_UISupportedInterfaceOrientations_iPad = "UIInterfaceOrientationPortrait UIInterfaceOrientationPortraitUpsideDown UIInterfaceOrientationLandscapeLeft UIInterfaceOrientationLandscapeRight";
				IPHONEOS_DEPLOYMENT_TARGET = 15.0;
				LD_RUNPATH_SEARCH_PATHS = (
					"$(inherited)",
					"@executable_path/Frameworks",
				);
				MARKETING_VERSION = 1.0;
				OTHER_LDFLAGS = (
					"-framework",
					SafariServices,
					"-framework",
					WebKit,
				);
				PRODUCT_BUNDLE_IDENTIFIER = com.elizaos.chatwithwebpage;
				PRODUCT_NAME = "Chat with Webpage";
				SDKROOT = iphoneos;
				STRING_CATALOG_GENERATE_SYMBOLS = YES;
				SWIFT_APPROACHABLE_CONCURRENCY = YES;
				SWIFT_DEFAULT_ACTOR_ISOLATION = MainActor;
				SWIFT_EMIT_LOC_STRINGS = YES;
				SWIFT_UPCOMING_FEATURE_MEMBER_IMPORT_VISIBILITY = YES;
				SWIFT_VERSION = 5.0;
				TARGETED_DEVICE_FAMILY = "1,2";
			};
			name = Debug;
		};
		ACFA323E2FB17ACA005FA408 /* Release */ = {
			isa = XCBuildConfiguration;
			buildSettings = {
				ASSETCATALOG_COMPILER_APPICON_NAME = AppIcon;
				ASSETCATALOG_COMPILER_GLOBAL_ACCENT_COLOR_NAME = AccentColor;
				CODE_SIGN_STYLE = Automatic;
				CURRENT_PROJECT_VERSION = 1;
				GENERATE_INFOPLIST_FILE = YES;
				INFOPLIST_FILE = "iOS (App)/Info.plist";
				INFOPLIST_KEY_CFBundleDisplayName = "Chat with Webpage";
				INFOPLIST_KEY_UIApplicationSupportsIndirectInputEvents = YES;
				INFOPLIST_KEY_UILaunchStoryboardName = LaunchScreen;
				INFOPLIST_KEY_UIMainStoryboardFile = Main;
				INFOPLIST_KEY_UISupportedInterfaceOrientations = "UIInterfaceOrientationPortrait UIInterfaceOrientationLandscapeLeft UIInterfaceOrientationLandscapeRight";
				INFOPLIST_KEY_UISupportedInterfaceOrientations_iPad = "UIInterfaceOrientationPortrait UIInterfaceOrientationPortraitUpsideDown UIInterfaceOrientationLandscapeLeft UIInterfaceOrientationLandscapeRight";
				IPHONEOS_DEPLOYMENT_TARGET = 15.0;
				LD_RUNPATH_SEARCH_PATHS = (
					"$(inherited)",
					"@executable_path/Frameworks",
				);
				MARKETING_VERSION = 1.0;
				OTHER_LDFLAGS = (
					"-framework",
					SafariServices,
					"-framework",
					WebKit,
				);
				PRODUCT_BUNDLE_IDENTIFIER = com.elizaos.chatwithwebpage;
				PRODUCT_NAME = "Chat with Webpage";
				SDKROOT = iphoneos;
				STRING_CATALOG_GENERATE_SYMBOLS = YES;
				SWIFT_APPROACHABLE_CONCURRENCY = YES;
				SWIFT_DEFAULT_ACTOR_ISOLATION = MainActor;
				SWIFT_EMIT_LOC_STRINGS = YES;
				SWIFT_UPCOMING_FEATURE_MEMBER_IMPORT_VISIBILITY = YES;
				SWIFT_VERSION = 5.0;
				TARGETED_DEVICE_FAMILY = "1,2";
				VALIDATE_PRODUCT = YES;
			};
			name = Release;
		};
		ACFA32402FB17ACA005FA408 /* Debug */ = {
			isa = XCBuildConfiguration;
			buildSettings = {
				CODE_SIGN_STYLE = Automatic;
				CURRENT_PROJECT_VERSION = 1;
				ENABLE_APP_SANDBOX = YES;
				ENABLE_HARDENED_RUNTIME = YES;
				ENABLE_USER_SELECTED_FILES = readonly;
				GENERATE_INFOPLIST_FILE = YES;
				INFOPLIST_FILE = "macOS (Extension)/Info.plist";
				INFOPLIST_KEY_CFBundleDisplayName = "Chat with Webpage Extension";
				INFOPLIST_KEY_NSHumanReadableCopyright = "";
				LD_RUNPATH_SEARCH_PATHS = (
					"$(inherited)",
					"@executable_path/../Frameworks",
					"@executable_path/../../../../Frameworks",
				);
				MACOSX_DEPLOYMENT_TARGET = 10.14;
				MARKETING_VERSION = 1.0;
				OTHER_LDFLAGS = (
					"-framework",
					SafariServices,
				);
				PRODUCT_BUNDLE_IDENTIFIER = com.elizaos.chatwithwebpage.Extension;
				PRODUCT_NAME = "Chat with Webpage Extension";
				SDKROOT = macosx;
				SKIP_INSTALL = YES;
				STRING_CATALOG_GENERATE_SYMBOLS = YES;
				SWIFT_APPROACHABLE_CONCURRENCY = YES;
				SWIFT_EMIT_LOC_STRINGS = YES;
				SWIFT_UPCOMING_FEATURE_MEMBER_IMPORT_VISIBILITY = YES;
				SWIFT_VERSION = 5.0;
			};
			name = Debug;
		};
		ACFA32412FB17ACA005FA408 /* Release */ = {
			isa = XCBuildConfiguration;
			buildSettings = {
				CODE_SIGN_STYLE = Automatic;
				CURRENT_PROJECT_VERSION = 1;
				ENABLE_APP_SANDBOX = YES;
				ENABLE_HARDENED_RUNTIME = YES;
				ENABLE_USER_SELECTED_FILES = readonly;
				GENERATE_INFOPLIST_FILE = YES;
				INFOPLIST_FILE = "macOS (Extension)/Info.plist";
				INFOPLIST_KEY_CFBundleDisplayName = "Chat with Webpage Extension";
				INFOPLIST_KEY_NSHumanReadableCopyright = "";
				LD_RUNPATH_SEARCH_PATHS = (
					"$(inherited)",
					"@executable_path/../Frameworks",
					"@executable_path/../../../../Frameworks",
				);
				MACOSX_DEPLOYMENT_TARGET = 10.14;
				MARKETING_VERSION = 1.0;
				OTHER_LDFLAGS = (
					"-framework",
					SafariServices,
				);
				PRODUCT_BUNDLE_IDENTIFIER = com.elizaos.chatwithwebpage.Extension;
				PRODUCT_NAME = "Chat with Webpage Extension";
				SDKROOT = macosx;
				SKIP_INSTALL = YES;
				STRING_CATALOG_GENERATE_SYMBOLS = YES;
				SWIFT_APPROACHABLE_CONCURRENCY = YES;
				SWIFT_EMIT_LOC_STRINGS = YES;
				SWIFT_UPCOMING_FEATURE_MEMBER_IMPORT_VISIBILITY = YES;
				SWIFT_VERSION = 5.0;
			};
			name = Release;
		};
		ACFA32442FB17ACA005FA408 /* Debug */ = {
			isa = XCBuildConfiguration;
			buildSettings = {
				ASSETCATALOG_COMPILER_APPICON_NAME = AppIcon;
				ASSETCATALOG_COMPILER_GLOBAL_ACCENT_COLOR_NAME = AccentColor;
				CODE_SIGN_STYLE = Automatic;
				CURRENT_PROJECT_VERSION = 1;
				ENABLE_APP_SANDBOX = YES;
				ENABLE_HARDENED_RUNTIME = YES;
				ENABLE_OUTGOING_NETWORK_CONNECTIONS = YES;
				ENABLE_USER_SELECTED_FILES = readonly;
				GENERATE_INFOPLIST_FILE = YES;
				INFOPLIST_FILE = "macOS (App)/Info.plist";
				INFOPLIST_KEY_CFBundleDisplayName = "Chat with Webpage";
				INFOPLIST_KEY_NSMainStoryboardFile = Main;
				INFOPLIST_KEY_NSPrincipalClass = NSApplication;
				LD_RUNPATH_SEARCH_PATHS = (
					"$(inherited)",
					"@executable_path/../Frameworks",
				);
				MACOSX_DEPLOYMENT_TARGET = 10.14;
				MARKETING_VERSION = 1.0;
				OTHER_LDFLAGS = (
					"-framework",
					SafariServices,
					"-framework",
					WebKit,
				);
				PRODUCT_BUNDLE_IDENTIFIER = com.elizaos.chatwithwebpage;
				PRODUCT_NAME = "Chat with Webpage";
				REGISTER_APP_GROUPS = YES;
				SDKROOT = macosx;
				STRING_CATALOG_GENERATE_SYMBOLS = YES;
				SWIFT_APPROACHABLE_CONCURRENCY = YES;
				SWIFT_DEFAULT_ACTOR_ISOLATION = MainActor;
				SWIFT_EMIT_LOC_STRINGS = YES;
				SWIFT_UPCOMING_FEATURE_MEMBER_IMPORT_VISIBILITY = YES;
				SWIFT_VERSION = 5.0;
			};
			name = Debug;
		};
		ACFA32452FB17ACA005FA408 /* Release */ = {
			isa = XCBuildConfiguration;
			buildSettings = {
				ASSETCATALOG_COMPILER_APPICON_NAME = AppIcon;
				ASSETCATALOG_COMPILER_GLOBAL_ACCENT_COLOR_NAME = AccentColor;
				CODE_SIGN_STYLE = Automatic;
				CURRENT_PROJECT_VERSION = 1;
				ENABLE_APP_SANDBOX = YES;
				ENABLE_HARDENED_RUNTIME = YES;
				ENABLE_OUTGOING_NETWORK_CONNECTIONS = YES;
				ENABLE_USER_SELECTED_FILES = readonly;
				GENERATE_INFOPLIST_FILE = YES;
				INFOPLIST_FILE = "macOS (App)/Info.plist";
				INFOPLIST_KEY_CFBundleDisplayName = "Chat with Webpage";
				INFOPLIST_KEY_NSMainStoryboardFile = Main;
				INFOPLIST_KEY_NSPrincipalClass = NSApplication;
				LD_RUNPATH_SEARCH_PATHS = (
					"$(inherited)",
					"@executable_path/../Frameworks",
				);
				MACOSX_DEPLOYMENT_TARGET = 10.14;
				MARKETING_VERSION = 1.0;
				OTHER_LDFLAGS = (
					"-framework",
					SafariServices,
					"-framework",
					WebKit,
				);
				PRODUCT_BUNDLE_IDENTIFIER = com.elizaos.chatwithwebpage;
				PRODUCT_NAME = "Chat with Webpage";
				REGISTER_APP_GROUPS = YES;
				SDKROOT = macosx;
				STRING_CATALOG_GENERATE_SYMBOLS = YES;
				SWIFT_APPROACHABLE_CONCURRENCY = YES;
				SWIFT_DEFAULT_ACTOR_ISOLATION = MainActor;
				SWIFT_EMIT_LOC_STRINGS = YES;
				SWIFT_UPCOMING_FEATURE_MEMBER_IMPORT_VISIBILITY = YES;
				SWIFT_VERSION = 5.0;
			};
			name = Release;
		};
/* End XCBuildConfiguration section */

/* Begin XCConfigurationList section */
		ACFA31EA2FB17AB0005FA408 /* Build configuration list for PBXProject "Chat with Webpage" */ = {
			isa = XCConfigurationList;
			buildConfigurations = (
				ACFA32362FB17ACA005FA408 /* Debug */,
				ACFA32372FB17ACA005FA408 /* Release */,
			);
			defaultConfigurationIsVisible = 0;
			defaultConfigurationName = Release;
		};
		ACFA32382FB17ACA005FA408 /* Build configuration list for PBXNativeTarget "Chat with Webpage Extension (iOS)" */ = {
			isa = XCConfigurationList;
			buildConfigurations = (
				ACFA32392FB17ACA005FA408 /* Debug */,
				ACFA323A2FB17ACA005FA408 /* Release */,
			);
			defaultConfigurationIsVisible = 0;
			defaultConfigurationName = Release;
		};
		ACFA323C2FB17ACA005FA408 /* Build configuration list for PBXNativeTarget "Chat with Webpage (iOS)" */ = {
			isa = XCConfigurationList;
			buildConfigurations = (
				ACFA323D2FB17ACA005FA408 /* Debug */,
				ACFA323E2FB17ACA005FA408 /* Release */,
			);
			defaultConfigurationIsVisible = 0;
			defaultConfigurationName = Release;
		};
		ACFA323F2FB17ACA005FA408 /* Build configuration list for PBXNativeTarget "Chat with Webpage Extension (macOS)" */ = {
			isa = XCConfigurationList;
			buildConfigurations = (
				ACFA32402FB17ACA005FA408 /* Debug */,
				ACFA32412FB17ACA005FA408 /* Release */,
			);
			defaultConfigurationIsVisible = 0;
			defaultConfigurationName = Release;
		};
		ACFA32432FB17ACA005FA408 /* Build configuration list for PBXNativeTarget "Chat with Webpage (macOS)" */ = {
			isa = XCConfigurationList;
			buildConfigurations = (
				ACFA32442FB17ACA005FA408 /* Debug */,
				ACFA32452FB17ACA005FA408 /* Release */,
			);
			defaultConfigurationIsVisible = 0;
			defaultConfigurationName = Release;
		};
/* End XCConfigurationList section */
	};
	rootObject = ACFA31E72FB17AB0005FA408 /* Project object */;
}
