// !$*UTF8*$!
{
	archiveVersion = 1;
	classes = {
	};
	objectVersion = 77;
	objects = {

/* Begin PBXBuildFile section */
		AC080CC42FAB2BB0006C24E5 /* AppDelegate.swift in Sources */ = {isa = PBXBuildFile; fileRef = AC080CC32FAB2BB0006C24E5 /* AppDelegate.swift */; };
		AC080CC62FAB2BB0006C24E5 /* SceneDelegate.swift in Sources */ = {isa = PBXBuildFile; fileRef = AC080CC52FAB2BB0006C24E5 /* SceneDelegate.swift */; };
		AC080CC92FAB2BB0006C24E5 /* LaunchScreen.storyboard in Resources */ = {isa = PBXBuildFile; fileRef = AC080CC72FAB2BB0006C24E5 /* LaunchScreen.storyboard */; };
		AC080CCC2FAB2BB0006C24E5 /* Main.storyboard in Resources */ = {isa = PBXBuildFile; fileRef = AC080CCA2FAB2BB0006C24E5 /* Main.storyboard */; };
		AC080CD52FAB2BB0006C24E5 /* AppDelegate.swift in Sources */ = {isa = PBXBuildFile; fileRef = AC080CD42FAB2BB0006C24E5 /* AppDelegate.swift */; };
		AC080CD82FAB2BB0006C24E5 /* Main.storyboard in Resources */ = {isa = PBXBuildFile; fileRef = AC080CD62FAB2BB0006C24E5 /* Main.storyboard */; };
		AC080CDF2FAB2BB0006C24E5 /* Chat with Webpage Extension.appex in Embed Foundation Extensions */ = {isa = PBXBuildFile; fileRef = AC080CDE2FAB2BB0006C24E5 /* Chat with Webpage Extension.appex */; settings = {ATTRIBUTES = (RemoveHeadersOnCopy, ); }; };
		AC080CE92FAB2BB0006C24E5 /* Chat with Webpage Extension.appex in Embed Foundation Extensions */ = {isa = PBXBuildFile; fileRef = AC080CE82FAB2BB0006C24E5 /* Chat with Webpage Extension.appex */; settings = {ATTRIBUTES = (RemoveHeadersOnCopy, ); }; };
		AC080CEE2FAB2BB0006C24E5 /* Main.html in Resources */ = {isa = PBXBuildFile; fileRef = AC080CB32FAB2BAC006C24E5 /* Main.html */; };
		AC080CEF2FAB2BB0006C24E5 /* Main.html in Resources */ = {isa = PBXBuildFile; fileRef = AC080CB32FAB2BAC006C24E5 /* Main.html */; };
		AC080CF02FAB2BB0006C24E5 /* Icon.png in Resources */ = {isa = PBXBuildFile; fileRef = AC080CB52FAB2BAC006C24E5 /* Icon.png */; };
		AC080CF12FAB2BB0006C24E5 /* Icon.png in Resources */ = {isa = PBXBuildFile; fileRef = AC080CB52FAB2BAC006C24E5 /* Icon.png */; };
		AC080CF22FAB2BB0006C24E5 /* Style.css in Resources */ = {isa = PBXBuildFile; fileRef = AC080CB62FAB2BAC006C24E5 /* Style.css */; };
		AC080CF32FAB2BB0006C24E5 /* Style.css in Resources */ = {isa = PBXBuildFile; fileRef = AC080CB62FAB2BAC006C24E5 /* Style.css */; };
		AC080CF42FAB2BB0006C24E5 /* Script.js in Resources */ = {isa = PBXBuildFile; fileRef = AC080CB72FAB2BAC006C24E5 /* Script.js */; };
		AC080CF52FAB2BB0006C24E5 /* Script.js in Resources */ = {isa = PBXBuildFile; fileRef = AC080CB72FAB2BAC006C24E5 /* Script.js */; };
		AC080CF62FAB2BB0006C24E5 /* ViewController.swift in Sources */ = {isa = PBXBuildFile; fileRef = AC080CB82FAB2BAC006C24E5 /* ViewController.swift */; };
		AC080CF72FAB2BB0006C24E5 /* ViewController.swift in Sources */ = {isa = PBXBuildFile; fileRef = AC080CB82FAB2BAC006C24E5 /* ViewController.swift */; };
		AC080CF82FAB2BB0006C24E5 /* Assets.xcassets in Resources */ = {isa = PBXBuildFile; fileRef = AC080CB92FAB2BB0006C24E5 /* Assets.xcassets */; };
		AC080CF92FAB2BB0006C24E5 /* Assets.xcassets in Resources */ = {isa = PBXBuildFile; fileRef = AC080CB92FAB2BB0006C24E5 /* Assets.xcassets */; };
		AC080CFA2FAB2BB0006C24E5 /* SafariWebExtensionHandler.swift in Sources */ = {isa = PBXBuildFile; fileRef = AC080CBB2FAB2BB0006C24E5 /* SafariWebExtensionHandler.swift */; };
		AC080CFB2FAB2BB0006C24E5 /* SafariWebExtensionHandler.swift in Sources */ = {isa = PBXBuildFile; fileRef = AC080CBB2FAB2BB0006C24E5 /* SafariWebExtensionHandler.swift */; };
		AC080D182FAB2BB1006C24E5 /* offscreen.html in Resources */ = {isa = PBXBuildFile; fileRef = AC080D0D2FAB2BB1006C24E5 /* offscreen.html */; };
		AC080D192FAB2BB1006C24E5 /* dist in Resources */ = {isa = PBXBuildFile; fileRef = AC080D0E2FAB2BB1006C24E5 /* dist */; };
		AC080D1A2FAB2BB1006C24E5 /* popup.html in Resources */ = {isa = PBXBuildFile; fileRef = AC080D0F2FAB2BB1006C24E5 /* popup.html */; };
		AC080D1B2FAB2BB1006C24E5 /* node_modules in Resources */ = {isa = PBXBuildFile; fileRef = AC080D102FAB2BB1006C24E5 /* node_modules */; };
		AC080D1C2FAB2BB1006C24E5 /* package.json in Resources */ = {isa = PBXBuildFile; fileRef = AC080D112FAB2BB1006C24E5 /* package.json */; };
		AC080D1D2FAB2BB1006C24E5 /* icons in Resources */ = {isa = PBXBuildFile; fileRef = AC080D132FAB2BB1006C24E5 /* icons */; };
		AC080D1E2FAB2BB1006C24E5 /* manifest.json in Resources */ = {isa = PBXBuildFile; fileRef = AC080D142FAB2BB1006C24E5 /* manifest.json */; };
		AC080D1F2FAB2BB1006C24E5 /* tsconfig.json in Resources */ = {isa = PBXBuildFile; fileRef = AC080D152FAB2BB1006C24E5 /* tsconfig.json */; };
		AC080D202FAB2BB1006C24E5 /* popup.css in Resources */ = {isa = PBXBuildFile; fileRef = AC080D162FAB2BB1006C24E5 /* popup.css */; };
		AC080D212FAB2BB1006C24E5 /* src in Resources */ = {isa = PBXBuildFile; fileRef = AC080D172FAB2BB1006C24E5 /* src */; };
		AC080D222FAB2BB1006C24E5 /* offscreen.html in Resources */ = {isa = PBXBuildFile; fileRef = AC080D0D2FAB2BB1006C24E5 /* offscreen.html */; };
		AC080D232FAB2BB1006C24E5 /* dist in Resources */ = {isa = PBXBuildFile; fileRef = AC080D0E2FAB2BB1006C24E5 /* dist */; };
		AC080D242FAB2BB1006C24E5 /* popup.html in Resources */ = {isa = PBXBuildFile; fileRef = AC080D0F2FAB2BB1006C24E5 /* popup.html */; };
		AC080D252FAB2BB1006C24E5 /* node_modules in Resources */ = {isa = PBXBuildFile; fileRef = AC080D102FAB2BB1006C24E5 /* node_modules */; };
		AC080D262FAB2BB1006C24E5 /* package.json in Resources */ = {isa = PBXBuildFile; fileRef = AC080D112FAB2BB1006C24E5 /* package.json */; };
		AC080D272FAB2BB1006C24E5 /* icons in Resources */ = {isa = PBXBuildFile; fileRef = AC080D132FAB2BB1006C24E5 /* icons */; };
		AC080D282FAB2BB1006C24E5 /* manifest.json in Resources */ = {isa = PBXBuildFile; fileRef = AC080D142FAB2BB1006C24E5 /* manifest.json */; };
		AC080D292FAB2BB1006C24E5 /* tsconfig.json in Resources */ = {isa = PBXBuildFile; fileRef = AC080D152FAB2BB1006C24E5 /* tsconfig.json */; };
		AC080D2A2FAB2BB1006C24E5 /* popup.css in Resources */ = {isa = PBXBuildFile; fileRef = AC080D162FAB2BB1006C24E5 /* popup.css */; };
		AC080D2B2FAB2BB1006C24E5 /* src in Resources */ = {isa = PBXBuildFile; fileRef = AC080D172FAB2BB1006C24E5 /* src */; };
/* End PBXBuildFile section */

/* Begin PBXContainerItemProxy section */
		AC080CE02FAB2BB0006C24E5 /* PBXContainerItemProxy */ = {
			isa = PBXContainerItemProxy;
			containerPortal = AC080CAD2FAB2BAB006C24E5 /* Project object */;
			proxyType = 1;
			remoteGlobalIDString = AC080CDD2FAB2BB0006C24E5;
			remoteInfo = "Chat with Webpage Extension (iOS)";
		};
		AC080CEA2FAB2BB0006C24E5 /* PBXContainerItemProxy */ = {
			isa = PBXContainerItemProxy;
			containerPortal = AC080CAD2FAB2BAB006C24E5 /* Project object */;
			proxyType = 1;
			remoteGlobalIDString = AC080CE72FAB2BB0006C24E5;
			remoteInfo = "Chat with Webpage Extension (macOS)";
		};
/* End PBXContainerItemProxy section */

/* Begin PBXCopyFilesBuildPhase section */
		AC080D012FAB2BB0006C24E5 /* Embed Foundation Extensions */ = {
			isa = PBXCopyFilesBuildPhase;
			buildActionMask = 2147483647;
			dstPath = "";
			dstSubfolderSpec = 13;
			files = (
				AC080CDF2FAB2BB0006C24E5 /* Chat with Webpage Extension.appex in Embed Foundation Extensions */,
			);
			name = "Embed Foundation Extensions";
			runOnlyForDeploymentPostprocessing = 0;
		};
		AC080D082FAB2BB0006C24E5 /* Embed Foundation Extensions */ = {
			isa = PBXCopyFilesBuildPhase;
			buildActionMask = 2147483647;
			dstPath = "";
			dstSubfolderSpec = 13;
			files = (
				AC080CE92FAB2BB0006C24E5 /* Chat with Webpage Extension.appex in Embed Foundation Extensions */,
			);
			name = "Embed Foundation Extensions";
			runOnlyForDeploymentPostprocessing = 0;
		};
/* End PBXCopyFilesBuildPhase section */

/* Begin PBXFileReference section */
		AC080CB42FAB2BAC006C24E5 /* Base */ = {isa = PBXFileReference; lastKnownFileType = text.html; name = Base; path = Base.lproj/Main.html; sourceTree = "<group>"; };
		AC080CB52FAB2BAC006C24E5 /* Icon.png */ = {isa = PBXFileReference; lastKnownFileType = image.png; path = Icon.png; sourceTree = "<group>"; };
		AC080CB62FAB2BAC006C24E5 /* Style.css */ = {isa = PBXFileReference; lastKnownFileType = text.css; path = Style.css; sourceTree = "<group>"; };
		AC080CB72FAB2BAC006C24E5 /* Script.js */ = {isa = PBXFileReference; lastKnownFileType = sourcecode.javascript; path = Script.js; sourceTree = "<group>"; };
		AC080CB82FAB2BAC006C24E5 /* ViewController.swift */ = {isa = PBXFileReference; lastKnownFileType = sourcecode.swift; path = ViewController.swift; sourceTree = "<group>"; };
		AC080CB92FAB2BB0006C24E5 /* Assets.xcassets */ = {isa = PBXFileReference; lastKnownFileType = folder.assetcatalog; path = Assets.xcassets; sourceTree = "<group>"; };
		AC080CBB2FAB2BB0006C24E5 /* SafariWebExtensionHandler.swift */ = {isa = PBXFileReference; lastKnownFileType = sourcecode.swift; path = SafariWebExtensionHandler.swift; sourceTree = "<group>"; };
		AC080CC02FAB2BB0006C24E5 /* Chat with Webpage.app */ = {isa = PBXFileReference; explicitFileType = wrapper.application; includeInIndex = 0; path = "Chat with Webpage.app"; sourceTree = BUILT_PRODUCTS_DIR; };
		AC080CC32FAB2BB0006C24E5 /* AppDelegate.swift */ = {isa = PBXFileReference; lastKnownFileType = sourcecode.swift; path = AppDelegate.swift; sourceTree = "<group>"; };
		AC080CC52FAB2BB0006C24E5 /* SceneDelegate.swift */ = {isa = PBXFileReference; lastKnownFileType = sourcecode.swift; path = SceneDelegate.swift; sourceTree = "<group>"; };
		AC080CC82FAB2BB0006C24E5 /* Base */ = {isa = PBXFileReference; lastKnownFileType = file.storyboard; name = Base; path = Base.lproj/LaunchScreen.storyboard; sourceTree = "<group>"; };
		AC080CCB2FAB2BB0006C24E5 /* Base */ = {isa = PBXFileReference; lastKnownFileType = file.storyboard; name = Base; path = Base.lproj/Main.storyboard; sourceTree = "<group>"; };
		AC080CCD2FAB2BB0006C24E5 /* Info.plist */ = {isa = PBXFileReference; lastKnownFileType = text.plist.xml; path = Info.plist; sourceTree = "<group>"; };
		AC080CD22FAB2BB0006C24E5 /* Chat with Webpage.app */ = {isa = PBXFileReference; explicitFileType = wrapper.application; includeInIndex = 0; path = "Chat with Webpage.app"; sourceTree = BUILT_PRODUCTS_DIR; };
		AC080CD42FAB2BB0006C24E5 /* AppDelegate.swift */ = {isa = PBXFileReference; lastKnownFileType = sourcecode.swift; path = AppDelegate.swift; sourceTree = "<group>"; };
		AC080CD72FAB2BB0006C24E5 /* Base */ = {isa = PBXFileReference; lastKnownFileType = file.storyboard; name = Base; path = Base.lproj/Main.storyboard; sourceTree = "<group>"; };
		AC080CD92FAB2BB0006C24E5 /* Info.plist */ = {isa = PBXFileReference; lastKnownFileType = text.plist.xml; path = Info.plist; sourceTree = "<group>"; };
		AC080CDE2FAB2BB0006C24E5 /* Chat with Webpage Extension.appex */ = {isa = PBXFileReference; explicitFileType = "wrapper.app-extension"; includeInIndex = 0; path = "Chat with Webpage Extension.appex"; sourceTree = BUILT_PRODUCTS_DIR; };
		AC080CE32FAB2BB0006C24E5 /* Info.plist */ = {isa = PBXFileReference; lastKnownFileType = text.plist.xml; path = Info.plist; sourceTree = "<group>"; };
		AC080CE82FAB2BB0006C24E5 /* Chat with Webpage Extension.appex */ = {isa = PBXFileReference; explicitFileType = "wrapper.app-extension"; includeInIndex = 0; path = "Chat with Webpage Extension.appex"; sourceTree = BUILT_PRODUCTS_DIR; };
		AC080CED2FAB2BB0006C24E5 /* Info.plist */ = {isa = PBXFileReference; lastKnownFileType = text.plist.xml; path = Info.plist; sourceTree = "<group>"; };
		AC080D0D2FAB2BB1006C24E5 /* offscreen.html */ = {isa = PBXFileReference; lastKnownFileType = text.html; name = offscreen.html; path = ../../../chrome/offscreen.html; sourceTree = "<group>"; };
		AC080D0E2FAB2BB1006C24E5 /* dist */ = {isa = PBXFileReference; lastKnownFileType = folder; name = dist; path = ../../../chrome/dist; sourceTree = "<group>"; };
		AC080D0F2FAB2BB1006C24E5 /* popup.html */ = {isa = PBXFileReference; lastKnownFileType = text.html; name = popup.html; path = ../../../chrome/popup.html; sourceTree = "<group>"; };
		AC080D102FAB2BB1006C24E5 /* node_modules */ = {isa = PBXFileReference; lastKnownFileType = folder; name = node_modules; path = ../../../chrome/node_modules; sourceTree = "<group>"; };
		AC080D112FAB2BB1006C24E5 /* package.json */ = {isa = PBXFileReference; lastKnownFileType = text.json; name = package.json; path = ../../../chrome/package.json; sourceTree = "<group>"; };
		AC080D122FAB2BB1006C24E5 /* tsup.config.ts */ = {isa = PBXFileReference; lastKnownFileType = sourcecode.typescript; name = tsup.config.ts; path = ../../../chrome/tsup.config.ts; sourceTree = "<group>"; };
		AC080D132FAB2BB1006C24E5 /* icons */ = {isa = PBXFileReference; lastKnownFileType = folder; name = icons; path = ../../../chrome/icons; sourceTree = "<group>"; };
		AC080D142FAB2BB1006C24E5 /* manifest.json */ = {isa = PBXFileReference; lastKnownFileType = text.json; name = manifest.json; path = ../../../chrome/manifest.json; sourceTree = "<group>"; };
		AC080D152FAB2BB1006C24E5 /* tsconfig.json */ = {isa = PBXFileReference; lastKnownFileType = text.json; name = tsconfig.json; path = ../../../chrome/tsconfig.json; sourceTree = "<group>"; };
		AC080D162FAB2BB1006C24E5 /* popup.css */ = {isa = PBXFileReference; lastKnownFileType = text.css; name = popup.css; path = ../../../chrome/popup.css; sourceTree = "<group>"; };
		AC080D172FAB2BB1006C24E5 /* src */ = {isa = PBXFileReference; lastKnownFileType = folder; name = src; path = ../../../chrome/src; sourceTree = "<group>"; };
/* End PBXFileReference section */

/* Begin PBXFrameworksBuildPhase section */
		AC080CBD2FAB2BB0006C24E5 /* Frameworks */ = {
			isa = PBXFrameworksBuildPhase;
			buildActionMask = 2147483647;
			files = (
			);
			runOnlyForDeploymentPostprocessing = 0;
		};
		AC080CCF2FAB2BB0006C24E5 /* Frameworks */ = {
			isa = PBXFrameworksBuildPhase;
			buildActionMask = 2147483647;
			files = (
			);
			runOnlyForDeploymentPostprocessing = 0;
		};
		AC080CDB2FAB2BB0006C24E5 /* Frameworks */ = {
			isa = PBXFrameworksBuildPhase;
			buildActionMask = 2147483647;
			files = (
			);
			runOnlyForDeploymentPostprocessing = 0;
		};
		AC080CE52FAB2BB0006C24E5 /* Frameworks */ = {
			isa = PBXFrameworksBuildPhase;
			buildActionMask = 2147483647;
			files = (
			);
			runOnlyForDeploymentPostprocessing = 0;
		};
/* End PBXFrameworksBuildPhase section */

/* Begin PBXGroup section */
		AC080CAC2FAB2BAB006C24E5 = {
			isa = PBXGroup;
			children = (
				AC080CB12FAB2BAC006C24E5 /* Shared (App) */,
				AC080CBA2FAB2BB0006C24E5 /* Shared (Extension) */,
				AC080CC22FAB2BB0006C24E5 /* iOS (App) */,
				AC080CD32FAB2BB0006C24E5 /* macOS (App) */,
				AC080CE22FAB2BB0006C24E5 /* iOS (Extension) */,
				AC080CEC2FAB2BB0006C24E5 /* macOS (Extension) */,
				AC080CC12FAB2BB0006C24E5 /* Products */,
			);
			sourceTree = "<group>";
		};
		AC080CB12FAB2BAC006C24E5 /* Shared (App) */ = {
			isa = PBXGroup;
			children = (
				AC080CB82FAB2BAC006C24E5 /* ViewController.swift */,
				AC080CB92FAB2BB0006C24E5 /* Assets.xcassets */,
				AC080CB22FAB2BAC006C24E5 /* Resources */,
			);
			path = "Shared (App)";
			sourceTree = "<group>";
		};
		AC080CB22FAB2BAC006C24E5 /* Resources */ = {
			isa = PBXGroup;
			children = (
				AC080CB32FAB2BAC006C24E5 /* Main.html */,
				AC080CB52FAB2BAC006C24E5 /* Icon.png */,
				AC080CB62FAB2BAC006C24E5 /* Style.css */,
				AC080CB72FAB2BAC006C24E5 /* Script.js */,
			);
			path = Resources;
			sourceTree = "<group>";
		};
		AC080CBA2FAB2BB0006C24E5 /* Shared (Extension) */ = {
			isa = PBXGroup;
			children = (
				AC080D0C2FAB2BB1006C24E5 /* Resources */,
				AC080CBB2FAB2BB0006C24E5 /* SafariWebExtensionHandler.swift */,
			);
			path = "Shared (Extension)";
			sourceTree = "<group>";
		};
		AC080CC12FAB2BB0006C24E5 /* Products */ = {
			isa = PBXGroup;
			children = (
				AC080CC02FAB2BB0006C24E5 /* Chat with Webpage.app */,
				AC080CD22FAB2BB0006C24E5 /* Chat with Webpage.app */,
				AC080CDE2FAB2BB0006C24E5 /* Chat with Webpage Extension.appex */,
				AC080CE82FAB2BB0006C24E5 /* Chat with Webpage Extension.appex */,
			);
			name = Products;
			sourceTree = "<group>";
		};
		AC080CC22FAB2BB0006C24E5 /* iOS (App) */ = {
			isa = PBXGroup;
			children = (
				AC080CC32FAB2BB0006C24E5 /* AppDelegate.swift */,
				AC080CC52FAB2BB0006C24E5 /* SceneDelegate.swift */,
				AC080CC72FAB2BB0006C24E5 /* LaunchScreen.storyboard */,
				AC080CCA2FAB2BB0006C24E5 /* Main.storyboard */,
				AC080CCD2FAB2BB0006C24E5 /* Info.plist */,
			);
			path = "iOS (App)";
			sourceTree = "<group>";
		};
		AC080CD32FAB2BB0006C24E5 /* macOS (App) */ = {
			isa = PBXGroup;
			children = (
				AC080CD42FAB2BB0006C24E5 /* AppDelegate.swift */,
				AC080CD62FAB2BB0006C24E5 /* Main.storyboard */,
				AC080CD92FAB2BB0006C24E5 /* Info.plist */,
			);
			path = "macOS (App)";
			sourceTree = "<group>";
		};
		AC080CE22FAB2BB0006C24E5 /* iOS (Extension) */ = {
			isa = PBXGroup;
			children = (
				AC080CE32FAB2BB0006C24E5 /* Info.plist */,
			);
			path = "iOS (Extension)";
			sourceTree = "<group>";
		};
		AC080CEC2FAB2BB0006C24E5 /* macOS (Extension) */ = {
			isa = PBXGroup;
			children = (
				AC080CED2FAB2BB0006C24E5 /* Info.plist */,
			);
			path = "macOS (Extension)";
			sourceTree = "<group>";
		};
		AC080D0C2FAB2BB1006C24E5 /* Resources */ = {
			isa = PBXGroup;
			children = (
				AC080D0D2FAB2BB1006C24E5 /* offscreen.html */,
				AC080D0E2FAB2BB1006C24E5 /* dist */,
				AC080D0F2FAB2BB1006C24E5 /* popup.html */,
				AC080D102FAB2BB1006C24E5 /* node_modules */,
				AC080D112FAB2BB1006C24E5 /* package.json */,
				AC080D122FAB2BB1006C24E5 /* tsup.config.ts */,
				AC080D132FAB2BB1006C24E5 /* icons */,
				AC080D142FAB2BB1006C24E5 /* manifest.json */,
				AC080D152FAB2BB1006C24E5 /* tsconfig.json */,
				AC080D162FAB2BB1006C24E5 /* popup.css */,
				AC080D172FAB2BB1006C24E5 /* src */,
			);
			name = Resources;
			path = "Shared (Extension)";
			sourceTree = SOURCE_ROOT;
		};
/* End PBXGroup section */

/* Begin PBXNativeTarget section */
		AC080CBF2FAB2BB0006C24E5 /* Chat with Webpage (iOS) */ = {
			isa = PBXNativeTarget;
			buildConfigurationList = AC080D022FAB2BB0006C24E5 /* Build configuration list for PBXNativeTarget "Chat with Webpage (iOS)" */;
			buildPhases = (
				AC080CBC2FAB2BB0006C24E5 /* Sources */,
				AC080CBD2FAB2BB0006C24E5 /* Frameworks */,
				AC080CBE2FAB2BB0006C24E5 /* Resources */,
				AC080D012FAB2BB0006C24E5 /* Embed Foundation Extensions */,
			);
			buildRules = (
			);
			dependencies = (
				AC080CE12FAB2BB0006C24E5 /* PBXTargetDependency */,
			);
			name = "Chat with Webpage (iOS)";
			packageProductDependencies = (
			);
			productName = "Chat with Webpage (iOS)";
			productReference = AC080CC02FAB2BB0006C24E5 /* Chat with Webpage.app */;
			productType = "com.apple.product-type.application";
		};
		AC080CD12FAB2BB0006C24E5 /* Chat with Webpage (macOS) */ = {
			isa = PBXNativeTarget;
			buildConfigurationList = AC080D092FAB2BB0006C24E5 /* Build configuration list for PBXNativeTarget "Chat with Webpage (macOS)" */;
			buildPhases = (
				AC080CCE2FAB2BB0006C24E5 /* Sources */,
				AC080CCF2FAB2BB0006C24E5 /* Frameworks */,
				AC080CD02FAB2BB0006C24E5 /* Resources */,
				AC080D082FAB2BB0006C24E5 /* Embed Foundation Extensions */,
			);
			buildRules = (
			);
			dependencies = (
				AC080CEB2FAB2BB0006C24E5 /* PBXTargetDependency */,
			);
			name = "Chat with Webpage (macOS)";
			packageProductDependencies = (
			);
			productName = "Chat with Webpage (macOS)";
			productReference = AC080CD22FAB2BB0006C24E5 /* Chat with Webpage.app */;
			productType = "com.apple.product-type.application";
		};
		AC080CDD2FAB2BB0006C24E5 /* Chat with Webpage Extension (iOS) */ = {
			isa = PBXNativeTarget;
			buildConfigurationList = AC080CFE2FAB2BB0006C24E5 /* Build configuration list for PBXNativeTarget "Chat with Webpage Extension (iOS)" */;
			buildPhases = (
				AC080CDA2FAB2BB0006C24E5 /* Sources */,
				AC080CDB2FAB2BB0006C24E5 /* Frameworks */,
				AC080CDC2FAB2BB0006C24E5 /* Resources */,
			);
			buildRules = (
			);
			dependencies = (
			);
			name = "Chat with Webpage Extension (iOS)";
			packageProductDependencies = (
			);
			productName = "Chat with Webpage Extension (iOS)";
			productReference = AC080CDE2FAB2BB0006C24E5 /* Chat with Webpage Extension.appex */;
			productType = "com.apple.product-type.app-extension";
		};
		AC080CE72FAB2BB0006C24E5 /* Chat with Webpage Extension (macOS) */ = {
			isa = PBXNativeTarget;
			buildConfigurationList = AC080D052FAB2BB0006C24E5 /* Build configuration list for PBXNativeTarget "Chat with Webpage Extension (macOS)" */;
			buildPhases = (
				AC080CE42FAB2BB0006C24E5 /* Sources */,
				AC080CE52FAB2BB0006C24E5 /* Frameworks */,
				AC080CE62FAB2BB0006C24E5 /* Resources */,
			);
			buildRules = (
			);
			dependencies = (
			);
			name = "Chat with Webpage Extension (macOS)";
			packageProductDependencies = (
			);
			productName = "Chat with Webpage Extension (macOS)";
			productReference = AC080CE82FAB2BB0006C24E5 /* Chat with Webpage Extension.appex */;
			productType = "com.apple.product-type.app-extension";
		};
/* End PBXNativeTarget section */

/* Begin PBXProject section */
		AC080CAD2FAB2BAB006C24E5 /* Project object */ = {
			isa = PBXProject;
			attributes = {
				BuildIndependentTargetsInParallel = 1;
				LastSwiftUpdateCheck = 2640;
				LastUpgradeCheck = 2640;
				TargetAttributes = {
					AC080CBF2FAB2BB0006C24E5 = {
						CreatedOnToolsVersion = 26.4.1;
					};
					AC080CD12FAB2BB0006C24E5 = {
						CreatedOnToolsVersion = 26.4.1;
					};
					AC080CDD2FAB2BB0006C24E5 = {
						CreatedOnToolsVersion = 26.4.1;
					};
					AC080CE72FAB2BB0006C24E5 = {
						CreatedOnToolsVersion = 26.4.1;
					};
				};
			};
			buildConfigurationList = AC080CB02FAB2BAB006C24E5 /* Build configuration list for PBXProject "Chat with Webpage" */;
			developmentRegion = en;
			hasScannedForEncodings = 0;
			knownRegions = (
				en,
				Base,
			);
			mainGroup = AC080CAC2FAB2BAB006C24E5;
			minimizedProjectReferenceProxies = 1;
			preferredProjectObjectVersion = 77;
			productRefGroup = AC080CC12FAB2BB0006C24E5 /* Products */;
			projectDirPath = "";
			projectRoot = "";
			targets = (
				AC080CBF2FAB2BB0006C24E5 /* Chat with Webpage (iOS) */,
				AC080CD12FAB2BB0006C24E5 /* Chat with Webpage (macOS) */,
				AC080CDD2FAB2BB0006C24E5 /* Chat with Webpage Extension (iOS) */,
				AC080CE72FAB2BB0006C24E5 /* Chat with Webpage Extension (macOS) */,
			);
		};
/* End PBXProject section */

/* Begin PBXResourcesBuildPhase section */
		AC080CBE2FAB2BB0006C24E5 /* Resources */ = {
			isa = PBXResourcesBuildPhase;
			buildActionMask = 2147483647;
			files = (
				AC080CF02FAB2BB0006C24E5 /* Icon.png in Resources */,
				AC080CC92FAB2BB0006C24E5 /* LaunchScreen.storyboard in Resources */,
				AC080CEE2FAB2BB0006C24E5 /* Main.html in Resources */,
				AC080CF42FAB2BB0006C24E5 /* Script.js in Resources */,
				AC080CF82FAB2BB0006C24E5 /* Assets.xcassets in Resources */,
				AC080CCC2FAB2BB0006C24E5 /* Main.storyboard in Resources */,
				AC080CF22FAB2BB0006C24E5 /* Style.css in Resources */,
			);
			runOnlyForDeploymentPostprocessing = 0;
		};
		AC080CD02FAB2BB0006C24E5 /* Resources */ = {
			isa = PBXResourcesBuildPhase;
			buildActionMask = 2147483647;
			files = (
				AC080CF12FAB2BB0006C24E5 /* Icon.png in Resources */,
				AC080CF32FAB2BB0006C24E5 /* Style.css in Resources */,
				AC080CD82FAB2BB0006C24E5 /* Main.storyboard in Resources */,
				AC080CF52FAB2BB0006C24E5 /* Script.js in Resources */,
				AC080CF92FAB2BB0006C24E5 /* Assets.xcassets in Resources */,
				AC080CEF2FAB2BB0006C24E5 /* Main.html in Resources */,
			);
			runOnlyForDeploymentPostprocessing = 0;
		};
		AC080CDC2FAB2BB0006C24E5 /* Resources */ = {
			isa = PBXResourcesBuildPhase;
			buildActionMask = 2147483647;
			files = (
				AC080D232FAB2BB1006C24E5 /* dist in Resources */,
				AC080D282FAB2BB1006C24E5 /* manifest.json in Resources */,
				AC080D292FAB2BB1006C24E5 /* tsconfig.json in Resources */,
				AC080D242FAB2BB1006C24E5 /* popup.html in Resources */,
				AC080D252FAB2BB1006C24E5 /* node_modules in Resources */,
				AC080D2A2FAB2BB1006C24E5 /* popup.css in Resources */,
				AC080D272FAB2BB1006C24E5 /* icons in Resources */,
				AC080D222FAB2BB1006C24E5 /* offscreen.html in Resources */,
				AC080D262FAB2BB1006C24E5 /* package.json in Resources */,
				AC080D2B2FAB2BB1006C24E5 /* src in Resources */,
			);
			runOnlyForDeploymentPostprocessing = 0;
		};
		AC080CE62FAB2BB0006C24E5 /* Resources */ = {
			isa = PBXResourcesBuildPhase;
			buildActionMask = 2147483647;
			files = (
				AC080D192FAB2BB1006C24E5 /* dist in Resources */,
				AC080D1E2FAB2BB1006C24E5 /* manifest.json in Resources */,
				AC080D1F2FAB2BB1006C24E5 /* tsconfig.json in Resources */,
				AC080D1A2FAB2BB1006C24E5 /* popup.html in Resources */,
				AC080D1B2FAB2BB1006C24E5 /* node_modules in Resources */,
				AC080D202FAB2BB1006C24E5 /* popup.css in Resources */,
				AC080D1D2FAB2BB1006C24E5 /* icons in Resources */,
				AC080D182FAB2BB1006C24E5 /* offscreen.html in Resources */,
				AC080D1C2FAB2BB1006C24E5 /* package.json in Resources */,
				AC080D212FAB2BB1006C24E5 /* src in Resources */,
			);
			runOnlyForDeploymentPostprocessing = 0;
		};
/* End PBXResourcesBuildPhase section */

/* Begin PBXSourcesBuildPhase section */
		AC080CBC2FAB2BB0006C24E5 /* Sources */ = {
			isa = PBXSourcesBuildPhase;
			buildActionMask = 2147483647;
			files = (
				AC080CF62FAB2BB0006C24E5 /* ViewController.swift in Sources */,
				AC080CC42FAB2BB0006C24E5 /* AppDelegate.swift in Sources */,
				AC080CC62FAB2BB0006C24E5 /* SceneDelegate.swift in Sources */,
			);
			runOnlyForDeploymentPostprocessing = 0;
		};
		AC080CCE2FAB2BB0006C24E5 /* Sources */ = {
			isa = PBXSourcesBuildPhase;
			buildActionMask = 2147483647;
			files = (
				AC080CF72FAB2BB0006C24E5 /* ViewController.swift in Sources */,
				AC080CD52FAB2BB0006C24E5 /* AppDelegate.swift in Sources */,
			);
			runOnlyForDeploymentPostprocessing = 0;
		};
		AC080CDA2FAB2BB0006C24E5 /* Sources */ = {
			isa = PBXSourcesBuildPhase;
			buildActionMask = 2147483647;
			files = (
				AC080CFA2FAB2BB0006C24E5 /* SafariWebExtensionHandler.swift in Sources */,
			);
			runOnlyForDeploymentPostprocessing = 0;
		};
		AC080CE42FAB2BB0006C24E5 /* Sources */ = {
			isa = PBXSourcesBuildPhase;
			buildActionMask = 2147483647;
			files = (
				AC080CFB2FAB2BB0006C24E5 /* SafariWebExtensionHandler.swift in Sources */,
			);
			runOnlyForDeploymentPostprocessing = 0;
		};
/* End PBXSourcesBuildPhase section */

/* Begin PBXTargetDependency section */
		AC080CE12FAB2BB0006C24E5 /* PBXTargetDependency */ = {
			isa = PBXTargetDependency;
			target = AC080CDD2FAB2BB0006C24E5 /* Chat with Webpage Extension (iOS) */;
			targetProxy = AC080CE02FAB2BB0006C24E5 /* PBXContainerItemProxy */;
		};
		AC080CEB2FAB2BB0006C24E5 /* PBXTargetDependency */ = {
			isa = PBXTargetDependency;
			target = AC080CE72FAB2BB0006C24E5 /* Chat with Webpage Extension (macOS) */;
			targetProxy = AC080CEA2FAB2BB0006C24E5 /* PBXContainerItemProxy */;
		};
/* End PBXTargetDependency section */

/* Begin PBXVariantGroup section */
		AC080CB32FAB2BAC006C24E5 /* Main.html */ = {
			isa = PBXVariantGroup;
			children = (
				AC080CB42FAB2BAC006C24E5 /* Base */,
			);
			name = Main.html;
			sourceTree = "<group>";
		};
		AC080CC72FAB2BB0006C24E5 /* LaunchScreen.storyboard */ = {
			isa = PBXVariantGroup;
			children = (
				AC080CC82FAB2BB0006C24E5 /* Base */,
			);
			name = LaunchScreen.storyboard;
			sourceTree = "<group>";
		};
		AC080CCA2FAB2BB0006C24E5 /* Main.storyboard */ = {
			isa = PBXVariantGroup;
			children = (
				AC080CCB2FAB2BB0006C24E5 /* Base */,
			);
			name = Main.storyboard;
			sourceTree = "<group>";
		};
		AC080CD62FAB2BB0006C24E5 /* Main.storyboard */ = {
			isa = PBXVariantGroup;
			children = (
				AC080CD72FAB2BB0006C24E5 /* Base */,
			);
			name = Main.storyboard;
			sourceTree = "<group>";
		};
/* End PBXVariantGroup section */

/* Begin XCBuildConfiguration section */
		AC080CFC2FAB2BB0006C24E5 /* Debug */ = {
			isa = XCBuildConfiguration;
			buildSettings = {
				ALWAYS_SEARCH_USER_PATHS = NO;
				ASSETCATALOG_COMPILER_GENERATE_SWIFT_ASSET_SYMBOL_EXTENSIONS = YES;
				CLANG_ANALYZER_NONNULL = YES;
				CLANG_ANALYZER_NUMBER_OBJECT_CONVERSION = YES_AGGRESSIVE;
				CLANG_CXX_LANGUAGE_STANDARD = "gnu++20";
				CLANG_ENABLE_MODULES = YES;
				CLANG_ENABLE_OBJC_ARC = YES;
				CLANG_ENABLE_OBJC_WEAK = YES;
				CLANG_WARN_BLOCK_CAPTURE_AUTORELEASING = YES;
				CLANG_WARN_BOOL_CONVERSION = YES;
				CLANG_WARN_COMMA = YES;
				CLANG_WARN_CONSTANT_CONVERSION = YES;
				CLANG_WARN_DEPRECATED_OBJC_IMPLEMENTATIONS = YES;
				CLANG_WARN_DIRECT_OBJC_ISA_USAGE = YES_ERROR;
				CLANG_WARN_DOCUMENTATION_COMMENTS = YES;
				CLANG_WARN_EMPTY_BODY = YES;
				CLANG_WARN_ENUM_CONVERSION = YES;
				CLANG_WARN_INFINITE_RECURSION = YES;
				CLANG_WARN_INT_CONVERSION = YES;
				CLANG_WARN_NON_LITERAL_NULL_CONVERSION = YES;
				CLANG_WARN_OBJC_IMPLICIT_RETAIN_SELF = YES;
				CLANG_WARN_OBJC_LITERAL_CONVERSION = YES;
				CLANG_WARN_OBJC_ROOT_CLASS = YES_ERROR;
				CLANG_WARN_QUOTED_INCLUDE_IN_FRAMEWORK_HEADER = YES;
				CLANG_WARN_RANGE_LOOP_ANALYSIS = YES;
				CLANG_WARN_STRICT_PROTOTYPES = YES;
				CLANG_WARN_SUSPICIOUS_MOVE = YES;
				CLANG_WARN_UNGUARDED_AVAILABILITY = YES_AGGRESSIVE;
				CLANG_WARN_UNREACHABLE_CODE = YES;
				CLANG_WARN__DUPLICATE_METHOD_MATCH = YES;
				COPY_PHASE_STRIP = NO;
				DEBUG_INFORMATION_FORMAT = dwarf;
				ENABLE_STRICT_OBJC_MSGSEND = YES;
				ENABLE_TESTABILITY = YES;
				ENABLE_USER_SCRIPT_SANDBOXING = YES;
				GCC_C_LANGUAGE_STANDARD = gnu17;
				GCC_DYNAMIC_NO_PIC = NO;
				GCC_NO_COMMON_BLOCKS = YES;
				GCC_OPTIMIZATION_LEVEL = 0;
				GCC_PREPROCESSOR_DEFINITIONS = (
					"DEBUG=1",
					"$(inherited)",
				);
				GCC_WARN_64_TO_32_BIT_CONVERSION = YES;
				GCC_WARN_ABOUT_RETURN_TYPE = YES_ERROR;
				GCC_WARN_UNDECLARED_SELECTOR = YES;
				GCC_WARN_UNINITIALIZED_AUTOS = YES_AGGRESSIVE;
				GCC_WARN_UNUSED_FUNCTION = YES;
				GCC_WARN_UNUSED_VARIABLE = YES;
				LOCALIZATION_PREFERS_STRING_CATALOGS = YES;
				MTL_ENABLE_DEBUG_INFO = INCLUDE_SOURCE;
				MTL_FAST_MATH = YES;
				ONLY_ACTIVE_ARCH = YES;
				SWIFT_ACTIVE_COMPILATION_CONDITIONS = "DEBUG $(inherited)";
				SWIFT_OPTIMIZATION_LEVEL = "-Onone";
			};
			name = Debug;
		};
		AC080CFD2FAB2BB0006C24E5 /* Release */ = {
			isa = XCBuildConfiguration;
			buildSettings = {
				ALWAYS_SEARCH_USER_PATHS = NO;
				ASSETCATALOG_COMPILER_GENERATE_SWIFT_ASSET_SYMBOL_EXTENSIONS = YES;
				CLANG_ANALYZER_NONNULL = YES;
				CLANG_ANALYZER_NUMBER_OBJECT_CONVERSION = YES_AGGRESSIVE;
				CLANG_CXX_LANGUAGE_STANDARD = "gnu++20";
				CLANG_ENABLE_MODULES = YES;
				CLANG_ENABLE_OBJC_ARC = YES;
				CLANG_ENABLE_OBJC_WEAK = YES;
				CLANG_WARN_BLOCK_CAPTURE_AUTORELEASING = YES;
				CLANG_WARN_BOOL_CONVERSION = YES;
				CLANG_WARN_COMMA = YES;
				CLANG_WARN_CONSTANT_CONVERSION = YES;
				CLANG_WARN_DEPRECATED_OBJC_IMPLEMENTATIONS = YES;
				CLANG_WARN_DIRECT_OBJC_ISA_USAGE = YES_ERROR;
				CLANG_WARN_DOCUMENTATION_COMMENTS = YES;
				CLANG_WARN_EMPTY_BODY = YES;
				CLANG_WARN_ENUM_CONVERSION = YES;
				CLANG_WARN_INFINITE_RECURSION = YES;
				CLANG_WARN_INT_CONVERSION = YES;
				CLANG_WARN_NON_LITERAL_NULL_CONVERSION = YES;
				CLANG_WARN_OBJC_IMPLICIT_RETAIN_SELF = YES;
				CLANG_WARN_OBJC_LITERAL_CONVERSION = YES;
				CLANG_WARN_OBJC_ROOT_CLASS = YES_ERROR;
				CLANG_WARN_QUOTED_INCLUDE_IN_FRAMEWORK_HEADER = YES;
				CLANG_WARN_RANGE_LOOP_ANALYSIS = YES;
				CLANG_WARN_STRICT_PROTOTYPES = YES;
				CLANG_WARN_SUSPICIOUS_MOVE = YES;
				CLANG_WARN_UNGUARDED_AVAILABILITY = YES_AGGRESSIVE;
				CLANG_WARN_UNREACHABLE_CODE = YES;
				CLANG_WARN__DUPLICATE_METHOD_MATCH = YES;
				COPY_PHASE_STRIP = NO;
				DEBUG_INFORMATION_FORMAT = "dwarf-with-dsym";
				ENABLE_NS_ASSERTIONS = NO;
				ENABLE_STRICT_OBJC_MSGSEND = YES;
				ENABLE_USER_SCRIPT_SANDBOXING = YES;
				GCC_C_LANGUAGE_STANDARD = gnu17;
				GCC_NO_COMMON_BLOCKS = YES;
				GCC_WARN_64_TO_32_BIT_CONVERSION = YES;
				GCC_WARN_ABOUT_RETURN_TYPE = YES_ERROR;
				GCC_WARN_UNDECLARED_SELECTOR = YES;
				GCC_WARN_UNINITIALIZED_AUTOS = YES_AGGRESSIVE;
				GCC_WARN_UNUSED_FUNCTION = YES;
				GCC_WARN_UNUSED_VARIABLE = YES;
				LOCALIZATION_PREFERS_STRING_CATALOGS = YES;
				MTL_ENABLE_DEBUG_INFO = NO;
				MTL_FAST_MATH = YES;
				SWIFT_COMPILATION_MODE = wholemodule;
			};
			name = Release;
		};
		AC080CFF2FAB2BB0006C24E5 /* Debug */ = {
			isa = XCBuildConfiguration;
			buildSettings = {
				CODE_SIGN_STYLE = Automatic;
				CURRENT_PROJECT_VERSION = 1;
				GENERATE_INFOPLIST_FILE = YES;
				INFOPLIST_FILE = "iOS (Extension)/Info.plist";
				INFOPLIST_KEY_CFBundleDisplayName = "Chat with Webpage Extension";
				INFOPLIST_KEY_NSHumanReadableCopyright = "";
				IPHONEOS_DEPLOYMENT_TARGET = 15.0;
				LD_RUNPATH_SEARCH_PATHS = (
					"$(inherited)",
					"@executable_path/Frameworks",
					"@executable_path/../../Frameworks",
				);
				MARKETING_VERSION = 1.0;
				OTHER_LDFLAGS = (
					"-framework",
					SafariServices,
				);
				PRODUCT_BUNDLE_IDENTIFIER = com.elizaos.chatwithwebpage.Extension;
				PRODUCT_NAME = "Chat with Webpage Extension";
				SDKROOT = iphoneos;
				SKIP_INSTALL = YES;
				STRING_CATALOG_GENERATE_SYMBOLS = YES;
				SWIFT_APPROACHABLE_CONCURRENCY = YES;
				SWIFT_EMIT_LOC_STRINGS = YES;
				SWIFT_UPCOMING_FEATURE_MEMBER_IMPORT_VISIBILITY = YES;
				SWIFT_VERSION = 5.0;
				TARGETED_DEVICE_FAMILY = "1,2";
			};
			name = Debug;
		};
		AC080D002FAB2BB0006C24E5 /* Release */ = {
			isa = XCBuildConfiguration;
			buildSettings = {
				CODE_SIGN_STYLE = Automatic;
				CURRENT_PROJECT_VERSION = 1;
				GENERATE_INFOPLIST_FILE = YES;
				INFOPLIST_FILE = "iOS (Extension)/Info.plist";
				INFOPLIST_KEY_CFBundleDisplayName = "Chat with Webpage Extension";
				INFOPLIST_KEY_NSHumanReadableCopyright = "";
				IPHONEOS_DEPLOYMENT_TARGET = 15.0;
				LD_RUNPATH_SEARCH_PATHS = (
					"$(inherited)",
					"@executable_path/Frameworks",
					"@executable_path/../../Frameworks",
				);
				MARKETING_VERSION = 1.0;
				OTHER_LDFLAGS = (
					"-framework",
					SafariServices,
				);
				PRODUCT_BUNDLE_IDENTIFIER = com.elizaos.chatwithwebpage.Extension;
				PRODUCT_NAME = "Chat with Webpage Extension";
				SDKROOT = iphoneos;
				SKIP_INSTALL = YES;
				STRING_CATALOG_GENERATE_SYMBOLS = YES;
				SWIFT_APPROACHABLE_CONCURRENCY = YES;
				SWIFT_EMIT_LOC_STRINGS = YES;
				SWIFT_UPCOMING_FEATURE_MEMBER_IMPORT_VISIBILITY = YES;
				SWIFT_VERSION = 5.0;
				TARGETED_DEVICE_FAMILY = "1,2";
				VALIDATE_PRODUCT = YES;
			};
			name = Release;
		};
		AC080D032FAB2BB0006C24E5 /* Debug */ = {
			isa = XCBuildConfiguration;
			buildSettings = {
				ASSETCATALOG_COMPILER_APPICON_NAME = AppIcon;
				ASSETCATALOG_COMPILER_GLOBAL_ACCENT_COLOR_NAME = AccentColor;
				CODE_SIGN_STYLE = Automatic;
				CURRENT_PROJECT_VERSION = 1;
				GENERATE_INFOPLIST_FILE = YES;
				INFOPLIST_FILE = "iOS (App)/Info.plist";
				INFOPLIST_KEY_CFBundleDisplayName = "Chat with Webpage";
				INFOPLIST_KEY_UIApplicationSupportsIndirectInputEvents = YES;
				INFOPLIST_KEY_UILaunchStoryboardName = LaunchScreen;
				INFOPLIST_KEY_UIMainStoryboardFile = Main;
				INFOPLIST_KEY_UISupportedInterfaceOrientations = "UIInterfaceOrientationPortrait UIInterfaceOrientationLandscapeLeft UIInterfaceOrientationLandscapeRight";
				INFOPLIST_KEY_UISupportedInterfaceOrientations_iPad = "UIInterfaceOrientationPortrait UIInterfaceOrientationPortraitUpsideDown UIInterfaceOrientationLandscapeLeft UIInterfaceOrientationLandscapeRight";
				IPHONEOS_DEPLOYMENT_TARGET = 15.0;
				LD_RUNPATH_SEARCH_PATHS = (
					"$(inherited)",
					"@executable_path/Frameworks",
				);
				MARKETING_VERSION = 1.0;
				OTHER_LDFLAGS = (
					"-framework",
					SafariServices,
					"-framework",
					WebKit,
				);
				PRODUCT_BUNDLE_IDENTIFIER = com.elizaos.chatwithwebpage;
				PRODUCT_NAME = "Chat with Webpage";
				SDKROOT = iphoneos;
				STRING_CATALOG_GENERATE_SYMBOLS = YES;
				SWIFT_APPROACHABLE_CONCURRENCY = YES;
				SWIFT_DEFAULT_ACTOR_ISOLATION = MainActor;
				SWIFT_EMIT_LOC_STRINGS = YES;
				SWIFT_UPCOMING_FEATURE_MEMBER_IMPORT_VISIBILITY = YES;
				SWIFT_VERSION = 5.0;
				TARGETED_DEVICE_FAMILY = "1,2";
			};
			name = Debug;
		};
		AC080D042FAB2BB0006C24E5 /* Release */ = {
			isa = XCBuildConfiguration;
			buildSettings = {
				ASSETCATALOG_COMPILER_APPICON_NAME = AppIcon;
				ASSETCATALOG_COMPILER_GLOBAL_ACCENT_COLOR_NAME = AccentColor;
				CODE_SIGN_STYLE = Automatic;
				CURRENT_PROJECT_VERSION = 1;
				GENERATE_INFOPLIST_FILE = YES;
				INFOPLIST_FILE = "iOS (App)/Info.plist";
				INFOPLIST_KEY_CFBundleDisplayName = "Chat with Webpage";
				INFOPLIST_KEY_UIApplicationSupportsIndirectInputEvents = YES;
				INFOPLIST_KEY_UILaunchStoryboardName = LaunchScreen;
				INFOPLIST_KEY_UIMainStoryboardFile = Main;
				INFOPLIST_KEY_UISupportedInterfaceOrientations = "UIInterfaceOrientationPortrait UIInterfaceOrientationLandscapeLeft UIInterfaceOrientationLandscapeRight";
				INFOPLIST_KEY_UISupportedInterfaceOrientations_iPad = "UIInterfaceOrientationPortrait UIInterfaceOrientationPortraitUpsideDown UIInterfaceOrientationLandscapeLeft UIInterfaceOrientationLandscapeRight";
				IPHONEOS_DEPLOYMENT_TARGET = 15.0;
				LD_RUNPATH_SEARCH_PATHS = (
					"$(inherited)",
					"@executable_path/Frameworks",
				);
				MARKETING_VERSION = 1.0;
				OTHER_LDFLAGS = (
					"-framework",
					SafariServices,
					"-framework",
					WebKit,
				);
				PRODUCT_BUNDLE_IDENTIFIER = com.elizaos.chatwithwebpage;
				PRODUCT_NAME = "Chat with Webpage";
				SDKROOT = iphoneos;
				STRING_CATALOG_GENERATE_SYMBOLS = YES;
				SWIFT_APPROACHABLE_CONCURRENCY = YES;
				SWIFT_DEFAULT_ACTOR_ISOLATION = MainActor;
				SWIFT_EMIT_LOC_STRINGS = YES;
				SWIFT_UPCOMING_FEATURE_MEMBER_IMPORT_VISIBILITY = YES;
				SWIFT_VERSION = 5.0;
				TARGETED_DEVICE_FAMILY = "1,2";
				VALIDATE_PRODUCT = YES;
			};
			name = Release;
		};
		AC080D062FAB2BB0006C24E5 /* Debug */ = {
			isa = XCBuildConfiguration;
			buildSettings = {
				CODE_SIGN_STYLE = Automatic;
				CURRENT_PROJECT_VERSION = 1;
				ENABLE_APP_SANDBOX = YES;
				ENABLE_HARDENED_RUNTIME = YES;
				ENABLE_USER_SELECTED_FILES = readonly;
				GENERATE_INFOPLIST_FILE = YES;
				INFOPLIST_FILE = "macOS (Extension)/Info.plist";
				INFOPLIST_KEY_CFBundleDisplayName = "Chat with Webpage Extension";
				INFOPLIST_KEY_NSHumanReadableCopyright = "";
				LD_RUNPATH_SEARCH_PATHS = (
					"$(inherited)",
					"@executable_path/../Frameworks",
					"@executable_path/../../../../Frameworks",
				);
				MACOSX_DEPLOYMENT_TARGET = 10.14;
				MARKETING_VERSION = 1.0;
				OTHER_LDFLAGS = (
					"-framework",
					SafariServices,
				);
				PRODUCT_BUNDLE_IDENTIFIER = com.elizaos.chatwithwebpage.Extension;
				PRODUCT_NAME = "Chat with Webpage Extension";
				SDKROOT = macosx;
				SKIP_INSTALL = YES;
				STRING_CATALOG_GENERATE_SYMBOLS = YES;
				SWIFT_APPROACHABLE_CONCURRENCY = YES;
				SWIFT_EMIT_LOC_STRINGS = YES;
				SWIFT_UPCOMING_FEATURE_MEMBER_IMPORT_VISIBILITY = YES;
				SWIFT_VERSION = 5.0;
			};
			name = Debug;
		};
		AC080D072FAB2BB0006C24E5 /* Release */ = {
			isa = XCBuildConfiguration;
			buildSettings = {
				CODE_SIGN_STYLE = Automatic;
				CURRENT_PROJECT_VERSION = 1;
				ENABLE_APP_SANDBOX = YES;
				ENABLE_HARDENED_RUNTIME = YES;
				ENABLE_USER_SELECTED_FILES = readonly;
				GENERATE_INFOPLIST_FILE = YES;
				INFOPLIST_FILE = "macOS (Extension)/Info.plist";
				INFOPLIST_KEY_CFBundleDisplayName = "Chat with Webpage Extension";
				INFOPLIST_KEY_NSHumanReadableCopyright = "";
				LD_RUNPATH_SEARCH_PATHS = (
					"$(inherited)",
					"@executable_path/../Frameworks",
					"@executable_path/../../../../Frameworks",
				);
				MACOSX_DEPLOYMENT_TARGET = 10.14;
				MARKETING_VERSION = 1.0;
				OTHER_LDFLAGS = (
					"-framework",
					SafariServices,
				);
				PRODUCT_BUNDLE_IDENTIFIER = com.elizaos.chatwithwebpage.Extension;
				PRODUCT_NAME = "Chat with Webpage Extension";
				SDKROOT = macosx;
				SKIP_INSTALL = YES;
				STRING_CATALOG_GENERATE_SYMBOLS = YES;
				SWIFT_APPROACHABLE_CONCURRENCY = YES;
				SWIFT_EMIT_LOC_STRINGS = YES;
				SWIFT_UPCOMING_FEATURE_MEMBER_IMPORT_VISIBILITY = YES;
				SWIFT_VERSION = 5.0;
			};
			name = Release;
		};
		AC080D0A2FAB2BB0006C24E5 /* Debug */ = {
			isa = XCBuildConfiguration;
			buildSettings = {
				ASSETCATALOG_COMPILER_APPICON_NAME = AppIcon;
				ASSETCATALOG_COMPILER_GLOBAL_ACCENT_COLOR_NAME = AccentColor;
				CODE_SIGN_STYLE = Automatic;
				CURRENT_PROJECT_VERSION = 1;
				ENABLE_APP_SANDBOX = YES;
				ENABLE_HARDENED_RUNTIME = YES;
				ENABLE_OUTGOING_NETWORK_CONNECTIONS = YES;
				ENABLE_USER_SELECTED_FILES = readonly;
				GENERATE_INFOPLIST_FILE = YES;
				INFOPLIST_FILE = "macOS (App)/Info.plist";
				INFOPLIST_KEY_CFBundleDisplayName = "Chat with Webpage";
				INFOPLIST_KEY_NSMainStoryboardFile = Main;
				INFOPLIST_KEY_NSPrincipalClass = NSApplication;
				LD_RUNPATH_SEARCH_PATHS = (
					"$(inherited)",
					"@executable_path/../Frameworks",
				);
				MACOSX_DEPLOYMENT_TARGET = 10.14;
				MARKETING_VERSION = 1.0;
				OTHER_LDFLAGS = (
					"-framework",
					SafariServices,
					"-framework",
					WebKit,
				);
				PRODUCT_BUNDLE_IDENTIFIER = com.elizaos.chatwithwebpage;
				PRODUCT_NAME = "Chat with Webpage";
				REGISTER_APP_GROUPS = YES;
				SDKROOT = macosx;
				STRING_CATALOG_GENERATE_SYMBOLS = YES;
				SWIFT_APPROACHABLE_CONCURRENCY = YES;
				SWIFT_DEFAULT_ACTOR_ISOLATION = MainActor;
				SWIFT_EMIT_LOC_STRINGS = YES;
				SWIFT_UPCOMING_FEATURE_MEMBER_IMPORT_VISIBILITY = YES;
				SWIFT_VERSION = 5.0;
			};
			name = Debug;
		};
		AC080D0B2FAB2BB0006C24E5 /* Release */ = {
			isa = XCBuildConfiguration;
			buildSettings = {
				ASSETCATALOG_COMPILER_APPICON_NAME = AppIcon;
				ASSETCATALOG_COMPILER_GLOBAL_ACCENT_COLOR_NAME = AccentColor;
				CODE_SIGN_STYLE = Automatic;
				CURRENT_PROJECT_VERSION = 1;
				ENABLE_APP_SANDBOX = YES;
				ENABLE_HARDENED_RUNTIME = YES;
				ENABLE_OUTGOING_NETWORK_CONNECTIONS = YES;
				ENABLE_USER_SELECTED_FILES = readonly;
				GENERATE_INFOPLIST_FILE = YES;
				INFOPLIST_FILE = "macOS (App)/Info.plist";
				INFOPLIST_KEY_CFBundleDisplayName = "Chat with Webpage";
				INFOPLIST_KEY_NSMainStoryboardFile = Main;
				INFOPLIST_KEY_NSPrincipalClass = NSApplication;
				LD_RUNPATH_SEARCH_PATHS = (
					"$(inherited)",
					"@executable_path/../Frameworks",
				);
				MACOSX_DEPLOYMENT_TARGET = 10.14;
				MARKETING_VERSION = 1.0;
				OTHER_LDFLAGS = (
					"-framework",
					SafariServices,
					"-framework",
					WebKit,
				);
				PRODUCT_BUNDLE_IDENTIFIER = com.elizaos.chatwithwebpage;
				PRODUCT_NAME = "Chat with Webpage";
				REGISTER_APP_GROUPS = YES;
				SDKROOT = macosx;
				STRING_CATALOG_GENERATE_SYMBOLS = YES;
				SWIFT_APPROACHABLE_CONCURRENCY = YES;
				SWIFT_DEFAULT_ACTOR_ISOLATION = MainActor;
				SWIFT_EMIT_LOC_STRINGS = YES;
				SWIFT_UPCOMING_FEATURE_MEMBER_IMPORT_VISIBILITY = YES;
				SWIFT_VERSION = 5.0;
			};
			name = Release;
		};
/* End XCBuildConfiguration section */

/* Begin XCConfigurationList section */
		AC080CB02FAB2BAB006C24E5 /* Build configuration list for PBXProject "Chat with Webpage" */ = {
			isa = XCConfigurationList;
			buildConfigurations = (
				AC080CFC2FAB2BB0006C24E5 /* Debug */,
				AC080CFD2FAB2BB0006C24E5 /* Release */,
			);
			defaultConfigurationIsVisible = 0;
			defaultConfigurationName = Release;
		};
		AC080CFE2FAB2BB0006C24E5 /* Build configuration list for PBXNativeTarget "Chat with Webpage Extension (iOS)" */ = {
			isa = XCConfigurationList;
			buildConfigurations = (
				AC080CFF2FAB2BB0006C24E5 /* Debug */,
				AC080D002FAB2BB0006C24E5 /* Release */,
			);
			defaultConfigurationIsVisible = 0;
			defaultConfigurationName = Release;
		};
		AC080D022FAB2BB0006C24E5 /* Build configuration list for PBXNativeTarget "Chat with Webpage (iOS)" */ = {
			isa = XCConfigurationList;
			buildConfigurations = (
				AC080D032FAB2BB0006C24E5 /* Debug */,
				AC080D042FAB2BB0006C24E5 /* Release */,
			);
			defaultConfigurationIsVisible = 0;
			defaultConfigurationName = Release;
		};
		AC080D052FAB2BB0006C24E5 /* Build configuration list for PBXNativeTarget "Chat with Webpage Extension (macOS)" */ = {
			isa = XCConfigurationList;
			buildConfigurations = (
				AC080D062FAB2BB0006C24E5 /* Debug */,
				AC080D072FAB2BB0006C24E5 /* Release */,
			);
			defaultConfigurationIsVisible = 0;
			defaultConfigurationName = Release;
		};
		AC080D092FAB2BB0006C24E5 /* Build configuration list for PBXNativeTarget "Chat with Webpage (macOS)" */ = {
			isa = XCConfigurationList;
			buildConfigurations = (
				AC080D0A2FAB2BB0006C24E5 /* Debug */,
				AC080D0B2FAB2BB0006C24E5 /* Release */,
			);
			defaultConfigurationIsVisible = 0;
			defaultConfigurationName = Release;
		};
/* End XCConfigurationList section */
	};
	rootObject = AC080CAD2FAB2BAB006C24E5 /* Project object */;
}
